<?xml version="1.0" encoding="utf-8"?>
<Project ToolsVersion="4.0" xmlns="http://schemas.microsoft.com/developer/msbuild/2003">
  <ItemGroup>
    <Filter Include="Source Files">
      <UniqueIdentifier>{4FC737F1-C7A5-4376-A066-2A32D752A2FF}</UniqueIdentifier>
      <Extensions>cpp;c;cc;cxx;def;odl;idl;hpj;bat;asm;asmx</Extensions>
    </Filter>
    <Filter Include="Header Files">
      <UniqueIdentifier>{93995380-89BD-4b04-88EB-625FBE52EBFB}</UniqueIdentifier>
      <Extensions>h;hh;hpp;hxx;hm;inl;inc;xsd</Extensions>
    </Filter>
    <Filter Include="Resource Files">
      <UniqueIdentifier>{D9D6E242-F8AF-46E4-B9FD-80ECBC20BA3E}</UniqueIdentifier>
      <Extensions>qrc;*</Extensions>
      <ParseFiles>false</ParseFiles>
    </Filter>
    <Filter Include="Form Files">
      <UniqueIdentifier>{99349809-55BA-4b9d-BF79-8FDBB0286EB3}</UniqueIdentifier>
      <Extensions>ui</Extensions>
    </Filter>
    <Filter Include="Resource Files">
      <UniqueIdentifier>{D9D6E242-F8AF-46E4-B9FD-80ECBC20BA3E}</UniqueIdentifier>
      <Extensions>qrc;*</Extensions>
      <ParseFiles>false</ParseFiles>
    </Filter>
    <Filter Include="ForgLib">
      <UniqueIdentifier>{82135406-310e-49db-bbc0-943090b10116}</UniqueIdentifier>
    </Filter>
    <Filter Include="ForgLib\Visual">
      <UniqueIdentifier>{28c8f1d3-0340-4183-9785-c499cbfdb6fc}</UniqueIdentifier>
    </Filter>
    <Filter Include="ForgLib\Visual\Global">
      <UniqueIdentifier>{9d048c45-f835-474c-95cd-b4825c452327}</UniqueIdentifier>
    </Filter>
    <Filter Include="ForgLib\Visual\Plot">
      <UniqueIdentifier>{84866419-0bcb-4778-a9f3-a0109eb53f48}</UniqueIdentifier>
    </Filter>
    <Filter Include="ForgLib\Visual\Scene">
      <UniqueIdentifier>{bf52bd17-ff64-4878-aea3-06421cadc4eb}</UniqueIdentifier>
    </Filter>
    <Filter Include="ForgLib\Visual\Plot\2D">
      <UniqueIdentifier>{05e8f0dd-d7c8-44ca-a3c9-b21f972bef7f}</UniqueIdentifier>
    </Filter>
    <Filter Include="ForgLib\Visual\Plot\3D">
      <UniqueIdentifier>{1ce1f2ad-a406-4b36-a98e-b40ae2052e29}</UniqueIdentifier>
    </Filter>
    <Filter Include="ForgLib\Visual\Scene\2D">
      <UniqueIdentifier>{0a670151-bc19-47bf-ae12-02ff6b2e68c2}</UniqueIdentifier>
    </Filter>
    <Filter Include="ForgLib\Visual\Scene\3D">
      <UniqueIdentifier>{14460e5f-0c40-4dda-a910-7a915e5b8ec8}</UniqueIdentifier>
    </Filter>
    <Filter Include="ForgLib\Visual\Scene\Tools">
      <UniqueIdentifier>{c5fff3f5-9ced-408e-9d4f-4932ec94856e}</UniqueIdentifier>
    </Filter>
    <Filter Include="ForgLib\Visual\Scene\2D\Tools">
      <UniqueIdentifier>{1e3ce1ca-b19c-4f28-87d9-869b26a8290a}</UniqueIdentifier>
    </Filter>
    <Filter Include="ForgLib\Visual\Scene\2D\Tools\InteractorStyle">
      <UniqueIdentifier>{8a8fad95-8a09-451f-9e7b-4f3fa41bbd7d}</UniqueIdentifier>
    </Filter>
    <Filter Include="ForgLib\Visual\Scene\3D\Tools">
      <UniqueIdentifier>{a2cfebd6-5175-4864-949e-1f275c12463f}</UniqueIdentifier>
    </Filter>
    <Filter Include="ForgLib\Visual\Scene\3D\Tools\InteractorStyle">
      <UniqueIdentifier>{386d3d5c-4c78-4624-8714-271b704c3f04}</UniqueIdentifier>
    </Filter>
    <Filter Include="ForgLib\Visual\Scene\3D\TreeItem">
      <UniqueIdentifier>{14f53153-3091-4090-93fa-da80847988f0}</UniqueIdentifier>
    </Filter>
    <Filter Include="ForgLib\Visual\Scene\2D\TreeItem">
      <UniqueIdentifier>{953cccae-88b1-4fc5-8826-b231a5b5a196}</UniqueIdentifier>
    </Filter>
  </ItemGroup>
  <ItemGroup>
    <ClCompile Include="main.cpp">
      <Filter>Source Files</Filter>
    </ClCompile>
    <ClCompile Include="ForgLib\Visual\Scene\3D\Tools\InteractorStyle\FrgVisual_Scene_InterStyle3D.cxx">
      <Filter>ForgLib\Visual\Scene\3D\Tools\InteractorStyle</Filter>
    </ClCompile>
    <ClCompile Include="ForgLib\Visual\Scene\3D\FrgVisual_Scene3D.cxx">
      <Filter>ForgLib\Visual\Scene\3D</Filter>
    </ClCompile>
  </ItemGroup>
  <ItemGroup>
    <QtRcc Include="ForgVisual.qrc">
      <Filter>Resource Files</Filter>
    </QtRcc>
  </ItemGroup>
  <ItemGroup>
    <ClInclude Include="ForgLib\Visual\Global\FrgVisual_Global.hxx">
      <Filter>ForgLib\Visual\Global</Filter>
    </ClInclude>
    <ClInclude Include="ForgLib\Visual\Global\FrgVisual_Global_Build.hxx">
      <Filter>ForgLib\Visual\Global</Filter>
    </ClInclude>
    <ClInclude Include="ForgLib\Visual\Plot\2D\FrgVisual_Plot2D.hxx">
      <Filter>ForgLib\Visual\Plot\2D</Filter>
    </ClInclude>
    <ClInclude Include="ForgLib\Visual\Plot\3D\FrgVisual_Plot3D.hxx">
      <Filter>ForgLib\Visual\Plot\3D</Filter>
    </ClInclude>
    <ClInclude Include="ForgLib\Visual\Scene\2D\FrgVisual_Scene2D.hxx">
      <Filter>ForgLib\Visual\Scene\2D</Filter>
    </ClInclude>
    <ClInclude Include="ForgLib\Visual\Scene\2D\Tools\InteractorStyle\FrgVisual_Scene_InterStyle2D.hxx">
      <Filter>ForgLib\Visual\Scene\2D\Tools\InteractorStyle</Filter>
    </ClInclude>
    <ClInclude Include="ForgLib\Visual\Scene\3D\Tools\InteractorStyle\FrgVisual_Scene_InterStyle3D.hxx">
      <Filter>ForgLib\Visual\Scene\3D\Tools\InteractorStyle</Filter>
    </ClInclude>
    <ClInclude Include="ForgLib\Visual\Scene\FrgVisual_Scene.hxx">
      <Filter>ForgLib\Visual\Scene</Filter>
    </ClInclude>
    <ClInclude Include="ForgLib\Visual\Scene\3D\TreeItem\FrgVisual_Scene3DTItem.hxx">
      <Filter>ForgLib\Visual\Scene\3D\TreeItem</Filter>
    </ClInclude>
    <ClInclude Include="ForgLib\Visual\Scene\2D\TreeItem\FrgVisual_Scene2DTItem.hxx">
      <Filter>ForgLib\Visual\Scene\2D\TreeItem</Filter>
    </ClInclude>
    <ClInclude Include="ForgLib\Visual\Scene\3D\FrgVisual_Scene3D.hxx">
      <Filter>ForgLib\Visual\Scene\3D</Filter>
    </ClInclude>
  </ItemGroup>
</Project>