<?xml version="1.0" encoding="utf-8"?>
<Project ToolsVersion="4.0" xmlns="http://schemas.microsoft.com/developer/msbuild/2003">
  <ItemGroup>
    <Filter Include="Source Files">
      <UniqueIdentifier>{4FC737F1-C7A5-4376-A066-2A32D752A2FF}</UniqueIdentifier>
      <Extensions>cpp;c;cc;cxx;def;odl;idl;hpj;bat;asm;asmx</Extensions>
    </Filter>
    <Filter Include="Header Files">
      <UniqueIdentifier>{93995380-89BD-4b04-88EB-625FBE52EBFB}</UniqueIdentifier>
      <Extensions>h;hh;hpp;hxx;hm;inl;inc;xsd</Extensions>
    </Filter>
    <Filter Include="Resource Files">
      <UniqueIdentifier>{D9D6E242-F8AF-46E4-B9FD-80ECBC20BA3E}</UniqueIdentifier>
      <Extensions>qrc;*</Extensions>
      <ParseFiles>false</ParseFiles>
    </Filter>
    <Filter Include="Form Files">
      <UniqueIdentifier>{99349809-55BA-4b9d-BF79-8FDBB0286EB3}</UniqueIdentifier>
      <Extensions>ui</Extensions>
    </Filter>
    <Filter Include="Resource Files">
      <UniqueIdentifier>{D9D6E242-F8AF-46E4-B9FD-80ECBC20BA3E}</UniqueIdentifier>
      <Extensions>qrc;*</Extensions>
      <ParseFiles>false</ParseFiles>
    </Filter>
    <Filter Include="ForgLib">
      <UniqueIdentifier>{82135406-310e-49db-bbc0-943090b10116}</UniqueIdentifier>
    </Filter>
    <Filter Include="ForgLib\Visual">
      <UniqueIdentifier>{28c8f1d3-0340-4183-9785-c499cbfdb6fc}</UniqueIdentifier>
    </Filter>
    <Filter Include="ForgLib\Visual\Global">
      <UniqueIdentifier>{9d048c45-f835-474c-95cd-b4825c452327}</UniqueIdentifier>
    </Filter>
    <Filter Include="ForgLib\Visual\Plot">
      <UniqueIdentifier>{84866419-0bcb-4778-a9f3-a0109eb53f48}</UniqueIdentifier>
    </Filter>
    <Filter Include="ForgLib\Visual\Scene">
      <UniqueIdentifier>{bf52bd17-ff64-4878-aea3-06421cadc4eb}</UniqueIdentifier>
    </Filter>
    <Filter Include="ForgLib\Visual\Plot\2D">
      <UniqueIdentifier>{05e8f0dd-d7c8-44ca-a3c9-b21f972bef7f}</UniqueIdentifier>
    </Filter>
    <Filter Include="ForgLib\Visual\Plot\3D">
      <UniqueIdentifier>{1ce1f2ad-a406-4b36-a98e-b40ae2052e29}</UniqueIdentifier>
    </Filter>
    <Filter Include="ForgLib\Visual\Scene\2D">
      <UniqueIdentifier>{0a670151-bc19-47bf-ae12-02ff6b2e68c2}</UniqueIdentifier>
    </Filter>
    <Filter Include="ForgLib\Visual\Scene\3D">
      <UniqueIdentifier>{14460e5f-0c40-4dda-a910-7a915e5b8ec8}</UniqueIdentifier>
    </Filter>
    <Filter Include="ForgLib\Visual\Scene\Tools">
      <UniqueIdentifier>{c5fff3f5-9ced-408e-9d4f-4932ec94856e}</UniqueIdentifier>
    </Filter>
    <Filter Include="ForgLib\Visual\Scene\2D\Tools">
      <UniqueIdentifier>{1e3ce1ca-b19c-4f28-87d9-869b26a8290a}</UniqueIdentifier>
    </Filter>
    <Filter Include="ForgLib\Visual\Scene\2D\Tools\InteractorStyle">
      <UniqueIdentifier>{8a8fad95-8a09-451f-9e7b-4f3fa41bbd7d}</UniqueIdentifier>
    </Filter>
    <Filter Include="ForgLib\Visual\Scene\3D\Tools">
      <UniqueIdentifier>{a2cfebd6-5175-4864-949e-1f275c12463f}</UniqueIdentifier>
    </Filter>
    <Filter Include="ForgLib\Visual\Scene\3D\Tools\InteractorStyle">
      <UniqueIdentifier>{386d3d5c-4c78-4624-8714-271b704c3f04}</UniqueIdentifier>
    </Filter>
    <Filter Include="ForgLib\Visual\Scene\3D\TreeItem">
      <UniqueIdentifier>{14f53153-3091-4090-93fa-da80847988f0}</UniqueIdentifier>
    </Filter>
    <Filter Include="ForgLib\Visual\Scene\2D\TreeItem">
      <UniqueIdentifier>{953cccae-88b1-4fc5-8826-b231a5b5a196}</UniqueIdentifier>
    </Filter>
    <Filter Include="ForgLib\Visual\Scene\TreeItem">
      <UniqueIdentifier>{743c753e-f837-4fd1-8ad6-f7d5f2a38d54}</UniqueIdentifier>
    </Filter>
    <Filter Include="ForgLib\Visual\Plot\TreeItem">
      <UniqueIdentifier>{67c68ff5-6545-48e7-b71e-aae73af521d5}</UniqueIdentifier>
    </Filter>
    <Filter Include="ForgLib\Visual\Plot\2D\TreeItem">
      <UniqueIdentifier>{a85c23bd-1602-46c3-9857-d2ab5db2f4ef}</UniqueIdentifier>
    </Filter>
    <Filter Include="ForgLib\Visual\Plot\2D\Tools">
      <UniqueIdentifier>{2ab7e769-89b3-4099-b0df-41bb17ef99cc}</UniqueIdentifier>
    </Filter>
    <Filter Include="ForgLib\Visual\Plot\2D\Tools\Legend">
      <UniqueIdentifier>{0306ea98-e3d7-4e4a-9068-9d92eb06a090}</UniqueIdentifier>
    </Filter>
    <Filter Include="ForgLib\Visual\Plot\2D\Tools\Data Series">
      <UniqueIdentifier>{343003fa-9533-43e9-8128-6a6fb65112a3}</UniqueIdentifier>
    </Filter>
    <Filter Include="ForgLib\Visual\Plot\2D\Tools\Data Series\Line Style">
      <UniqueIdentifier>{fb7ebee0-b897-4d9e-91fb-c3b1b32baf6a}</UniqueIdentifier>
    </Filter>
    <Filter Include="ForgLib\Visual\Plot\2D\Tools\Data Series\Symbol Style">
      <UniqueIdentifier>{089e057d-214a-4acb-9884-9a4d18998c28}</UniqueIdentifier>
    </Filter>
    <Filter Include="ForgLib\Visual\Plot\2D\Tools\Axes">
      <UniqueIdentifier>{9d748851-47cc-4c05-92bd-d6c932c0edac}</UniqueIdentifier>
    </Filter>
    <Filter Include="ForgLib\Visual\Plot\2D\Tools\Axes\Bottom Axis">
      <UniqueIdentifier>{f712a6ec-252e-4056-b462-a048bb3121af}</UniqueIdentifier>
    </Filter>
    <Filter Include="ForgLib\Visual\Plot\2D\Tools\Axes\Left Axis">
      <UniqueIdentifier>{85125e74-9e30-43e0-a9ca-8d09b1fbc595}</UniqueIdentifier>
    </Filter>
    <Filter Include="ForgLib\Visual\Plot\2D\Tools\Axes\Entity">
      <UniqueIdentifier>{8f96d74d-84bd-4f03-bab8-8f9c99c43b75}</UniqueIdentifier>
    </Filter>
    <Filter Include="ForgLib\Visual\Plot\2D\Tools\Axes\Entity\Title">
      <UniqueIdentifier>{88b156f2-e556-4eb5-bd17-d77133c10dee}</UniqueIdentifier>
    </Filter>
    <Filter Include="ForgLib\Visual\Plot\2D\Tools\ChartXY">
      <UniqueIdentifier>{3b9bbcbb-589d-467b-a42c-f5b224177a5d}</UniqueIdentifier>
    </Filter>
    <Filter Include="ForgLib\Visual\Scene\3D\Tools\CameraManipGUIHelper">
      <UniqueIdentifier>{0e1722cb-da12-4e3d-a190-0906584a7542}</UniqueIdentifier>
    </Filter>
    <Filter Include="ForgLib\Visual\Scene\3D\Tools\CameraManip">
      <UniqueIdentifier>{6309bc3d-c929-4538-8cb3-167600535840}</UniqueIdentifier>
    </Filter>
    <Filter Include="ForgLib\Visual\Scene\3D\Tools\Actors">
      <UniqueIdentifier>{aaa2dfb4-ecd7-4f56-b11b-5715b0ee32c5}</UniqueIdentifier>
    </Filter>
    <Filter Include="ForgLib\Visual\Serialization">
      <UniqueIdentifier>{51190512-6f66-439c-80ee-1769f2577019}</UniqueIdentifier>
    </Filter>
    <Filter Include="ForgLib\Visual\Serialization\Global">
      <UniqueIdentifier>{efa56784-2e4c-4018-abaf-aaf8808ad217}</UniqueIdentifier>
    </Filter>
    <Filter Include="ForgLib\Visual\Serialization\Specialization">
      <UniqueIdentifier>{aa7c3eed-5938-4ff5-8454-576ee89f0d93}</UniqueIdentifier>
    </Filter>
    <Filter Include="ForgLib\Visual\Serialization\Specialization\vtkChartXY">
      <UniqueIdentifier>{a383887e-20aa-4196-8e04-c58b087169bc}</UniqueIdentifier>
    </Filter>
    <Filter Include="ForgLib\Visual\Serialization\Specialization\vtkContextView">
      <UniqueIdentifier>{6c49a214-35cf-48bf-9d56-d8387f16890d}</UniqueIdentifier>
    </Filter>
    <Filter Include="ForgLib\Visual\Serialization\Specialization\vtkGenericOpenGLRenderWindow">
      <UniqueIdentifier>{7e8aeec7-3604-42a5-99b2-6dab0eb960df}</UniqueIdentifier>
    </Filter>
    <Filter Include="ForgLib\Visual\Serialization\Specialization\vtkTable">
      <UniqueIdentifier>{181e5315-bcf6-4cb9-80db-e254e90f0f1d}</UniqueIdentifier>
    </Filter>
    <Filter Include="ForgLib\Visual\Serialization\Specialization\vtkActor">
      <UniqueIdentifier>{47480f2d-dc22-4e41-9366-3c40e3c83c48}</UniqueIdentifier>
    </Filter>
    <Filter Include="ForgLib\Visual\Scene\Tools\Actors">
      <UniqueIdentifier>{8cb396cc-58f6-425a-a609-e3b6be07ed6b}</UniqueIdentifier>
    </Filter>
    <Filter Include="ForgLib\Visual\Scene\Tools\Actors\Base">
      <UniqueIdentifier>{761ce9c6-13ca-4490-8979-c4f7e6704061}</UniqueIdentifier>
    </Filter>
    <Filter Include="ForgLib\Visual\Scene\Tools\Actors\Curve">
      <UniqueIdentifier>{d4b0400a-a292-45cb-8353-9e37c75610b3}</UniqueIdentifier>
    </Filter>
    <Filter Include="ForgLib\Visual\Scene\Tools\Actors\Surface">
      <UniqueIdentifier>{d8536b3c-2d54-493b-a336-2041817f8fba}</UniqueIdentifier>
    </Filter>
    <Filter Include="ForgLib\Visual\Scene\Tools\Actors\Mesh">
      <UniqueIdentifier>{e57edc41-532a-4c20-9b4e-369a5da76166}</UniqueIdentifier>
    </Filter>
    <Filter Include="ForgLib\Visual\Scene\Tools\Actors\Point">
      <UniqueIdentifier>{4a89dd08-db22-494a-899d-d4cd812ae8a6}</UniqueIdentifier>
    </Filter>
    <Filter Include="ForgLib\Visual\Scene\Tools\Actors\Solid">
      <UniqueIdentifier>{4b2e54af-46e8-472a-98ed-6a15ac6c3379}</UniqueIdentifier>
    </Filter>
    <Filter Include="ForgLib\Visual\Scene\Tools\Actors\Solid\Conic">
      <UniqueIdentifier>{a5b3008f-03a5-470c-b358-603abcbd7eba}</UniqueIdentifier>
    </Filter>
    <Filter Include="ForgLib\Visual\Scene\3D\Tools\Actors\Solid">
      <UniqueIdentifier>{3b634cc2-cba5-426a-8d83-1d14036ae3a7}</UniqueIdentifier>
    </Filter>
    <Filter Include="ForgLib\Visual\Scene\3D\Tools\Actors\Solid\Conic">
      <UniqueIdentifier>{317f7c27-c0a3-4ff4-8a91-5d94feb4e193}</UniqueIdentifier>
    </Filter>
    <Filter Include="ForgLib\Visual\Scene\3D\Tools\Actors\Solid\Conic\Box">
      <UniqueIdentifier>{7dfee12f-7c00-4f22-bd29-08a7e00743cb}</UniqueIdentifier>
    </Filter>
    <Filter Include="ForgLib\Visual\Scene\Tools\InteractorStyle">
      <UniqueIdentifier>{847a8988-02cc-49cf-829c-b03b08d74452}</UniqueIdentifier>
    </Filter>
    <Filter Include="ForgLib\Visual\Scene\2D\Tools\Actors">
      <UniqueIdentifier>{b1495a21-dd16-4ee9-8be4-a91b849daffe}</UniqueIdentifier>
    </Filter>
    <Filter Include="ForgLib\Visual\Scene\2D\Tools\Actors\Solid">
      <UniqueIdentifier>{0f845253-593a-4a6f-9968-c8dac73c3e82}</UniqueIdentifier>
    </Filter>
    <Filter Include="ForgLib\Visual\Scene\2D\Tools\Actors\Solid\Conic">
      <UniqueIdentifier>{e96618c0-0998-465e-938c-77e3eebd7f47}</UniqueIdentifier>
    </Filter>
    <Filter Include="ForgLib\Visual\Scene\2D\Tools\Actors\Solid\Conic\Rectangle">
      <UniqueIdentifier>{dab50c6a-3bd0-44ef-b0fa-79636a24aad8}</UniqueIdentifier>
    </Filter>
    <Filter Include="ForgLib\Visual\Scene\2D\Tools\Actors\Grid">
      <UniqueIdentifier>{1fb02c42-e2d0-4b3b-a146-246cc18334bb}</UniqueIdentifier>
    </Filter>
    <Filter Include="ForgLib\Visual\Scene\TreeItem\Attributes">
      <UniqueIdentifier>{9dfdd527-f9cc-4cd1-a48c-6c212e70c8aa}</UniqueIdentifier>
    </Filter>
    <Filter Include="ForgLib\Visual\Scene\TreeItem\Attributes\Background Color">
      <UniqueIdentifier>{b35eb4ee-e2eb-4893-8233-44c7969fc6e5}</UniqueIdentifier>
    </Filter>
    <Filter Include="ForgLib\Visual\Scene\TreeItem\Attributes\Background Color\Gradient">
      <UniqueIdentifier>{ab748cde-2117-4463-8a5a-682d03cff4da}</UniqueIdentifier>
    </Filter>
    <Filter Include="ForgLib\Visual\Scene\TreeItem\Attributes\Background Color\Solid">
      <UniqueIdentifier>{22ab0242-02d2-4832-b9f3-dab917cf9c8b}</UniqueIdentifier>
    </Filter>
    <Filter Include="ForgLib\Visual\Scene\TreeItem\Attributes\Axes">
      <UniqueIdentifier>{cd5a7c9b-d2d8-40c4-b71a-b82992f531a5}</UniqueIdentifier>
    </Filter>
    <Filter Include="ForgLib\Visual\Scene\Tools\Actors\Base\Entity">
      <UniqueIdentifier>{8e0e1b46-a9e7-4a25-8234-4b5284215ccf}</UniqueIdentifier>
    </Filter>
    <Filter Include="ForgLib\Visual\Scene\Tools\Actors\Point\CtrlPoint">
      <UniqueIdentifier>{4dbe0129-2b1c-4db0-911a-5ca12fc3c336}</UniqueIdentifier>
    </Filter>
    <Filter Include="ForgLib\Visual\Scene\Tools\Actors\Curve\Line">
      <UniqueIdentifier>{6b13c2c9-2142-4bde-aefd-ac83f5abc7f8}</UniqueIdentifier>
    </Filter>
    <Filter Include="ForgLib\Visual\Scene\Tools\Actors\Curve\Polyline">
      <UniqueIdentifier>{42537a7a-7eb8-4047-b5aa-3740bf1bdf3c}</UniqueIdentifier>
    </Filter>
    <Filter Include="ForgLib\Visual\Scene\Tools\Actors\Curve\Polyline\BSPLine">
      <UniqueIdentifier>{800a8e36-99c8-4e9e-abb7-f26130164568}</UniqueIdentifier>
    </Filter>
    <Filter Include="ForgLib\Visual\Scene\Tools\Contours">
      <UniqueIdentifier>{36e5b10f-9f13-4f0a-870f-9f28d5241480}</UniqueIdentifier>
    </Filter>
    <Filter Include="ForgLib\Visual\Scene\Tools\Contours\LookupTables">
      <UniqueIdentifier>{76575636-8d46-428f-ae68-ce33b7b22b84}</UniqueIdentifier>
    </Filter>
    <Filter Include="ForgLib\Visual\Scene\Tools\Contours\LookupTables\Rainbow">
      <UniqueIdentifier>{4fb4a30a-3dd0-418d-8664-0d1a4b751cda}</UniqueIdentifier>
    </Filter>
    <Filter Include="ForgLib\Visual\Scene\Tools\Contours\LookupTables\InverseRainbow">
      <UniqueIdentifier>{55b6695e-465d-43cb-b381-e7f6ed879f18}</UniqueIdentifier>
    </Filter>
    <Filter Include="ForgLib\Visual\Scene\Tools\Contours\LookupTables\BlackAndWhite">
      <UniqueIdentifier>{bfc677c7-1b52-4bbd-b539-42c39348f9a3}</UniqueIdentifier>
    </Filter>
    <Filter Include="ForgLib\Visual\Scene\Tools\Actors\Text">
      <UniqueIdentifier>{b90f6d75-1f6a-4231-bc47-26ee1e8a44b5}</UniqueIdentifier>
    </Filter>
    <Filter Include="ForgLib\Visual\Plot\2D\Tools\ChartXY\BoundingBox">
      <UniqueIdentifier>{a315b5de-2c03-4f62-9913-1ada48fce809}</UniqueIdentifier>
    </Filter>
    <Filter Include="ForgLib\Visual\Scene\2D\Tools\Actors\Solid\Conic\Circle">
      <UniqueIdentifier>{4a802b91-8657-475d-8c70-05c4a862215f}</UniqueIdentifier>
    </Filter>
    <Filter Include="ForgLib\Visual\Scene\Tools\Actors\Point\PickingPoint">
      <UniqueIdentifier>{23a9acd7-757c-4783-ade8-e507429eff99}</UniqueIdentifier>
    </Filter>
    <Filter Include="ForgLib\Visual\Scene\Tools\Registry">
      <UniqueIdentifier>{959b1680-3d32-42d8-b227-e0178183152c}</UniqueIdentifier>
    </Filter>
    <Filter Include="ForgLib\Visual\Scene\Tools\Actors\Surface\Plane">
      <UniqueIdentifier>{b23f314e-3102-4c06-b5d9-a42bedb85a47}</UniqueIdentifier>
    </Filter>
    <Filter Include="ForgLib\Visual\Scene\3D\Tools\Actors\Solid\Conic\Cylinder">
      <UniqueIdentifier>{ed6e65d6-fdf9-494f-b3de-fa9bd1337e88}</UniqueIdentifier>
    </Filter>
    <Filter Include="ForgLib\Visual\Tools">
      <UniqueIdentifier>{42921b6a-5b71-4bd7-8643-7120bfae5d9a}</UniqueIdentifier>
    </Filter>
    <Filter Include="ForgLib\Visual\Scene\Tools\Actors\Mesh\Polyhedral">
      <UniqueIdentifier>{764cadd9-cc85-4ba6-b42a-4106a8647985}</UniqueIdentifier>
    </Filter>
    <Filter Include="ForgLib\Visual\Scene\Tools\Contours\LookupTables\LookUpTable">
      <UniqueIdentifier>{55363da1-5ded-46a0-9fd7-d40a8a8be570}</UniqueIdentifier>
    </Filter>
    <Filter Include="ForgLib\Visual\Scene\Tools\Ruler">
      <UniqueIdentifier>{e9f90914-62cb-4855-8fd9-9ecd4408f9a6}</UniqueIdentifier>
    </Filter>
    <Filter Include="ForgLib\Visual\Scene\3D\Tools\Actors\Solid\Conic\Sphere">
      <UniqueIdentifier>{d2dd4b34-0690-4142-b96a-f56fb223a2b7}</UniqueIdentifier>
    </Filter>
    <Filter Include="ForgLib\Visual\Scene\Tools\Actors\Shape">
      <UniqueIdentifier>{446129e5-3160-494d-94a2-367e3c1a4f87}</UniqueIdentifier>
    </Filter>
  </ItemGroup>
  <ItemGroup>
    <ClCompile Include="ForgLib\Visual\Scene\3D\Tools\InteractorStyle\FrgVisual_Scene_InterStyle3D.cxx">
      <Filter>ForgLib\Visual\Scene\3D\Tools\InteractorStyle</Filter>
    </ClCompile>
    <ClCompile Include="ForgLib\Visual\Scene\FrgVisual_Scene.cxx">
      <Filter>ForgLib\Visual\Scene</Filter>
    </ClCompile>
    <ClCompile Include="ForgLib\Visual\Scene\TreeItem\FrgVisual_Scene_TItem.cxx">
      <Filter>ForgLib\Visual\Scene\TreeItem</Filter>
    </ClCompile>
    <ClCompile Include="ForgLib\Visual\Scene\3D\TreeItem\FrgVisual_Scene3D_TItem.cxx">
      <Filter>ForgLib\Visual\Scene\3D\TreeItem</Filter>
    </ClCompile>
    <ClCompile Include="ForgLib\Visual\Scene\2D\TreeItem\FrgVisual_Scene2D_TItem.cxx">
      <Filter>ForgLib\Visual\Scene\2D\TreeItem</Filter>
    </ClCompile>
    <ClCompile Include="ForgLib\Visual\Scene\2D\FrgVisual_Scene2D.cxx">
      <Filter>ForgLib\Visual\Scene\2D</Filter>
    </ClCompile>
    <ClCompile Include="ForgLib\Visual\Plot\FrgVisual_Plot.cxx">
      <Filter>ForgLib\Visual\Plot</Filter>
    </ClCompile>
    <ClCompile Include="ForgLib\Visual\Plot\2D\FrgVisual_Plot2D.cxx">
      <Filter>ForgLib\Visual\Plot\2D</Filter>
    </ClCompile>
    <ClCompile Include="ForgLib\Visual\Plot\TreeItem\FrgVisual_Plot_TItem.cxx">
      <Filter>ForgLib\Visual\Plot\TreeItem</Filter>
    </ClCompile>
    <ClCompile Include="ForgLib\Visual\Plot\2D\TreeItem\FrgVisual_Plot2D_TItem.cxx">
      <Filter>ForgLib\Visual\Plot\2D\TreeItem</Filter>
    </ClCompile>
    <ClCompile Include="ForgLib\Visual\Plot\2D\Tools\Legend\FrgVisual_Plot2DLegend_TItem.cxx">
      <Filter>ForgLib\Visual\Plot\2D\Tools\Legend</Filter>
    </ClCompile>
    <ClCompile Include="ForgLib\Visual\Plot\2D\Tools\Data Series\FrgVisual_Plot2DDataSeries_TItem.cxx">
      <Filter>ForgLib\Visual\Plot\2D\Tools\Data Series</Filter>
    </ClCompile>
    <ClCompile Include="ForgLib\Visual\Plot\2D\Tools\Data Series\Line Style\FrgVisual_Plot2DLnStyle_TItem.cxx">
      <Filter>ForgLib\Visual\Plot\2D\Tools\Data Series\Line Style</Filter>
    </ClCompile>
    <ClCompile Include="ForgLib\Visual\Plot\2D\Tools\Data Series\Symbol Style\FrgVisual_Plot2DSmblStyle_TItem.cxx">
      <Filter>ForgLib\Visual\Plot\2D\Tools\Data Series\Symbol Style</Filter>
    </ClCompile>
    <ClCompile Include="ForgLib\Visual\Plot\2D\Tools\Axes\FrgVisual_Plot2DAxes_TItem.cxx">
      <Filter>ForgLib\Visual\Plot\2D\Tools\Axes</Filter>
    </ClCompile>
    <ClCompile Include="ForgLib\Visual\Plot\2D\Tools\Axes\Bottom Axis\FrgVisual_Plot2DBtmAxis_TItem.cxx">
      <Filter>ForgLib\Visual\Plot\2D\Tools\Axes\Bottom Axis</Filter>
    </ClCompile>
    <ClCompile Include="ForgLib\Visual\Plot\2D\Tools\Axes\Left Axis\FrgVisual_Plot2DLeftAxis_TItem.cxx">
      <Filter>ForgLib\Visual\Plot\2D\Tools\Axes\Left Axis</Filter>
    </ClCompile>
    <ClCompile Include="ForgLib\Visual\Plot\2D\Tools\Axes\Entity\FrgVisual_Plot2DAxisEntity_TItem.cxx">
      <Filter>ForgLib\Visual\Plot\2D\Tools\Axes\Entity</Filter>
    </ClCompile>
    <ClCompile Include="ForgLib\Visual\Plot\2D\Tools\Axes\Entity\Title\FrgVisual_Plot2DAxisTitle_TItem.cxx">
      <Filter>ForgLib\Visual\Plot\2D\Tools\Axes\Entity\Title</Filter>
    </ClCompile>
    <ClCompile Include="ForgLib\Visual\Plot\2D\Tools\ChartXY\FrgVisual_Plot2D_ChartXY.cxx">
      <Filter>ForgLib\Visual\Plot\2D\Tools\ChartXY</Filter>
    </ClCompile>
    <ClCompile Include="ForgLib\Visual\Scene\3D\Tools\CameraManipGUIHelper\FrgVisual_Scene_CameraManipGUIHelper.cxx">
      <Filter>ForgLib\Visual\Scene\3D\Tools\CameraManipGUIHelper</Filter>
    </ClCompile>
    <ClCompile Include="ForgLib\Visual\Scene\3D\Tools\CameraManip\FrgVisual_Scene_CameraManip.cxx">
      <Filter>ForgLib\Visual\Scene\3D\Tools\CameraManip</Filter>
    </ClCompile>
    <ClCompile Include="ForgLib\Visual\Serialization\Specialization\vtkActor\FrgVisual_SerialSpec_vtkActor.cxx">
      <Filter>ForgLib\Visual\Serialization\Specialization\vtkActor</Filter>
    </ClCompile>
    <ClCompile Include="ForgLib\Visual\Scene\Tools\Actors\Base\FrgVisual_BaseActor.cxx">
      <Filter>ForgLib\Visual\Scene\Tools\Actors\Base</Filter>
    </ClCompile>
    <ClCompile Include="ForgLib\Visual\Scene\Tools\Actors\Curve\FrgVisual_CurveActor.cxx">
      <Filter>ForgLib\Visual\Scene\Tools\Actors\Curve</Filter>
    </ClCompile>
    <ClCompile Include="ForgLib\Visual\Scene\Tools\Actors\Surface\FrgVisual_SurfaceActor.cxx">
      <Filter>ForgLib\Visual\Scene\Tools\Actors\Surface</Filter>
    </ClCompile>
    <ClCompile Include="ForgLib\Visual\Scene\Tools\Actors\Mesh\FrgVisual_MeshActor.cxx">
      <Filter>ForgLib\Visual\Scene\Tools\Actors\Mesh</Filter>
    </ClCompile>
    <ClCompile Include="ForgLib\Visual\Scene\Tools\Actors\Point\FrgVisual_PointActor.cxx">
      <Filter>ForgLib\Visual\Scene\Tools\Actors\Point</Filter>
    </ClCompile>
    <ClCompile Include="ForgLib\Visual\Scene\Tools\Actors\Solid\FrgVisual_SolidActor.cxx">
      <Filter>ForgLib\Visual\Scene\Tools\Actors\Solid</Filter>
    </ClCompile>
    <ClCompile Include="ForgLib\Visual\Scene\Tools\Actors\Solid\Conic\FrgVisual_ConicActor.cxx">
      <Filter>ForgLib\Visual\Scene\Tools\Actors\Solid\Conic</Filter>
    </ClCompile>
    <ClCompile Include="ForgLib\Visual\Scene\2D\Tools\InteractorStyle\FrgVisual_Scene_InterStyle2D.cxx">
      <Filter>ForgLib\Visual\Scene\2D\Tools\InteractorStyle</Filter>
    </ClCompile>
    <ClCompile Include="ForgLib\Visual\Scene\TreeItem\Attributes\FrgVisual_SceneAttributes_TItem.cxx">
      <Filter>ForgLib\Visual\Scene\TreeItem\Attributes</Filter>
    </ClCompile>
    <ClCompile Include="ForgLib\Visual\Scene\TreeItem\Attributes\Background Color\FrgVisual_SceneAttBackColor_TItem.cxx">
      <Filter>ForgLib\Visual\Scene\TreeItem\Attributes\Background Color</Filter>
    </ClCompile>
    <ClCompile Include="ForgLib\Visual\Scene\TreeItem\Attributes\Background Color\Gradient\FrgVisual_SceneAttBackColorGradient_TItem.cxx">
      <Filter>ForgLib\Visual\Scene\TreeItem\Attributes\Background Color\Gradient</Filter>
    </ClCompile>
    <ClCompile Include="ForgLib\Visual\Scene\TreeItem\Attributes\Background Color\Solid\FrgVisual_SceneAttBackColorSolid_TItem.cxx">
      <Filter>ForgLib\Visual\Scene\TreeItem\Attributes\Background Color\Solid</Filter>
    </ClCompile>
    <ClCompile Include="ForgLib\Visual\Scene\TreeItem\Attributes\Axes\FrgVisual_SceneAttAxes_TItem.cxx">
      <Filter>ForgLib\Visual\Scene\TreeItem\Attributes\Axes</Filter>
    </ClCompile>
    <ClCompile Include="ForgLib\Visual\Scene\Tools\Actors\Base\Entity\FrgVisual_BaseActor_Entity.cxx">
      <Filter>ForgLib\Visual\Scene\Tools\Actors\Base\Entity</Filter>
    </ClCompile>
    <ClCompile Include="ForgLib\Visual\Scene\Tools\Actors\Point\CtrlPoint\FrgVisual_CtrlPointActor.cxx">
      <Filter>ForgLib\Visual\Scene\Tools\Actors\Point\CtrlPoint</Filter>
    </ClCompile>
    <ClCompile Include="ForgLib\Visual\Scene\Tools\Actors\Curve\Line\FrgVisual_LineActor.cxx">
      <Filter>ForgLib\Visual\Scene\Tools\Actors\Curve\Line</Filter>
    </ClCompile>
    <ClCompile Include="ForgLib\Visual\Scene\Tools\Actors\Curve\Polyline\FrgVisual_PolylineActor.cxx">
      <Filter>ForgLib\Visual\Scene\Tools\Actors\Curve\Polyline</Filter>
    </ClCompile>
    <ClCompile Include="ForgLib\Visual\Scene\Tools\Actors\Curve\Polyline\BSPLine\FrgVisual_BSPLineActor.cxx">
      <Filter>ForgLib\Visual\Scene\Tools\Actors\Curve\Polyline\BSPLine</Filter>
    </ClCompile>
    <ClCompile Include="ForgLib\Visual\Scene\3D\Tools\Actors\Solid\Conic\Box\FrgVisual_BoxActor.cxx">
      <Filter>ForgLib\Visual\Scene\3D\Tools\Actors\Solid\Conic\Box</Filter>
    </ClCompile>
    <ClCompile Include="ForgLib\Visual\Scene\2D\Tools\Actors\Solid\Conic\Rectangle\FrgVisual_RectangleActor.cxx">
      <Filter>ForgLib\Visual\Scene\2D\Tools\Actors\Solid\Conic\Rectangle</Filter>
    </ClCompile>
    <ClCompile Include="ForgLib\Visual\Scene\2D\Tools\Actors\Grid\FrgVisual_GridActor.cxx">
      <Filter>ForgLib\Visual\Scene\2D\Tools\Actors\Grid</Filter>
    </ClCompile>
    <ClCompile Include="ForgLib\Visual\Scene\Tools\Contours\LookupTables\Rainbow\FrgVisual_ContoursLUTable_Rainbow.cxx">
      <Filter>ForgLib\Visual\Scene\Tools\Contours\LookupTables\Rainbow</Filter>
    </ClCompile>
    <ClCompile Include="ForgLib\Visual\Scene\Tools\Contours\LookupTables\InverseRainbow\FrgVisual_ContoursLUTable_InverseRainbow.cxx">
      <Filter>ForgLib\Visual\Scene\Tools\Contours\LookupTables\InverseRainbow</Filter>
    </ClCompile>
    <ClCompile Include="ForgLib\Visual\Scene\Tools\Contours\LookupTables\BlackAndWhite\FrgVisual_ContoursLUTable_BlackAndWhite.cxx">
      <Filter>ForgLib\Visual\Scene\Tools\Contours\LookupTables\BlackAndWhite</Filter>
    </ClCompile>
    <ClCompile Include="ForgLib\Visual\Scene\Tools\Actors\Text\FrgVisual_TextActor.cxx">
      <Filter>ForgLib\Visual\Scene\Tools\Actors\Text</Filter>
    </ClCompile>
    <ClCompile Include="ForgLib\Visual\Plot\2D\Tools\ChartXY\BoundingBox\FrgVisual_Plot2DChartXY_BoundingBox.cxx">
      <Filter>ForgLib\Visual\Plot\2D\Tools\ChartXY\BoundingBox</Filter>
    </ClCompile>
    <ClCompile Include="ForgLib\Visual\Scene\3D\FrgVisual_Scene3D.cxx">
      <Filter>ForgLib\Visual\Scene\3D</Filter>
    </ClCompile>
    <ClCompile Include="ForgLib\Visual\Scene\2D\Tools\Actors\Solid\Conic\Circle\FrgVisual_CircleActor.cxx">
      <Filter>ForgLib\Visual\Scene\2D\Tools\Actors\Solid\Conic\Circle</Filter>
    </ClCompile>
    <ClCompile Include="ForgLib\Visual\Scene\Tools\Actors\Point\PickingPoint\FrgVisual_PickingPointActor.cxx">
      <Filter>ForgLib\Visual\Scene\Tools\Actors\Point\PickingPoint</Filter>
    </ClCompile>
    <ClCompile Include="ForgLib\Visual\Scene\Tools\Registry\FrgVisual_SceneRegistry.cxx">
      <Filter>ForgLib\Visual\Scene\Tools\Registry</Filter>
    </ClCompile>
    <ClCompile Include="ForgLib\Visual\Scene\Tools\Actors\Surface\Plane\FrgVisual_PlaneActor.cxx">
      <Filter>ForgLib\Visual\Scene\Tools\Actors\Surface\Plane</Filter>
    </ClCompile>
    <ClCompile Include="ForgLib\Visual\Scene\3D\Tools\Actors\Solid\Conic\Cylinder\FrgVisual_CylinderActor.cxx">
      <Filter>ForgLib\Visual\Scene\3D\Tools\Actors\Solid\Conic\Cylinder</Filter>
    </ClCompile>
    <ClCompile Include="ForgLib\Visual\Tools\FrgVisual_Tools.cxx">
      <Filter>ForgLib\Visual\Tools</Filter>
    </ClCompile>
    <ClCompile Include="ForgLib\Visual\Scene\Tools\Actors\Mesh\Polyhedral\FrgVisual_MeshPolyhedralActor.cxx">
      <Filter>ForgLib\Visual\Scene\Tools\Actors\Mesh\Polyhedral</Filter>
    </ClCompile>
    <ClCompile Include="ForgLib\Visual\Scene\Tools\Contours\LookupTables\LookUpTable\FrgViusal_LookUpTable.cxx">
      <Filter>ForgLib\Visual\Scene\Tools\Contours\LookupTables\LookUpTable</Filter>
    </ClCompile>
    <ClCompile Include="ForgLib\Visual\Scene\Tools\InteractorStyle\FrgVisual_Scene_InterStyle.cxx">
      <Filter>ForgLib\Visual\Scene\Tools\InteractorStyle</Filter>
    </ClCompile>
    <ClCompile Include="ForgLib\Visual\Scene\Tools\Ruler\FrgVisual_Scene_Ruler.cxx">
      <Filter>ForgLib\Visual\Scene\Tools\Ruler</Filter>
    </ClCompile>
    <ClCompile Include="ForgLib\Visual\Scene\3D\Tools\Actors\Solid\Conic\Sphere\FrgVisual_SphereActor.cxx">
      <Filter>ForgLib\Visual\Scene\3D\Tools\Actors\Solid\Conic\Sphere</Filter>
    </ClCompile>
    <ClCompile Include="ForgLib\Visual\Scene\Tools\Actors\Shape\FrgVisual_ShapeActor.cxx">
      <Filter>ForgLib\Visual\Scene\Tools\Actors\Shape</Filter>
    </ClCompile>
  </ItemGroup>
  <ItemGroup>
    <QtRcc Include="ForgVisual.qrc">
      <Filter>Resource Files</Filter>
    </QtRcc>
  </ItemGroup>
  <ItemGroup>
    <ClInclude Include="ForgLib\Visual\Global\FrgVisual_Global.hxx">
      <Filter>ForgLib\Visual\Global</Filter>
    </ClInclude>
    <ClInclude Include="ForgLib\Visual\Global\FrgVisual_Global_Build.hxx">
      <Filter>ForgLib\Visual\Global</Filter>
    </ClInclude>
    <ClInclude Include="ForgLib\Visual\Plot\3D\FrgVisual_Plot3D.hxx">
      <Filter>ForgLib\Visual\Plot\3D</Filter>
    </ClInclude>
    <ClInclude Include="ForgLib\Visual\Scene\2D\FrgVisual_Scene2D.hxx">
      <Filter>ForgLib\Visual\Scene\2D</Filter>
    </ClInclude>
    <ClInclude Include="ForgLib\Visual\Scene\3D\FrgVisual_Scene3DI.hxx">
      <Filter>ForgLib\Visual\Scene\3D</Filter>
    </ClInclude>
    <ClInclude Include="ForgLib\Visual\Plot\2D\Tools\ChartXY\FrgVisual_Plot2D_ChartXY.hxx">
      <Filter>ForgLib\Visual\Plot\2D\Tools\ChartXY</Filter>
    </ClInclude>
    <ClInclude Include="ForgLib\Visual\Scene\3D\Tools\CameraManipGUIHelper\FrgVisual_Scene_CameraManipGUIHelper.hxx">
      <Filter>ForgLib\Visual\Scene\3D\Tools\CameraManipGUIHelper</Filter>
    </ClInclude>
    <ClInclude Include="ForgLib\Visual\Scene\3D\Tools\CameraManip\FrgVisual_Scene_CameraManip.hxx">
      <Filter>ForgLib\Visual\Scene\3D\Tools\CameraManip</Filter>
    </ClInclude>
    <ClInclude Include="ForgLib\Visual\Serialization\Global\FrgVisual_Serialization_Global.hxx">
      <Filter>ForgLib\Visual\Serialization\Global</Filter>
    </ClInclude>
    <ClInclude Include="ForgLib\Visual\Serialization\Specialization\vtkChartXY\FrgVisual_SerialSpec_vtkChartXY.hxx">
      <Filter>ForgLib\Visual\Serialization\Specialization\vtkChartXY</Filter>
    </ClInclude>
    <ClInclude Include="ForgLib\Visual\Serialization\Specialization\vtkContextView\FrgVisual_SerialSpec_vtkContextView.hxx">
      <Filter>ForgLib\Visual\Serialization\Specialization\vtkContextView</Filter>
    </ClInclude>
    <ClInclude Include="ForgLib\Visual\Serialization\Specialization\vtkGenericOpenGLRenderWindow\FrgVisual_SerialSpec_vtkGenericOpenGLRenderWindow.hxx">
      <Filter>ForgLib\Visual\Serialization\Specialization\vtkGenericOpenGLRenderWindow</Filter>
    </ClInclude>
    <ClInclude Include="ForgLib\Visual\Serialization\Specialization\vtkTable\FrgVisual_SerialSpec_vtkTable.hxx">
      <Filter>ForgLib\Visual\Serialization\Specialization\vtkTable</Filter>
    </ClInclude>
    <ClInclude Include="ForgLib\Visual\Serialization\Specialization\vtkActor\FrgVisual_SerialSpec_vtkActor.hxx">
      <Filter>ForgLib\Visual\Serialization\Specialization\vtkActor</Filter>
    </ClInclude>
    <ClInclude Include="ForgLib\Visual\Scene\Tools\Actors\Curve\FrgVisual_CurveActor.hxx">
      <Filter>ForgLib\Visual\Scene\Tools\Actors\Curve</Filter>
    </ClInclude>
    <ClInclude Include="ForgLib\Visual\Scene\Tools\Actors\Surface\FrgVisual_SurfaceActor.hxx">
      <Filter>ForgLib\Visual\Scene\Tools\Actors\Surface</Filter>
    </ClInclude>
    <ClInclude Include="ForgLib\Visual\Scene\Tools\Actors\Mesh\FrgVisual_MeshActor.hxx">
      <Filter>ForgLib\Visual\Scene\Tools\Actors\Mesh</Filter>
    </ClInclude>
    <ClInclude Include="ForgLib\Visual\Scene\Tools\Actors\Point\FrgVisual_PointActor.hxx">
      <Filter>ForgLib\Visual\Scene\Tools\Actors\Point</Filter>
    </ClInclude>
    <ClInclude Include="ForgLib\Visual\Scene\Tools\Actors\Solid\FrgVisual_SolidActor.hxx">
      <Filter>ForgLib\Visual\Scene\Tools\Actors\Solid</Filter>
    </ClInclude>
    <ClInclude Include="ForgLib\Visual\Scene\Tools\Actors\Solid\Conic\FrgVisual_ConicActor.hxx">
      <Filter>ForgLib\Visual\Scene\Tools\Actors\Solid\Conic</Filter>
    </ClInclude>
    <ClInclude Include="ForgLib\Visual\Scene\Tools\InteractorStyle\FrgVisual_Scene_InterStyleI.hxx">
      <Filter>ForgLib\Visual\Scene\Tools\InteractorStyle</Filter>
    </ClInclude>
    <ClInclude Include="ForgLib\Visual\Scene\2D\FrgVisual_Scene2DI.hxx">
      <Filter>ForgLib\Visual\Scene\2D</Filter>
    </ClInclude>
    <ClInclude Include="ForgLib\Visual\Scene\Tools\Actors\Base\FrgVisual_BaseActor.hxx">
      <Filter>ForgLib\Visual\Scene\Tools\Actors\Base</Filter>
    </ClInclude>
    <ClInclude Include="ForgLib\Visual\Scene\Tools\Actors\Base\FrgVisual_BaseActorI.hxx">
      <Filter>ForgLib\Visual\Scene\Tools\Actors\Base</Filter>
    </ClInclude>
    <ClInclude Include="ForgLib\Visual\Scene\Tools\Actors\Curve\FrgVisual_CurveActorI.hxx">
      <Filter>ForgLib\Visual\Scene\Tools\Actors\Curve</Filter>
    </ClInclude>
    <ClInclude Include="ForgLib\Visual\Scene\Tools\Actors\Point\FrgVisual_PointActorI.hxx">
      <Filter>ForgLib\Visual\Scene\Tools\Actors\Point</Filter>
    </ClInclude>
    <ClInclude Include="ForgLib\Visual\Scene\Tools\Actors\Point\CtrlPoint\FrgVisual_CtrlPointActor.hxx">
      <Filter>ForgLib\Visual\Scene\Tools\Actors\Point\CtrlPoint</Filter>
    </ClInclude>
    <ClInclude Include="ForgLib\Visual\Scene\Tools\Actors\Point\CtrlPoint\FrgVisual_CtrlPointActorI.hxx">
      <Filter>ForgLib\Visual\Scene\Tools\Actors\Point\CtrlPoint</Filter>
    </ClInclude>
    <ClInclude Include="ForgLib\Visual\Scene\Tools\Actors\Curve\Line\FrgVisual_LineActor.hxx">
      <Filter>ForgLib\Visual\Scene\Tools\Actors\Curve\Line</Filter>
    </ClInclude>
    <ClInclude Include="ForgLib\Visual\Scene\Tools\Actors\Curve\Line\FrgVisual_LineActorI.hxx">
      <Filter>ForgLib\Visual\Scene\Tools\Actors\Curve\Line</Filter>
    </ClInclude>
    <ClInclude Include="ForgLib\Visual\Scene\Tools\Actors\Curve\Polyline\FrgVisual_PolylineActor.hxx">
      <Filter>ForgLib\Visual\Scene\Tools\Actors\Curve\Polyline</Filter>
    </ClInclude>
    <ClInclude Include="ForgLib\Visual\Scene\Tools\Actors\Curve\Polyline\FrgVisual_PolylineActorI.hxx">
      <Filter>ForgLib\Visual\Scene\Tools\Actors\Curve\Polyline</Filter>
    </ClInclude>
    <ClInclude Include="ForgLib\Visual\Scene\Tools\Actors\Curve\Polyline\BSPLine\FrgVisual_BSPLineActorI.hxx">
      <Filter>ForgLib\Visual\Scene\Tools\Actors\Curve\Polyline\BSPLine</Filter>
    </ClInclude>
    <ClInclude Include="ForgLib\Visual\Scene\Tools\Actors\Solid\FrgVisual_SolidActorI.hxx">
      <Filter>ForgLib\Visual\Scene\Tools\Actors\Solid</Filter>
    </ClInclude>
    <ClInclude Include="ForgLib\Visual\Scene\Tools\Actors\Solid\Conic\FrgVisual_ConicActorI.hxx">
      <Filter>ForgLib\Visual\Scene\Tools\Actors\Solid\Conic</Filter>
    </ClInclude>
    <ClInclude Include="ForgLib\Visual\Scene\Tools\Actors\Mesh\FrgVisual_MeshActorI.hxx">
      <Filter>ForgLib\Visual\Scene\Tools\Actors\Mesh</Filter>
    </ClInclude>
    <ClInclude Include="ForgLib\Visual\Scene\3D\Tools\Actors\Solid\Conic\Box\FrgVisual_BoxActor.hxx">
      <Filter>ForgLib\Visual\Scene\3D\Tools\Actors\Solid\Conic\Box</Filter>
    </ClInclude>
    <ClInclude Include="ForgLib\Visual\Scene\2D\Tools\Actors\Solid\Conic\Rectangle\FrgVisual_RectangleActor.hxx">
      <Filter>ForgLib\Visual\Scene\2D\Tools\Actors\Solid\Conic\Rectangle</Filter>
    </ClInclude>
    <ClInclude Include="ForgLib\Visual\Scene\2D\Tools\Actors\Grid\FrgVisual_GridActor.hxx">
      <Filter>ForgLib\Visual\Scene\2D\Tools\Actors\Grid</Filter>
    </ClInclude>
    <ClInclude Include="ForgLib\Visual\Scene\FrgVisual_SceneI.hxx">
      <Filter>ForgLib\Visual\Scene</Filter>
    </ClInclude>
    <ClInclude Include="ForgLib\Visual\Scene\Tools\Contours\LookupTables\Rainbow\FrgVisual_ContoursLUTable_Rainbow.hxx">
      <Filter>ForgLib\Visual\Scene\Tools\Contours\LookupTables\Rainbow</Filter>
    </ClInclude>
    <ClInclude Include="ForgLib\Visual\Scene\Tools\Contours\LookupTables\InverseRainbow\FrgVisual_ContoursLUTable_InverseRainbow.hxx">
      <Filter>ForgLib\Visual\Scene\Tools\Contours\LookupTables\InverseRainbow</Filter>
    </ClInclude>
    <ClInclude Include="ForgLib\Visual\Scene\Tools\Contours\LookupTables\BlackAndWhite\FrgVisual_ContoursLUTable_BlackAndWhite.hxx">
      <Filter>ForgLib\Visual\Scene\Tools\Contours\LookupTables\BlackAndWhite</Filter>
    </ClInclude>
    <ClInclude Include="ForgLib\Visual\Scene\Tools\Actors\Text\FrgVisual_TextActor.hxx">
      <Filter>ForgLib\Visual\Scene\Tools\Actors\Text</Filter>
    </ClInclude>
    <ClInclude Include="ForgLib\Visual\Plot\2D\Tools\ChartXY\BoundingBox\FrgVisual_Plot2DChartXY_BoundingBox.hxx">
      <Filter>ForgLib\Visual\Plot\2D\Tools\ChartXY\BoundingBox</Filter>
    </ClInclude>
    <ClInclude Include="ForgLib\Visual\Global\FrgVisual_Global_Icons.hxx">
      <Filter>ForgLib\Visual\Global</Filter>
    </ClInclude>
    <ClInclude Include="ForgLib\Visual\Scene\2D\Tools\Actors\Solid\Conic\Circle\FrgVisual_CircleActor.hxx">
      <Filter>ForgLib\Visual\Scene\2D\Tools\Actors\Solid\Conic\Circle</Filter>
    </ClInclude>
    <ClInclude Include="ForgLib\Visual\Scene\Tools\Actors\Point\PickingPoint\FrgVisual_PickingPointActor.hxx">
      <Filter>ForgLib\Visual\Scene\Tools\Actors\Point\PickingPoint</Filter>
    </ClInclude>
    <ClInclude Include="ForgLib\Visual\Scene\Tools\Registry\FrgVisual_SceneRegistry.hxx">
      <Filter>ForgLib\Visual\Scene\Tools\Registry</Filter>
    </ClInclude>
    <ClInclude Include="ForgLib\Visual\Scene\Tools\Actors\Surface\Plane\FrgVisual_PlaneActor.hxx">
      <Filter>ForgLib\Visual\Scene\Tools\Actors\Surface\Plane</Filter>
    </ClInclude>
    <ClInclude Include="ForgLib\Visual\Scene\3D\Tools\Actors\Solid\Conic\Cylinder\FrgVisual_CylinderActor.hxx">
      <Filter>ForgLib\Visual\Scene\3D\Tools\Actors\Solid\Conic\Cylinder</Filter>
    </ClInclude>
    <ClInclude Include="ForgLib\Visual\Tools\FrgVisual_Tools.hxx">
      <Filter>ForgLib\Visual\Tools</Filter>
    </ClInclude>
    <ClInclude Include="ForgLib\Visual\Scene\Tools\Actors\Mesh\Polyhedral\FrgVisual_MeshPolyhedralActor.hxx">
      <Filter>ForgLib\Visual\Scene\Tools\Actors\Mesh\Polyhedral</Filter>
    </ClInclude>
    <ClInclude Include="ForgLib\Visual\Scene\Tools\Contours\LookupTables\LookUpTable\FrgViusal_LookUpTable.hxx">
      <Filter>ForgLib\Visual\Scene\Tools\Contours\LookupTables\LookUpTable</Filter>
    </ClInclude>
    <ClInclude Include="ForgLib\Visual\Scene\Tools\Ruler\FrgVisual_Scene_Ruler.hxx">
      <Filter>ForgLib\Visual\Scene\Tools\Ruler</Filter>
    </ClInclude>
    <ClInclude Include="ForgLib\Visual\Scene\3D\Tools\Actors\Solid\Conic\Sphere\FrgVisual_SphereActor.hxx">
      <Filter>ForgLib\Visual\Scene\3D\Tools\Actors\Solid\Conic\Sphere</Filter>
    </ClInclude>
    <ClInclude Include="ForgLib\Visual\Scene\Tools\Actors\Shape\FrgVisual_ShapeActor.hxx">
      <Filter>ForgLib\Visual\Scene\Tools\Actors\Shape</Filter>
    </ClInclude>
  </ItemGroup>
  <ItemGroup>
    <QtMoc Include="ForgLib\Visual\Scene\TreeItem\FrgVisual_Scene_TItem.hxx">
      <Filter>ForgLib\Visual\Scene\TreeItem</Filter>
    </QtMoc>
    <QtMoc Include="ForgLib\Visual\Scene\2D\TreeItem\FrgVisual_Scene2D_TItem.hxx">
      <Filter>ForgLib\Visual\Scene\2D\TreeItem</Filter>
    </QtMoc>
    <QtMoc Include="ForgLib\Visual\Plot\TreeItem\FrgVisual_Plot_TItem.hxx">
      <Filter>ForgLib\Visual\Plot\TreeItem</Filter>
    </QtMoc>
    <QtMoc Include="ForgLib\Visual\Plot\2D\TreeItem\FrgVisual_Plot2D_TItem.hxx">
      <Filter>ForgLib\Visual\Plot\2D\TreeItem</Filter>
    </QtMoc>
    <QtMoc Include="ForgLib\Visual\Plot\2D\Tools\Legend\FrgVisual_Plot2DLegend_TItem.hxx">
      <Filter>ForgLib\Visual\Plot\2D\Tools\Legend</Filter>
    </QtMoc>
    <QtMoc Include="ForgLib\Visual\Plot\2D\Tools\Data Series\FrgVisual_Plot2DDataSeries_TItem.hxx">
      <Filter>ForgLib\Visual\Plot\2D\Tools\Data Series</Filter>
    </QtMoc>
    <QtMoc Include="ForgLib\Visual\Plot\2D\Tools\Data Series\Line Style\FrgVisual_Plot2DLnStyle_TItem.hxx">
      <Filter>ForgLib\Visual\Plot\2D\Tools\Data Series\Line Style</Filter>
    </QtMoc>
    <QtMoc Include="ForgLib\Visual\Plot\2D\Tools\Data Series\Symbol Style\FrgVisual_Plot2DSmblStyle_TItem.hxx">
      <Filter>ForgLib\Visual\Plot\2D\Tools\Data Series\Symbol Style</Filter>
    </QtMoc>
    <QtMoc Include="ForgLib\Visual\Plot\2D\Tools\Axes\Bottom Axis\FrgVisual_Plot2DBtmAxis_TItem.hxx">
      <Filter>ForgLib\Visual\Plot\2D\Tools\Axes\Bottom Axis</Filter>
    </QtMoc>
    <QtMoc Include="ForgLib\Visual\Plot\2D\Tools\Axes\Left Axis\FrgVisual_Plot2DLeftAxis_TItem.hxx">
      <Filter>ForgLib\Visual\Plot\2D\Tools\Axes\Left Axis</Filter>
    </QtMoc>
    <QtMoc Include="ForgLib\Visual\Plot\2D\Tools\Axes\Entity\FrgVisual_Plot2DAxisEntity_TItem.hxx">
      <Filter>ForgLib\Visual\Plot\2D\Tools\Axes\Entity</Filter>
    </QtMoc>
    <QtMoc Include="ForgLib\Visual\Plot\2D\Tools\Axes\Entity\Title\FrgVisual_Plot2DAxisTitle_TItem.hxx">
      <Filter>ForgLib\Visual\Plot\2D\Tools\Axes\Entity\Title</Filter>
    </QtMoc>
    <QtMoc Include="ForgLib\Visual\Plot\2D\Tools\Axes\FrgVisual_Plot2DAxes_TItem.hxx">
      <Filter>ForgLib\Visual\Plot\2D\Tools\Axes</Filter>
    </QtMoc>
    <QtMoc Include="ForgLib\Visual\Scene\FrgVisual_Scene.hxx">
      <Filter>ForgLib\Visual\Scene</Filter>
    </QtMoc>
    <QtMoc Include="ForgLib\Visual\Scene\Tools\InteractorStyle\FrgVisual_Scene_InterStyle.hxx">
      <Filter>ForgLib\Visual\Scene\Tools\InteractorStyle</Filter>
    </QtMoc>
    <QtMoc Include="ForgLib\Visual\Scene\3D\Tools\InteractorStyle\FrgVisual_Scene_InterStyle3D.hxx">
      <Filter>ForgLib\Visual\Scene\3D\Tools\InteractorStyle</Filter>
    </QtMoc>
    <QtMoc Include="ForgLib\Visual\Scene\3D\TreeItem\FrgVisual_Scene3D_TItem.hxx">
      <Filter>ForgLib\Visual\Scene\3D\TreeItem</Filter>
    </QtMoc>
    <QtMoc Include="ForgLib\Visual\Scene\TreeItem\Attributes\FrgVisual_SceneAttributes_TItem.hxx">
      <Filter>ForgLib\Visual\Scene\TreeItem\Attributes</Filter>
    </QtMoc>
    <QtMoc Include="ForgLib\Visual\Scene\TreeItem\Attributes\Background Color\FrgVisual_SceneAttBackColor_TItem.hxx">
      <Filter>ForgLib\Visual\Scene\TreeItem\Attributes\Background Color</Filter>
    </QtMoc>
    <QtMoc Include="ForgLib\Visual\Scene\TreeItem\Attributes\Background Color\Gradient\FrgVisual_SceneAttBackColorGradient_TItem.hxx">
      <Filter>ForgLib\Visual\Scene\TreeItem\Attributes\Background Color\Gradient</Filter>
    </QtMoc>
    <QtMoc Include="ForgLib\Visual\Scene\TreeItem\Attributes\Background Color\Solid\FrgVisual_SceneAttBackColorSolid_TItem.hxx">
      <Filter>ForgLib\Visual\Scene\TreeItem\Attributes\Background Color\Solid</Filter>
    </QtMoc>
    <QtMoc Include="ForgLib\Visual\Scene\TreeItem\Attributes\Axes\FrgVisual_SceneAttAxes_TItem.hxx">
      <Filter>ForgLib\Visual\Scene\TreeItem\Attributes\Axes</Filter>
    </QtMoc>
    <QtMoc Include="ForgLib\Visual\Scene\Tools\Actors\Base\Entity\FrgVisual_BaseActor_Entity.hxx">
      <Filter>ForgLib\Visual\Scene\Tools\Actors\Base\Entity</Filter>
    </QtMoc>
    <QtMoc Include="ForgLib\Visual\Scene\Tools\Actors\Curve\Polyline\BSPLine\FrgVisual_BSPLineActor.hxx">
      <Filter>ForgLib\Visual\Scene\Tools\Actors\Curve\Polyline\BSPLine</Filter>
    </QtMoc>
    <QtMoc Include="ForgLib\Visual\Scene\3D\FrgVisual_Scene3D.hxx">
      <Filter>ForgLib\Visual\Scene\3D</Filter>
    </QtMoc>
    <QtMoc Include="ForgLib\Visual\Plot\FrgVisual_Plot.hxx">
      <Filter>ForgLib\Visual\Plot</Filter>
    </QtMoc>
    <QtMoc Include="ForgLib\Visual\Plot\2D\FrgVisual_Plot2D.hxx">
      <Filter>ForgLib\Visual\Plot\2D</Filter>
    </QtMoc>
    <QtMoc Include="ForgLib\Visual\Scene\2D\Tools\InteractorStyle\FrgVisual_Scene_InterStyle2D.hxx">
      <Filter>ForgLib\Visual\Scene\2D\Tools\InteractorStyle</Filter>
    </QtMoc>
  </ItemGroup>
</Project>