<?xml version="1.0" encoding="utf-8"?>
<Project ToolsVersion="4.0" xmlns="http://schemas.microsoft.com/developer/msbuild/2003">
  <ItemGroup>
    <Filter Include="Source Files">
      <UniqueIdentifier>{4FC737F1-C7A5-4376-A066-2A32D752A2FF}</UniqueIdentifier>
      <Extensions>cpp;c;cc;cxx;def;odl;idl;hpj;bat;asm;asmx</Extensions>
    </Filter>
    <Filter Include="Header Files">
      <UniqueIdentifier>{93995380-89BD-4b04-88EB-625FBE52EBFB}</UniqueIdentifier>
      <Extensions>h;hh;hpp;hxx;hm;inl;inc;xsd</Extensions>
    </Filter>
    <Filter Include="Resource Files">
      <UniqueIdentifier>{D9D6E242-F8AF-46E4-B9FD-80ECBC20BA3E}</UniqueIdentifier>
      <Extensions>qrc;*</Extensions>
      <ParseFiles>false</ParseFiles>
    </Filter>
    <Filter Include="Form Files">
      <UniqueIdentifier>{99349809-55BA-4b9d-BF79-8FDBB0286EB3}</UniqueIdentifier>
      <Extensions>ui</Extensions>
    </Filter>
    <Filter Include="Resource Files">
      <UniqueIdentifier>{D9D6E242-F8AF-46E4-B9FD-80ECBC20BA3E}</UniqueIdentifier>
      <Extensions>qrc;*</Extensions>
      <ParseFiles>false</ParseFiles>
    </Filter>
    <Filter Include="ForgLib">
      <UniqueIdentifier>{82135406-310e-49db-bbc0-943090b10116}</UniqueIdentifier>
    </Filter>
    <Filter Include="ForgLib\Visual">
      <UniqueIdentifier>{28c8f1d3-0340-4183-9785-c499cbfdb6fc}</UniqueIdentifier>
    </Filter>
    <Filter Include="ForgLib\Visual\Global">
      <UniqueIdentifier>{9d048c45-f835-474c-95cd-b4825c452327}</UniqueIdentifier>
    </Filter>
    <Filter Include="ForgLib\Visual\Plot">
      <UniqueIdentifier>{84866419-0bcb-4778-a9f3-a0109eb53f48}</UniqueIdentifier>
    </Filter>
    <Filter Include="ForgLib\Visual\Scene">
      <UniqueIdentifier>{bf52bd17-ff64-4878-aea3-06421cadc4eb}</UniqueIdentifier>
    </Filter>
    <Filter Include="ForgLib\Visual\Plot\2D">
      <UniqueIdentifier>{05e8f0dd-d7c8-44ca-a3c9-b21f972bef7f}</UniqueIdentifier>
    </Filter>
    <Filter Include="ForgLib\Visual\Plot\3D">
      <UniqueIdentifier>{1ce1f2ad-a406-4b36-a98e-b40ae2052e29}</UniqueIdentifier>
    </Filter>
    <Filter Include="ForgLib\Visual\Scene\2D">
      <UniqueIdentifier>{0a670151-bc19-47bf-ae12-02ff6b2e68c2}</UniqueIdentifier>
    </Filter>
    <Filter Include="ForgLib\Visual\Scene\3D">
      <UniqueIdentifier>{14460e5f-0c40-4dda-a910-7a915e5b8ec8}</UniqueIdentifier>
    </Filter>
    <Filter Include="ForgLib\Visual\Scene\Tools">
      <UniqueIdentifier>{c5fff3f5-9ced-408e-9d4f-4932ec94856e}</UniqueIdentifier>
    </Filter>
    <Filter Include="ForgLib\Visual\Scene\2D\Tools">
      <UniqueIdentifier>{1e3ce1ca-b19c-4f28-87d9-869b26a8290a}</UniqueIdentifier>
    </Filter>
    <Filter Include="ForgLib\Visual\Scene\2D\Tools\InteractorStyle">
      <UniqueIdentifier>{8a8fad95-8a09-451f-9e7b-4f3fa41bbd7d}</UniqueIdentifier>
    </Filter>
    <Filter Include="ForgLib\Visual\Scene\3D\Tools">
      <UniqueIdentifier>{a2cfebd6-5175-4864-949e-1f275c12463f}</UniqueIdentifier>
    </Filter>
    <Filter Include="ForgLib\Visual\Scene\3D\Tools\InteractorStyle">
      <UniqueIdentifier>{386d3d5c-4c78-4624-8714-271b704c3f04}</UniqueIdentifier>
    </Filter>
    <Filter Include="ForgLib\Visual\Scene\3D\TreeItem">
      <UniqueIdentifier>{14f53153-3091-4090-93fa-da80847988f0}</UniqueIdentifier>
    </Filter>
    <Filter Include="ForgLib\Visual\Scene\2D\TreeItem">
      <UniqueIdentifier>{953cccae-88b1-4fc5-8826-b231a5b5a196}</UniqueIdentifier>
    </Filter>
    <Filter Include="ForgLib\Visual\Scene\TreeItem">
      <UniqueIdentifier>{743c753e-f837-4fd1-8ad6-f7d5f2a38d54}</UniqueIdentifier>
    </Filter>
    <Filter Include="ForgLib\Visual\Plot\TreeItem">
      <UniqueIdentifier>{67c68ff5-6545-48e7-b71e-aae73af521d5}</UniqueIdentifier>
    </Filter>
    <Filter Include="ForgLib\Visual\Plot\2D\TreeItem">
      <UniqueIdentifier>{a85c23bd-1602-46c3-9857-d2ab5db2f4ef}</UniqueIdentifier>
    </Filter>
    <Filter Include="ForgLib\Visual\Plot\2D\Tools">
      <UniqueIdentifier>{2ab7e769-89b3-4099-b0df-41bb17ef99cc}</UniqueIdentifier>
    </Filter>
    <Filter Include="ForgLib\Visual\Plot\2D\Tools\Legend">
      <UniqueIdentifier>{0306ea98-e3d7-4e4a-9068-9d92eb06a090}</UniqueIdentifier>
    </Filter>
    <Filter Include="ForgLib\Visual\Plot\2D\Tools\Data Series">
      <UniqueIdentifier>{343003fa-9533-43e9-8128-6a6fb65112a3}</UniqueIdentifier>
    </Filter>
    <Filter Include="ForgLib\Visual\Plot\2D\Tools\Data Series\Line Style">
      <UniqueIdentifier>{fb7ebee0-b897-4d9e-91fb-c3b1b32baf6a}</UniqueIdentifier>
    </Filter>
    <Filter Include="ForgLib\Visual\Plot\2D\Tools\Data Series\Symbol Style">
      <UniqueIdentifier>{089e057d-214a-4acb-9884-9a4d18998c28}</UniqueIdentifier>
    </Filter>
    <Filter Include="ForgLib\Visual\Plot\2D\Tools\Axes">
      <UniqueIdentifier>{9d748851-47cc-4c05-92bd-d6c932c0edac}</UniqueIdentifier>
    </Filter>
    <Filter Include="ForgLib\Visual\Plot\2D\Tools\Axes\Bottom Axis">
      <UniqueIdentifier>{f712a6ec-252e-4056-b462-a048bb3121af}</UniqueIdentifier>
    </Filter>
    <Filter Include="ForgLib\Visual\Plot\2D\Tools\Axes\Left Axis">
      <UniqueIdentifier>{85125e74-9e30-43e0-a9ca-8d09b1fbc595}</UniqueIdentifier>
    </Filter>
    <Filter Include="ForgLib\Visual\Plot\2D\Tools\Axes\Entity">
      <UniqueIdentifier>{8f96d74d-84bd-4f03-bab8-8f9c99c43b75}</UniqueIdentifier>
    </Filter>
    <Filter Include="ForgLib\Visual\Plot\2D\Tools\Axes\Entity\Title">
      <UniqueIdentifier>{88b156f2-e556-4eb5-bd17-d77133c10dee}</UniqueIdentifier>
    </Filter>
    <Filter Include="ForgLib\Visual\Plot\2D\Tools\ChartXY">
      <UniqueIdentifier>{3b9bbcbb-589d-467b-a42c-f5b224177a5d}</UniqueIdentifier>
    </Filter>
    <Filter Include="ForgLib\Visual\Scene\3D\Tools\CameraManipGUIHelper">
      <UniqueIdentifier>{0e1722cb-da12-4e3d-a190-0906584a7542}</UniqueIdentifier>
    </Filter>
    <Filter Include="ForgLib\Visual\Scene\3D\Tools\CameraManip">
      <UniqueIdentifier>{6309bc3d-c929-4538-8cb3-167600535840}</UniqueIdentifier>
    </Filter>
  </ItemGroup>
  <ItemGroup>
    <ClCompile Include="main.cpp">
      <Filter>Source Files</Filter>
    </ClCompile>
    <ClCompile Include="ForgLib\Visual\Scene\3D\Tools\InteractorStyle\FrgVisual_Scene_InterStyle3D.cxx">
      <Filter>ForgLib\Visual\Scene\3D\Tools\InteractorStyle</Filter>
    </ClCompile>
    <ClCompile Include="ForgLib\Visual\Scene\3D\FrgVisual_Scene3D.cxx">
      <Filter>ForgLib\Visual\Scene\3D</Filter>
    </ClCompile>
    <ClCompile Include="ForgLib\Visual\Scene\FrgVisual_Scene.cxx">
      <Filter>ForgLib\Visual\Scene</Filter>
    </ClCompile>
    <ClCompile Include="ForgLib\Visual\Scene\TreeItem\FrgVisual_Scene_TItem.cxx">
      <Filter>ForgLib\Visual\Scene\TreeItem</Filter>
    </ClCompile>
    <ClCompile Include="ForgLib\Visual\Scene\3D\TreeItem\FrgVisual_Scene3D_TItem.cxx">
      <Filter>ForgLib\Visual\Scene\3D\TreeItem</Filter>
    </ClCompile>
    <ClCompile Include="ForgLib\Visual\Scene\2D\TreeItem\FrgVisual_Scene2D_TItem.cxx">
      <Filter>ForgLib\Visual\Scene\2D\TreeItem</Filter>
    </ClCompile>
    <ClCompile Include="ForgLib\Visual\Scene\2D\FrgVisual_Scene2D.cxx">
      <Filter>ForgLib\Visual\Scene\2D</Filter>
    </ClCompile>
    <ClCompile Include="ForgLib\Visual\Plot\FrgVisual_Plot.cxx">
      <Filter>ForgLib\Visual\Plot</Filter>
    </ClCompile>
    <ClCompile Include="ForgLib\Visual\Plot\2D\FrgVisual_Plot2D.cxx">
      <Filter>ForgLib\Visual\Plot\2D</Filter>
    </ClCompile>
    <ClCompile Include="ForgLib\Visual\Plot\TreeItem\FrgVisual_Plot_TItem.cxx">
      <Filter>ForgLib\Visual\Plot\TreeItem</Filter>
    </ClCompile>
    <ClCompile Include="ForgLib\Visual\Plot\2D\TreeItem\FrgVisual_Plot2D_TItem.cxx">
      <Filter>ForgLib\Visual\Plot\2D\TreeItem</Filter>
    </ClCompile>
    <ClCompile Include="ForgLib\Visual\Plot\2D\Tools\Legend\FrgVisual_Plot2DLegend_TItem.cxx">
      <Filter>ForgLib\Visual\Plot\2D\Tools\Legend</Filter>
    </ClCompile>
    <ClCompile Include="ForgLib\Visual\Plot\2D\Tools\Data Series\FrgVisual_Plot2DDataSeries_TItem.cxx">
      <Filter>ForgLib\Visual\Plot\2D\Tools\Data Series</Filter>
    </ClCompile>
    <ClCompile Include="ForgLib\Visual\Plot\2D\Tools\Data Series\Line Style\FrgVisual_Plot2DLnStyle_TItem.cxx">
      <Filter>ForgLib\Visual\Plot\2D\Tools\Data Series\Line Style</Filter>
    </ClCompile>
    <ClCompile Include="ForgLib\Visual\Plot\2D\Tools\Data Series\Symbol Style\FrgVisual_Plot2DSmblStyle_TItem.cxx">
      <Filter>ForgLib\Visual\Plot\2D\Tools\Data Series\Symbol Style</Filter>
    </ClCompile>
    <ClCompile Include="ForgLib\Visual\Plot\2D\Tools\Axes\FrgVisual_Plot2DAxes_TItem.cxx">
      <Filter>ForgLib\Visual\Plot\2D\Tools\Axes</Filter>
    </ClCompile>
    <ClCompile Include="ForgLib\Visual\Plot\2D\Tools\Axes\Bottom Axis\FrgVisual_Plot2DBtmAxis_TItem.cxx">
      <Filter>ForgLib\Visual\Plot\2D\Tools\Axes\Bottom Axis</Filter>
    </ClCompile>
    <ClCompile Include="ForgLib\Visual\Plot\2D\Tools\Axes\Left Axis\FrgVisual_Plot2DLeftAxis_TItem.cxx">
      <Filter>ForgLib\Visual\Plot\2D\Tools\Axes\Left Axis</Filter>
    </ClCompile>
    <ClCompile Include="ForgLib\Visual\Plot\2D\Tools\Axes\Entity\FrgVisual_Plot2DAxisEntity_TItem.cxx">
      <Filter>ForgLib\Visual\Plot\2D\Tools\Axes\Entity</Filter>
    </ClCompile>
    <ClCompile Include="ForgLib\Visual\Plot\2D\Tools\Axes\Entity\Title\FrgVisual_Plot2DAxisTitle_TItem.cxx">
      <Filter>ForgLib\Visual\Plot\2D\Tools\Axes\Entity\Title</Filter>
    </ClCompile>
    <ClCompile Include="ForgLib\Visual\Plot\2D\Tools\ChartXY\FrgVisual_Plot2D_ChartXY.cxx">
      <Filter>ForgLib\Visual\Plot\2D\Tools\ChartXY</Filter>
    </ClCompile>
    <ClCompile Include="ForgLib\Visual\Scene\3D\Tools\CameraManipGUIHelper\FrgVisual_Scene_CameraManipGUIHelper.cxx">
      <Filter>ForgLib\Visual\Scene\3D\Tools\CameraManipGUIHelper</Filter>
    </ClCompile>
    <ClCompile Include="ForgLib\Visual\Scene\3D\Tools\CameraManip\FrgVisual_Scene_CameraManip.cxx">
      <Filter>ForgLib\Visual\Scene\3D\Tools\CameraManip</Filter>
    </ClCompile>
  </ItemGroup>
  <ItemGroup>
    <QtRcc Include="ForgVisual.qrc">
      <Filter>Resource Files</Filter>
    </QtRcc>
  </ItemGroup>
  <ItemGroup>
    <ClInclude Include="ForgLib\Visual\Global\FrgVisual_Global.hxx">
      <Filter>ForgLib\Visual\Global</Filter>
    </ClInclude>
    <ClInclude Include="ForgLib\Visual\Global\FrgVisual_Global_Build.hxx">
      <Filter>ForgLib\Visual\Global</Filter>
    </ClInclude>
    <ClInclude Include="ForgLib\Visual\Plot\3D\FrgVisual_Plot3D.hxx">
      <Filter>ForgLib\Visual\Plot\3D</Filter>
    </ClInclude>
    <ClInclude Include="ForgLib\Visual\Scene\2D\FrgVisual_Scene2D.hxx">
      <Filter>ForgLib\Visual\Scene\2D</Filter>
    </ClInclude>
    <ClInclude Include="ForgLib\Visual\Scene\2D\Tools\InteractorStyle\FrgVisual_Scene_InterStyle2D.hxx">
      <Filter>ForgLib\Visual\Scene\2D\Tools\InteractorStyle</Filter>
    </ClInclude>
    <ClInclude Include="ForgLib\Visual\Scene\3D\Tools\InteractorStyle\FrgVisual_Scene_InterStyle3D.hxx">
      <Filter>ForgLib\Visual\Scene\3D\Tools\InteractorStyle</Filter>
    </ClInclude>
    <ClInclude Include="ForgLib\Visual\Scene\FrgVisual_Scene.hxx">
      <Filter>ForgLib\Visual\Scene</Filter>
    </ClInclude>
    <ClInclude Include="ForgLib\Visual\Scene\3D\FrgVisual_Scene3D.hxx">
      <Filter>ForgLib\Visual\Scene\3D</Filter>
    </ClInclude>
    <ClInclude Include="ForgLib\Visual\Scene\3D\FrgVisual_Scene3DI.hxx">
      <Filter>ForgLib\Visual\Scene\3D</Filter>
    </ClInclude>
    <ClInclude Include="ForgLib\Visual\Plot\FrgVisual_Plot.hxx">
      <Filter>ForgLib\Visual\Plot</Filter>
    </ClInclude>
    <ClInclude Include="ForgLib\Visual\Plot\2D\FrgVisual_Plot2D.hxx">
      <Filter>ForgLib\Visual\Plot\2D</Filter>
    </ClInclude>
    <ClInclude Include="ForgLib\Visual\Plot\2D\Tools\ChartXY\FrgVisual_Plot2D_ChartXY.hxx">
      <Filter>ForgLib\Visual\Plot\2D\Tools\ChartXY</Filter>
    </ClInclude>
    <ClInclude Include="ForgLib\Visual\Scene\3D\Tools\CameraManipGUIHelper\FrgVisual_Scene_CameraManipGUIHelper.hxx">
      <Filter>ForgLib\Visual\Scene\3D\Tools\CameraManipGUIHelper</Filter>
    </ClInclude>
    <ClInclude Include="ForgLib\Visual\Scene\3D\Tools\CameraManip\FrgVisual_Scene_CameraManip.hxx">
      <Filter>ForgLib\Visual\Scene\3D\Tools\CameraManip</Filter>
    </ClInclude>
  </ItemGroup>
  <ItemGroup>
    <QtMoc Include="ForgLib\Visual\Scene\TreeItem\FrgVisual_Scene_TItem.hxx">
      <Filter>ForgLib\Visual\Scene\TreeItem</Filter>
    </QtMoc>
    <QtMoc Include="ForgLib\Visual\Scene\3D\TreeItem\FrgVisual_Scene3D_TItem.hxx">
      <Filter>ForgLib\Visual\Scene\3D\TreeItem</Filter>
    </QtMoc>
    <QtMoc Include="ForgLib\Visual\Scene\2D\TreeItem\FrgVisual_Scene2D_TItem.hxx">
      <Filter>ForgLib\Visual\Scene\2D\TreeItem</Filter>
    </QtMoc>
    <QtMoc Include="ForgLib\Visual\Plot\TreeItem\FrgVisual_Plot_TItem.hxx">
      <Filter>ForgLib\Visual\Plot\TreeItem</Filter>
    </QtMoc>
    <QtMoc Include="ForgLib\Visual\Plot\2D\TreeItem\FrgVisual_Plot2D_TItem.hxx">
      <Filter>ForgLib\Visual\Plot\2D\TreeItem</Filter>
    </QtMoc>
    <QtMoc Include="ForgLib\Visual\Plot\2D\Tools\Legend\FrgVisual_Plot2DLegend_TItem.hxx">
      <Filter>ForgLib\Visual\Plot\2D\Tools\Legend</Filter>
    </QtMoc>
    <QtMoc Include="ForgLib\Visual\Plot\2D\Tools\Data Series\FrgVisual_Plot2DDataSeries_TItem.hxx">
      <Filter>ForgLib\Visual\Plot\2D\Tools\Data Series</Filter>
    </QtMoc>
    <QtMoc Include="ForgLib\Visual\Plot\2D\Tools\Data Series\Line Style\FrgVisual_Plot2DLnStyle_TItem.hxx">
      <Filter>ForgLib\Visual\Plot\2D\Tools\Data Series\Line Style</Filter>
    </QtMoc>
    <QtMoc Include="ForgLib\Visual\Plot\2D\Tools\Data Series\Symbol Style\FrgVisual_Plot2DSmblStyle_TItem.hxx">
      <Filter>ForgLib\Visual\Plot\2D\Tools\Data Series\Symbol Style</Filter>
    </QtMoc>
    <QtMoc Include="ForgLib\Visual\Plot\2D\Tools\Axes\Bottom Axis\FrgVisual_Plot2DBtmAxis_TItem.hxx">
      <Filter>ForgLib\Visual\Plot\2D\Tools\Axes\Bottom Axis</Filter>
    </QtMoc>
    <QtMoc Include="ForgLib\Visual\Plot\2D\Tools\Axes\Left Axis\FrgVisual_Plot2DLeftAxis_TItem.hxx">
      <Filter>ForgLib\Visual\Plot\2D\Tools\Axes\Left Axis</Filter>
    </QtMoc>
    <QtMoc Include="ForgLib\Visual\Plot\2D\Tools\Axes\Entity\FrgVisual_Plot2DAxisEntity_TItem.hxx">
      <Filter>ForgLib\Visual\Plot\2D\Tools\Axes\Entity</Filter>
    </QtMoc>
    <QtMoc Include="ForgLib\Visual\Plot\2D\Tools\Axes\Entity\Title\FrgVisual_Plot2DAxisTitle_TItem.hxx">
      <Filter>ForgLib\Visual\Plot\2D\Tools\Axes\Entity\Title</Filter>
    </QtMoc>
    <QtMoc Include="ForgLib\Visual\Plot\2D\Tools\Axes\FrgVisual_Plot2DAxes_TItem.hxx">
      <Filter>ForgLib\Visual\Plot\2D\Tools\Axes</Filter>
    </QtMoc>
  </ItemGroup>
</Project>