<?xml version="1.0" encoding="utf-8"?>
<Project ToolsVersion="4.0" xmlns="http://schemas.microsoft.com/developer/msbuild/2003">
  <ItemGroup>
    <Filter Include="Source Files">
      <UniqueIdentifier>{4FC737F1-C7A5-4376-A066-2A32D752A2FF}</UniqueIdentifier>
      <Extensions>cpp;c;cc;cxx;def;odl;idl;hpj;bat;asm;asmx</Extensions>
    </Filter>
    <Filter Include="Header Files">
      <UniqueIdentifier>{93995380-89BD-4b04-88EB-625FBE52EBFB}</UniqueIdentifier>
      <Extensions>h;hh;hpp;hxx;hm;inl;inc;xsd</Extensions>
    </Filter>
    <Filter Include="Resource Files">
      <UniqueIdentifier>{D9D6E242-F8AF-46E4-B9FD-80ECBC20BA3E}</UniqueIdentifier>
      <Extensions>qrc;*</Extensions>
      <ParseFiles>false</ParseFiles>
    </Filter>
    <Filter Include="Resource Files">
      <UniqueIdentifier>{D9D6E242-F8AF-46E4-B9FD-80ECBC20BA3E}</UniqueIdentifier>
      <Extensions>qrc;*</Extensions>
      <ParseFiles>false</ParseFiles>
    </Filter>
    <Filter Include="FrgWidgets">
      <UniqueIdentifier>{a6caad39-c278-47c7-972e-ca4af9ed1bcc}</UniqueIdentifier>
    </Filter>
    <Filter Include="FrgBaseGlobals">
      <UniqueIdentifier>{7fcefc72-bd6f-4fc1-a27f-5b3c9e66d6e7}</UniqueIdentifier>
    </Filter>
    <Filter Include="FrgWidgets\FrgBaseDlgs">
      <UniqueIdentifier>{eec51d8d-a629-42f3-83a8-9519440598f8}</UniqueIdentifier>
    </Filter>
    <Filter Include="FrgWidgets\FrgBaseThread">
      <UniqueIdentifier>{f775e0ed-3062-4a5d-a152-38aad108055d}</UniqueIdentifier>
    </Filter>
    <Filter Include="FrgWidgets\FrgBaseMainWindow">
      <UniqueIdentifier>{b561023f-e0b4-44df-acff-2b3807809372}</UniqueIdentifier>
    </Filter>
    <Filter Include="FrgWidgets\FrgBaseMenu">
      <UniqueIdentifier>{6fc5077a-c04e-439f-84cd-29c3c88a2434}</UniqueIdentifier>
    </Filter>
    <Filter Include="FrgWidgets\FrgBaseTree">
      <UniqueIdentifier>{747cc7b9-a012-4718-9680-bedb2b529270}</UniqueIdentifier>
    </Filter>
    <Filter Include="FrgWidgets\FrgBaseTreeItem">
      <UniqueIdentifier>{a2a1295c-1a67-4404-9fdc-12a0fa1aeacd}</UniqueIdentifier>
    </Filter>
    <Filter Include="FrgWidgets\FrgBaseSceneTreeItem">
      <UniqueIdentifier>{c96c7ca1-d890-41ab-baf0-f7c5d7125d95}</UniqueIdentifier>
    </Filter>
    <Filter Include="FrgWidgets\FrgBaseVTKEntities">
      <UniqueIdentifier>{e2cb6e25-d84a-48be-a6b2-48b33920fe49}</UniqueIdentifier>
    </Filter>
    <Filter Include="FrgWidgets\FrgBaseVTKEntities\FrgBaseInteractorStyle">
      <UniqueIdentifier>{4c1126e0-f79e-4274-8d5d-d38385213780}</UniqueIdentifier>
    </Filter>
    <Filter Include="FrgWidgets\FrgBaseVTKEntities\FrgBasePlot2D">
      <UniqueIdentifier>{7a1769dd-43c6-4413-9f36-bfdc4916a81c}</UniqueIdentifier>
    </Filter>
    <Filter Include="FrgWidgets\FrgBaseTreeItemProperties">
      <UniqueIdentifier>{90ce8d14-8b32-4dbe-b22d-9b576a5b2533}</UniqueIdentifier>
    </Filter>
    <Filter Include="FrgWidgets\FrgBaseTabWidget">
      <UniqueIdentifier>{f7488a61-e33a-4cd4-b45c-28700df8bcb6}</UniqueIdentifier>
    </Filter>
    <Filter Include="FrgWidgets\FrgBaseTabBar">
      <UniqueIdentifier>{60307433-6956-41b7-af39-916dcfb01d4b}</UniqueIdentifier>
    </Filter>
    <Filter Include="FrgWidgets\FrgBaseVTKEntities\FrgBaseVTKAxis">
      <UniqueIdentifier>{c015cdea-40f6-44f2-afcf-27657e9fe209}</UniqueIdentifier>
    </Filter>
  </ItemGroup>
  <ItemGroup>
    <ClCompile Include="FrgWidgets\FrgBaseDlgs\FrgBaseDlgLoadSim.cxx">
      <Filter>FrgWidgets\FrgBaseDlgs</Filter>
    </ClCompile>
    <ClCompile Include="FrgWidgets\FrgBaseDlgs\FrgBaseDlgNewSim.cxx">
      <Filter>FrgWidgets\FrgBaseDlgs</Filter>
    </ClCompile>
    <ClCompile Include="FrgWidgets\FrgBaseThread\FrgBaseThread.cxx">
      <Filter>FrgWidgets\FrgBaseThread</Filter>
    </ClCompile>
    <ClCompile Include="FrgWidgets\FrgBaseMainWindow\FrgBaseMainWindow.cxx">
      <Filter>FrgWidgets\FrgBaseMainWindow</Filter>
    </ClCompile>
    <ClCompile Include="FrgWidgets\FrgBaseMenu\FrgBaseMenu.cxx">
      <Filter>FrgWidgets\FrgBaseMenu</Filter>
    </ClCompile>
    <ClCompile Include="FrgWidgets\FrgBaseMenu\FrgBaseMenuFile.cxx">
      <Filter>FrgWidgets\FrgBaseMenu</Filter>
    </ClCompile>
    <ClCompile Include="FrgWidgets\FrgBaseTree\FrgBaseTree.cxx">
      <Filter>FrgWidgets\FrgBaseTree</Filter>
    </ClCompile>
    <ClCompile Include="FrgWidgets\FrgBaseTreeItem\FrgBaseTreeItem.cxx">
      <Filter>FrgWidgets\FrgBaseTreeItem</Filter>
    </ClCompile>
    <ClCompile Include="FrgWidgets\FrgBaseSceneTreeItem\FrgBaseSceneTreeItem.cxx">
      <Filter>FrgWidgets\FrgBaseSceneTreeItem</Filter>
    </ClCompile>
    <ClCompile Include="FrgWidgets\FrgBaseVTKEntities\FrgBaseInteractorStyle\FrgBaseInteractorStyle.cxx">
      <Filter>FrgWidgets\FrgBaseVTKEntities\FrgBaseInteractorStyle</Filter>
    </ClCompile>
    <ClCompile Include="FrgWidgets\FrgBaseVTKEntities\FrgBasePlot2D\FrgBasePlot2D.cxx">
      <Filter>FrgWidgets\FrgBaseVTKEntities\FrgBasePlot2D</Filter>
    </ClCompile>
    <ClCompile Include="FrgWidgets\FrgBaseTreeItemProperties\FrgBaseTreeItemProperties.cxx">
      <Filter>FrgWidgets\FrgBaseTreeItemProperties</Filter>
    </ClCompile>
    <ClCompile Include="FrgWidgets\FrgBaseTabWidget\FrgBaseTabWidget.cxx">
      <Filter>FrgWidgets\FrgBaseTabWidget</Filter>
    </ClCompile>
    <ClCompile Include="FrgWidgets\FrgBaseTabBar\FrgBaseTabBar.cxx">
      <Filter>FrgWidgets\FrgBaseTabBar</Filter>
    </ClCompile>
    <ClCompile Include="FrgWidgets\FrgBaseVTKEntities\FrgBaseVTKAxis\FrgBaseVTKAxis.cxx">
      <Filter>FrgWidgets\FrgBaseVTKEntities\FrgBaseVTKAxis</Filter>
    </ClCompile>
  </ItemGroup>
  <ItemGroup>
    <ClInclude Include="FrgBaseGlobals\FrgBaseGlobals.hxx">
      <Filter>FrgBaseGlobals</Filter>
    </ClInclude>
    <ClInclude Include="FrgBaseGlobals\FrgBaseGlobalsBuild.hxx">
      <Filter>FrgBaseGlobals</Filter>
    </ClInclude>
    <ClInclude Include="FrgBaseGlobals\FrgBaseGlobalsTypes.hxx">
      <Filter>FrgBaseGlobals</Filter>
    </ClInclude>
    <ClInclude Include="FrgBaseGlobals\FrgBaseGlobalsThread.hxx">
      <Filter>FrgBaseGlobals</Filter>
    </ClInclude>
    <ClInclude Include="FrgWidgets\FrgBaseThread\FrgBaseThread.hxx">
      <Filter>FrgWidgets\FrgBaseThread</Filter>
    </ClInclude>
    <ClInclude Include="FrgWidgets\FrgBaseMenu\FrgBaseMenu.hxx">
      <Filter>FrgWidgets\FrgBaseMenu</Filter>
    </ClInclude>
    <ClInclude Include="FrgWidgets\FrgBaseMenu\FrgBaseMenuFile.hxx">
      <Filter>FrgWidgets\FrgBaseMenu</Filter>
    </ClInclude>
    <ClInclude Include="FrgWidgets\FrgBaseTreeItem\FrgBaseTreeItem.hxx">
      <Filter>FrgWidgets\FrgBaseTreeItem</Filter>
    </ClInclude>
    <ClInclude Include="FrgWidgets\FrgBaseSceneTreeItem\FrgBaseSceneTreeItem.hxx">
      <Filter>FrgWidgets\FrgBaseSceneTreeItem</Filter>
    </ClInclude>
    <ClInclude Include="FrgWidgets\FrgBaseVTKEntities\FrgBaseInteractorStyle\FrgBaseInteractorStyle.hxx">
      <Filter>FrgWidgets\FrgBaseVTKEntities\FrgBaseInteractorStyle</Filter>
    </ClInclude>
    <ClInclude Include="FrgWidgets\FrgBaseTreeItemProperties\FrgBaseTreeItemProperties.hxx">
      <Filter>FrgWidgets\FrgBaseTreeItemProperties</Filter>
    </ClInclude>
    <ClInclude Include="FrgWidgets\FrgBaseVTKEntities\FrgBaseVTKAxis\FrgBaseVTKAxis.hxx">
      <Filter>FrgWidgets\FrgBaseVTKEntities\FrgBaseVTKAxis</Filter>
    </ClInclude>
  </ItemGroup>
  <ItemGroup>
    <QtMoc Include="FrgWidgets\FrgBaseDlgs\FrgBaseDlgLoadSim.hxx">
      <Filter>FrgWidgets\FrgBaseDlgs</Filter>
    </QtMoc>
    <QtMoc Include="FrgWidgets\FrgBaseDlgs\FrgBaseDlgNewSim.hxx">
      <Filter>FrgWidgets\FrgBaseDlgs</Filter>
    </QtMoc>
    <QtMoc Include="FrgWidgets\FrgBaseMainWindow\FrgBaseMainWindow.hxx">
      <Filter>FrgWidgets\FrgBaseMainWindow</Filter>
    </QtMoc>
    <QtMoc Include="FrgWidgets\FrgBaseTree\FrgBaseTree.hxx">
      <Filter>FrgWidgets\FrgBaseTree</Filter>
    </QtMoc>
    <QtMoc Include="FrgWidgets\FrgBaseTabWidget\FrgBaseTabWidget.hxx">
      <Filter>FrgWidgets\FrgBaseTabWidget</Filter>
    </QtMoc>
    <QtMoc Include="FrgWidgets\FrgBaseVTKEntities\FrgBasePlot2D\FrgBasePlot2D.hxx">
      <Filter>FrgWidgets\FrgBaseVTKEntities\FrgBasePlot2D</Filter>
    </QtMoc>
    <QtMoc Include="FrgWidgets\FrgBaseTabBar\FrgBaseTabBar.hxx">
      <Filter>FrgWidgets\FrgBaseTabBar</Filter>
    </QtMoc>
  </ItemGroup>
  <ItemGroup>
    <QtRcc Include="Resources\ForgGuiResources.qrc">
      <Filter>Resource Files</Filter>
    </QtRcc>
  </ItemGroup>
</Project>