<?xml version="1.0" encoding="utf-8"?>
<Project ToolsVersion="4.0" xmlns="http://schemas.microsoft.com/developer/msbuild/2003">
  <ItemGroup>
    <Filter Include="Source Files">
      <UniqueIdentifier>{4FC737F1-C7A5-4376-A066-2A32D752A2FF}</UniqueIdentifier>
      <Extensions>cpp;c;cc;cxx;def;odl;idl;hpj;bat;asm;asmx</Extensions>
    </Filter>
    <Filter Include="Header Files">
      <UniqueIdentifier>{93995380-89BD-4b04-88EB-625FBE52EBFB}</UniqueIdentifier>
      <Extensions>h;hh;hpp;hxx;hm;inl;inc;xsd</Extensions>
    </Filter>
    <Filter Include="Resource Files">
      <UniqueIdentifier>{D9D6E242-F8AF-46E4-B9FD-80ECBC20BA3E}</UniqueIdentifier>
      <Extensions>qrc;*</Extensions>
      <ParseFiles>false</ParseFiles>
    </Filter>
    <Filter Include="Resource Files">
      <UniqueIdentifier>{D9D6E242-F8AF-46E4-B9FD-80ECBC20BA3E}</UniqueIdentifier>
      <Extensions>qrc;*</Extensions>
      <ParseFiles>false</ParseFiles>
    </Filter>
    <Filter Include="FrgWidgets">
      <UniqueIdentifier>{a6caad39-c278-47c7-972e-ca4af9ed1bcc}</UniqueIdentifier>
    </Filter>
    <Filter Include="FrgBaseGlobals">
      <UniqueIdentifier>{7fcefc72-bd6f-4fc1-a27f-5b3c9e66d6e7}</UniqueIdentifier>
    </Filter>
    <Filter Include="FrgWidgets\FrgBaseDlgs">
      <UniqueIdentifier>{eec51d8d-a629-42f3-83a8-9519440598f8}</UniqueIdentifier>
    </Filter>
    <Filter Include="FrgWidgets\FrgBaseThread">
      <UniqueIdentifier>{f775e0ed-3062-4a5d-a152-38aad108055d}</UniqueIdentifier>
    </Filter>
    <Filter Include="FrgWidgets\FrgBaseMainWindow">
      <UniqueIdentifier>{b561023f-e0b4-44df-acff-2b3807809372}</UniqueIdentifier>
    </Filter>
    <Filter Include="FrgWidgets\FrgBaseMenu">
      <UniqueIdentifier>{6fc5077a-c04e-439f-84cd-29c3c88a2434}</UniqueIdentifier>
    </Filter>
    <Filter Include="FrgWidgets\FrgBaseTree">
      <UniqueIdentifier>{747cc7b9-a012-4718-9680-bedb2b529270}</UniqueIdentifier>
    </Filter>
    <Filter Include="FrgWidgets\FrgBaseTreeItem">
      <UniqueIdentifier>{a2a1295c-1a67-4404-9fdc-12a0fa1aeacd}</UniqueIdentifier>
    </Filter>
    <Filter Include="FrgWidgets\FrgBaseVTKEntities">
      <UniqueIdentifier>{e2cb6e25-d84a-48be-a6b2-48b33920fe49}</UniqueIdentifier>
    </Filter>
    <Filter Include="FrgWidgets\FrgBaseVTKEntities\FrgBaseInteractorStyle">
      <UniqueIdentifier>{4c1126e0-f79e-4274-8d5d-d38385213780}</UniqueIdentifier>
    </Filter>
    <Filter Include="FrgWidgets\FrgBaseVTKEntities\FrgBasePlot2D">
      <UniqueIdentifier>{7a1769dd-43c6-4413-9f36-bfdc4916a81c}</UniqueIdentifier>
    </Filter>
    <Filter Include="FrgWidgets\FrgBaseTreeItemProperties">
      <UniqueIdentifier>{90ce8d14-8b32-4dbe-b22d-9b576a5b2533}</UniqueIdentifier>
    </Filter>
    <Filter Include="FrgWidgets\FrgBaseTabWidget">
      <UniqueIdentifier>{f7488a61-e33a-4cd4-b45c-28700df8bcb6}</UniqueIdentifier>
    </Filter>
    <Filter Include="FrgWidgets\FrgBaseTabBar">
      <UniqueIdentifier>{60307433-6956-41b7-af39-916dcfb01d4b}</UniqueIdentifier>
    </Filter>
    <Filter Include="FrgWidgets\FrgBaseVTKEntities\FrgBaseVTKAxis">
      <UniqueIdentifier>{c015cdea-40f6-44f2-afcf-27657e9fe209}</UniqueIdentifier>
    </Filter>
    <Filter Include="FrgWidgets\FrgBaseCADModeling">
      <UniqueIdentifier>{343ed39e-26a7-4bd7-8ace-deca6188520f}</UniqueIdentifier>
    </Filter>
    <Filter Include="FrgWidgets\FrgBaseCADModeling\FrgBaseCADGeometry">
      <UniqueIdentifier>{0621626c-c327-4d33-a881-4b45f43d6099}</UniqueIdentifier>
    </Filter>
    <Filter Include="FrgWidgets\FrgBaseCADModeling\FrgBaseCADPart">
      <UniqueIdentifier>{92460382-51b5-4dff-a561-a7357d39b23e}</UniqueIdentifier>
    </Filter>
    <Filter Include="FrgWidgets\FrgBaseCADModeling\FrgBaseCADScene">
      <UniqueIdentifier>{a1a7d96f-0b74-492c-ae99-0ebc46ea3080}</UniqueIdentifier>
    </Filter>
    <Filter Include="FrgWidgets\FrgBaseMenu\FrgMenu_File">
      <UniqueIdentifier>{60e62489-50a4-4a52-be50-f5482c595cd0}</UniqueIdentifier>
    </Filter>
    <Filter Include="FrgWidgets\FrgBaseMenu\FrgMenu_Edit">
      <UniqueIdentifier>{d1c04cb6-2bdf-4f14-ac73-0cf82b9dc8ef}</UniqueIdentifier>
    </Filter>
    <Filter Include="FrgWidgets\FrgBaseMenu\FrgMenu_Models">
      <UniqueIdentifier>{e9ad0161-7293-4872-a039-170e4c858122}</UniqueIdentifier>
    </Filter>
    <Filter Include="FrgWidgets\FrgBaseMenu\FrgMenu_Solution">
      <UniqueIdentifier>{d612a8b5-415f-46a7-9380-21a2159db610}</UniqueIdentifier>
    </Filter>
    <Filter Include="FrgWidgets\FrgBaseMenu\FrgMenu_Mesh">
      <UniqueIdentifier>{03cb2113-c366-4aca-8c2e-26b60de172e4}</UniqueIdentifier>
    </Filter>
    <Filter Include="FrgWidgets\FrgBaseMenu\FrgMenu_View">
      <UniqueIdentifier>{78bd6130-e6af-448a-b549-4769ef66a942}</UniqueIdentifier>
    </Filter>
    <Filter Include="FrgWidgets\FrgBaseMenu\FrgMenu_Help">
      <UniqueIdentifier>{4485987f-3a00-48c7-9e7f-a10d91189d01}</UniqueIdentifier>
    </Filter>
    <Filter Include="FrgWidgets\FrgBaseCADModeling\FrgBaseCADPart\FrgBaseCADPartFeatures">
      <UniqueIdentifier>{4ef72719-f1ce-4e4a-bc99-19512fffd017}</UniqueIdentifier>
    </Filter>
    <Filter Include="FrgWidgets\FrgBaseCAD">
      <UniqueIdentifier>{bdf1a998-c7e0-45bb-b366-3239bb328bd3}</UniqueIdentifier>
    </Filter>
    <Filter Include="FrgWidgets\FrgBaseCAD\FrgBaseCAD_Part">
      <UniqueIdentifier>{9902e00b-17f8-4667-a1cf-d78d4d8572f6}</UniqueIdentifier>
    </Filter>
    <Filter Include="FrgWidgets\FrgBaseCAD\FrgBaseCAD_Part\FrgBaseCADPart_Features">
      <UniqueIdentifier>{7ff57060-2327-4210-86e7-080b433cdb46}</UniqueIdentifier>
    </Filter>
    <Filter Include="ForgLib">
      <UniqueIdentifier>{228f58fc-f5e5-403b-9ac1-353e2e914302}</UniqueIdentifier>
    </Filter>
    <Filter Include="ForgLib\Base">
      <UniqueIdentifier>{acec5696-ec60-4a94-bd00-aaa6e99ca3d0}</UniqueIdentifier>
    </Filter>
    <Filter Include="ForgLib\Base\Global">
      <UniqueIdentifier>{558399ec-6eb8-4d25-ae3d-b631e837d34e}</UniqueIdentifier>
    </Filter>
    <Filter Include="ForgLib\Base\Widgets">
      <UniqueIdentifier>{151cdec4-e7ce-482c-8ae3-3d39d4ead94f}</UniqueIdentifier>
    </Filter>
    <Filter Include="ForgLib\Base\Widgets\Tree">
      <UniqueIdentifier>{f5f249d6-7487-4188-9984-f8a9af6f03bf}</UniqueIdentifier>
    </Filter>
    <Filter Include="ForgLib\Base\Widgets\MainWindow">
      <UniqueIdentifier>{a33d8920-532b-4f81-b8b4-67dc3560806c}</UniqueIdentifier>
    </Filter>
    <Filter Include="ForgLib\Base\Widgets\Menu">
      <UniqueIdentifier>{52b463e6-77aa-4772-a7f9-b6bca26672f9}</UniqueIdentifier>
    </Filter>
    <Filter Include="ForgLib\Base\Widgets\Menu\File">
      <UniqueIdentifier>{33ecb358-5072-44a9-9fed-176dce9a9d22}</UniqueIdentifier>
    </Filter>
    <Filter Include="ForgLib\Base\Widgets\Menu\Edit">
      <UniqueIdentifier>{7c1183d9-446a-4e7a-b302-f8b7cbb67d9d}</UniqueIdentifier>
    </Filter>
    <Filter Include="ForgLib\Base\Widgets\Menu\Help">
      <UniqueIdentifier>{b349aa63-a220-4dac-8c26-087ae299d7e2}</UniqueIdentifier>
    </Filter>
    <Filter Include="ForgLib\Base\Widgets\Menu\Window">
      <UniqueIdentifier>{85b314bb-9c77-4eb6-a109-89b3ef19b293}</UniqueIdentifier>
    </Filter>
    <Filter Include="ForgLib\Base\Widgets\Menu\Tools">
      <UniqueIdentifier>{5b221303-a64b-460a-a69d-da8f48bf53f4}</UniqueIdentifier>
    </Filter>
    <Filter Include="ForgLib\Base\Widgets\TabWindow">
      <UniqueIdentifier>{9b01a4e5-587e-4368-89c3-d90f75d44cc5}</UniqueIdentifier>
    </Filter>
    <Filter Include="ForgLib\Base\Widgets\TabWindow\TabBar">
      <UniqueIdentifier>{1a496f10-c42e-4c0f-a8de-23b0a9660004}</UniqueIdentifier>
    </Filter>
    <Filter Include="ForgLib\Base\Widgets\TabWindow\TabWidget">
      <UniqueIdentifier>{0fd88195-272e-43a4-9b5c-2dcb45c733b3}</UniqueIdentifier>
    </Filter>
    <Filter Include="ForgLib\Base\Core">
      <UniqueIdentifier>{a281becb-19d8-4ce6-8783-05f556839d11}</UniqueIdentifier>
    </Filter>
    <Filter Include="ForgLib\Base\Core\Thread">
      <UniqueIdentifier>{2c338c59-fc31-4c8c-92d0-25e9747b167f}</UniqueIdentifier>
    </Filter>
    <Filter Include="ForgLib\Base\Widgets\TreeItem">
      <UniqueIdentifier>{b1160f4d-dad1-4505-80b0-bcf03d0ec5c4}</UniqueIdentifier>
    </Filter>
    <Filter Include="ForgLib\Base\Widgets\Dialogs">
      <UniqueIdentifier>{f1528b03-8f4d-4a74-8df7-30d8f7a54444}</UniqueIdentifier>
    </Filter>
    <Filter Include="ForgLib\Base\Widgets\Dialogs\New">
      <UniqueIdentifier>{0dc55f40-eda7-48b0-afd5-e0cb9376e868}</UniqueIdentifier>
    </Filter>
    <Filter Include="ForgLib\Base\Widgets\Dialogs\Load">
      <UniqueIdentifier>{d25a0070-c2ab-4827-b89f-8d7ae10713ad}</UniqueIdentifier>
    </Filter>
    <Filter Include="ForgLib\Base\Widgets\Dialogs\YesNo">
      <UniqueIdentifier>{72dd2823-76e7-46ab-9405-6556a9ee5454}</UniqueIdentifier>
    </Filter>
    <Filter Include="ForgLib\Base\Widgets\Console">
      <UniqueIdentifier>{5f930cd5-6701-48f2-9737-f66b5b57fb66}</UniqueIdentifier>
    </Filter>
    <Filter Include="ForgLib\Base\Core\Object">
      <UniqueIdentifier>{f9860860-8b76-492d-9436-abdedc01e01b}</UniqueIdentifier>
    </Filter>
    <Filter Include="ForgLib\Base\Widgets\Properties">
      <UniqueIdentifier>{67413585-79df-4a9a-b53f-d1de88ca51a4}</UniqueIdentifier>
    </Filter>
    <Filter Include="ForgLib\Base\Widgets\Dialogs\RenameTItem">
      <UniqueIdentifier>{7b8caaf7-31a0-4943-86ec-4f51e312fb45}</UniqueIdentifier>
    </Filter>
    <Filter Include="ForgLib\Base\Core\Settings">
      <UniqueIdentifier>{ab317871-8624-4b52-af13-fdb728c2b799}</UniqueIdentifier>
    </Filter>
    <Filter Include="ForgLib\Base\Core\Application">
      <UniqueIdentifier>{84e6a285-3997-4f82-a231-8c41e1bd1bfa}</UniqueIdentifier>
    </Filter>
    <Filter Include="ForgLib\Base\Core\Application\ApplicationCore">
      <UniqueIdentifier>{172f9f61-33f5-4091-97cc-e452c463d402}</UniqueIdentifier>
    </Filter>
    <Filter Include="ForgLib\Base\Core\UndoStack">
      <UniqueIdentifier>{15e18609-0fc8-4cb6-9edd-d76060008221}</UniqueIdentifier>
    </Filter>
    <Filter Include="ForgLib\Base\Widgets\Properties\Panel">
      <UniqueIdentifier>{64ce7335-bf76-490d-acca-7fb822e645b2}</UniqueIdentifier>
    </Filter>
    <Filter Include="ForgLib\Base\Widgets\Properties\Delegates">
      <UniqueIdentifier>{b5966c14-6ee9-4cb3-be9a-0b094ae418d0}</UniqueIdentifier>
    </Filter>
    <Filter Include="ForgLib\Base\Widgets\Properties\Delegates\Base">
      <UniqueIdentifier>{957c7f14-fa57-4d4d-b725-12a25d826520}</UniqueIdentifier>
    </Filter>
    <Filter Include="ForgLib\Base\Widgets\Properties\Delegates\Double">
      <UniqueIdentifier>{bb5fad93-bcab-4333-9e07-48e09ea14c2e}</UniqueIdentifier>
    </Filter>
    <Filter Include="ForgLib\Base\Widgets\Properties\Delegates\Int">
      <UniqueIdentifier>{63b3127d-997d-45d6-84a4-068d85f019cb}</UniqueIdentifier>
    </Filter>
    <Filter Include="ForgLib\Base\Widgets\Properties\Editors">
      <UniqueIdentifier>{f5201bf1-5f6f-47bc-a46a-be7de6a73eb4}</UniqueIdentifier>
    </Filter>
    <Filter Include="ForgLib\Base\Widgets\Properties\Editors\Double">
      <UniqueIdentifier>{c7a4ac40-7627-4897-82e2-89b7f4b5f629}</UniqueIdentifier>
    </Filter>
    <Filter Include="ForgLib\Base\Widgets\Properties\Editors\Base">
      <UniqueIdentifier>{0ba4f6fb-614d-499b-800d-731337184941}</UniqueIdentifier>
    </Filter>
    <Filter Include="ForgLib\Base\Widgets\Properties\Editors\Int">
      <UniqueIdentifier>{6092dafb-a77a-4892-80c5-2a55c1ed69b3}</UniqueIdentifier>
    </Filter>
    <Filter Include="ForgLib\Base\Widgets\Properties\Variants">
      <UniqueIdentifier>{6d43bbe1-6b5f-4935-8094-1a8e5ff85c21}</UniqueIdentifier>
    </Filter>
    <Filter Include="ForgLib\Base\Widgets\Properties\Variants\Int">
      <UniqueIdentifier>{c2cf811a-5357-40af-8cc4-f37d99cc22f3}</UniqueIdentifier>
    </Filter>
    <Filter Include="ForgLib\Base\Widgets\Properties\Variants\Double">
      <UniqueIdentifier>{4abdd5a5-edb7-4fc5-aa58-f24b124c5222}</UniqueIdentifier>
    </Filter>
    <Filter Include="ForgLib\Base\Widgets\Properties\Widgets">
      <UniqueIdentifier>{c3c941c1-20f3-4d79-b400-23b9936fe4d9}</UniqueIdentifier>
    </Filter>
    <Filter Include="ForgLib\Base\Widgets\Properties\Widgets\Int">
      <UniqueIdentifier>{d9486575-989b-460b-a933-16ec3218512a}</UniqueIdentifier>
    </Filter>
    <Filter Include="ForgLib\Base\Widgets\Properties\Variants\OneValue">
      <UniqueIdentifier>{b74213b2-d270-475f-a42b-5349d42a8933}</UniqueIdentifier>
    </Filter>
    <Filter Include="ForgLib\Base\Widgets\Properties\Variants\String">
      <UniqueIdentifier>{09dea075-93e6-49a9-afb4-9805720f60b6}</UniqueIdentifier>
    </Filter>
    <Filter Include="ForgLib\Base\Widgets\Properties\Widgets\OneValue">
      <UniqueIdentifier>{647a72d1-c79c-432a-a9df-6605547342b1}</UniqueIdentifier>
    </Filter>
    <Filter Include="ForgLib\Base\Widgets\Properties\Widgets\Double">
      <UniqueIdentifier>{6664d69e-efcd-413a-9bfb-1179dc8bf700}</UniqueIdentifier>
    </Filter>
    <Filter Include="ForgLib\Base\Widgets\Properties\Widgets\String">
      <UniqueIdentifier>{78842293-16e2-4fa3-8291-87d5da257bd7}</UniqueIdentifier>
    </Filter>
    <Filter Include="ForgLib\Base\Widgets\Properties\Variants\Bool">
      <UniqueIdentifier>{ea267ed7-2cf6-4a91-8daa-efb2874fd13d}</UniqueIdentifier>
    </Filter>
    <Filter Include="ForgLib\Base\Widgets\Properties\Widgets\Bool">
      <UniqueIdentifier>{e2a4f0eb-5996-4c06-bb99-5cdf57c26b0a}</UniqueIdentifier>
    </Filter>
    <Filter Include="ForgLib\Base\Widgets\Dialogs\DeleteTItem">
      <UniqueIdentifier>{bf7a9f52-9683-45ff-80ba-f88fe9d09e95}</UniqueIdentifier>
    </Filter>
    <Filter Include="ForgLib\Base\Widgets\Properties\Variants\SelectTItems">
      <UniqueIdentifier>{c41f69f6-ae44-45cf-ac72-bc3005a90387}</UniqueIdentifier>
    </Filter>
    <Filter Include="ForgLib\Base\Widgets\Properties\Widgets\SelectTItems">
      <UniqueIdentifier>{7e3cfc6a-6623-4e11-9d9a-c578a13a2a02}</UniqueIdentifier>
    </Filter>
    <Filter Include="ForgLib\Base\Widgets\Properties\Widgets\SelectTItems\Dialog">
      <UniqueIdentifier>{3fcd6cbb-759e-4666-a946-74acb787a0db}</UniqueIdentifier>
    </Filter>
    <Filter Include="ForgLib\Base\Widgets\Properties\Widgets\SelectTItems\Tree">
      <UniqueIdentifier>{aad399bc-1488-4ab6-8eaf-0f214e87f1fd}</UniqueIdentifier>
    </Filter>
    <Filter Include="ForgLib\Base\Widgets\Properties\Variants\Combo">
      <UniqueIdentifier>{74f190b5-6b19-4ae9-bf51-6b4b0b35e482}</UniqueIdentifier>
    </Filter>
    <Filter Include="ForgLib\Base\Widgets\Properties\Widgets\Combo">
      <UniqueIdentifier>{38bc0957-1e5c-4d90-8e4d-1f80896e7387}</UniqueIdentifier>
    </Filter>
    <Filter Include="ForgLib\Base\Widgets\Properties\Variants\Color">
      <UniqueIdentifier>{f3e33892-3c69-465d-a74f-df77d1b89f56}</UniqueIdentifier>
    </Filter>
    <Filter Include="ForgLib\Base\Widgets\Properties\Widgets\Color">
      <UniqueIdentifier>{3ac7ba0d-e830-491f-8868-79d828bef085}</UniqueIdentifier>
    </Filter>
    <Filter Include="ForgLib\Base\Widgets\Properties\Widgets\Point">
      <UniqueIdentifier>{6f87e3fd-eb95-42c8-ba69-d6e6fb5dfd48}</UniqueIdentifier>
    </Filter>
    <Filter Include="ForgLib\Base\Widgets\Properties\Widgets\Point\Pnt2d">
      <UniqueIdentifier>{3d6c4dbe-a701-447d-9a3e-f4af790ac1fa}</UniqueIdentifier>
    </Filter>
    <Filter Include="ForgLib\Base\Widgets\Properties\Widgets\Point\Pnt3d">
      <UniqueIdentifier>{a5b35da0-29ce-4953-90d2-a000c9994549}</UniqueIdentifier>
    </Filter>
    <Filter Include="ForgLib\Base\Widgets\Properties\Variants\Point">
      <UniqueIdentifier>{ffbe1b53-1898-4132-b23e-94661bf9789a}</UniqueIdentifier>
    </Filter>
    <Filter Include="ForgLib\Base\Widgets\Properties\Variants\Point\Pnt3d">
      <UniqueIdentifier>{a3f6d52c-7de1-4f03-84db-f5ca88250acf}</UniqueIdentifier>
    </Filter>
    <Filter Include="ForgLib\Base\Widgets\Properties\Variants\Point\Pnt2d">
      <UniqueIdentifier>{70695416-97ac-46fe-8569-6b6a4f227781}</UniqueIdentifier>
    </Filter>
  </ItemGroup>
  <ItemGroup>
    <ClCompile Include="FrgWidgets\FrgBaseDlgs\FrgBaseDlgLoadSim.cxx">
      <Filter>FrgWidgets\FrgBaseDlgs</Filter>
    </ClCompile>
    <ClCompile Include="FrgWidgets\FrgBaseDlgs\FrgBaseDlgNewSim.cxx">
      <Filter>FrgWidgets\FrgBaseDlgs</Filter>
    </ClCompile>
    <ClCompile Include="FrgWidgets\FrgBaseThread\FrgBaseThread.cxx">
      <Filter>FrgWidgets\FrgBaseThread</Filter>
    </ClCompile>
    <ClCompile Include="FrgWidgets\FrgBaseMainWindow\FrgBaseMainWindow.cxx">
      <Filter>FrgWidgets\FrgBaseMainWindow</Filter>
    </ClCompile>
    <ClCompile Include="FrgWidgets\FrgBaseMenu\FrgBaseMenu.cxx">
      <Filter>FrgWidgets\FrgBaseMenu</Filter>
    </ClCompile>
    <ClCompile Include="FrgWidgets\FrgBaseTree\FrgBaseTree.cxx">
      <Filter>FrgWidgets\FrgBaseTree</Filter>
    </ClCompile>
    <ClCompile Include="FrgWidgets\FrgBaseTreeItem\FrgBaseTreeItem.cxx">
      <Filter>FrgWidgets\FrgBaseTreeItem</Filter>
    </ClCompile>
    <ClCompile Include="FrgWidgets\FrgBaseVTKEntities\FrgBaseInteractorStyle\FrgBaseInteractorStyle.cxx">
      <Filter>FrgWidgets\FrgBaseVTKEntities\FrgBaseInteractorStyle</Filter>
    </ClCompile>
    <ClCompile Include="FrgWidgets\FrgBaseVTKEntities\FrgBasePlot2D\FrgBasePlot2D.cxx">
      <Filter>FrgWidgets\FrgBaseVTKEntities\FrgBasePlot2D</Filter>
    </ClCompile>
    <ClCompile Include="FrgWidgets\FrgBaseTreeItemProperties\FrgBaseTreeItemProperties.cxx">
      <Filter>FrgWidgets\FrgBaseTreeItemProperties</Filter>
    </ClCompile>
    <ClCompile Include="FrgWidgets\FrgBaseTabWidget\FrgBaseTabWidget.cxx">
      <Filter>FrgWidgets\FrgBaseTabWidget</Filter>
    </ClCompile>
    <ClCompile Include="FrgWidgets\FrgBaseTabBar\FrgBaseTabBar.cxx">
      <Filter>FrgWidgets\FrgBaseTabBar</Filter>
    </ClCompile>
    <ClCompile Include="FrgWidgets\FrgBaseVTKEntities\FrgBaseVTKAxis\FrgBaseVTKAxis.cxx">
      <Filter>FrgWidgets\FrgBaseVTKEntities\FrgBaseVTKAxis</Filter>
    </ClCompile>
    <ClCompile Include="FrgWidgets\FrgBaseCADModeling\FrgBaseCADScene\FrgBaseCADScene.cxx">
      <Filter>FrgWidgets\FrgBaseCADModeling\FrgBaseCADScene</Filter>
    </ClCompile>
    <ClCompile Include="FrgWidgets\FrgBaseCADModeling\FrgBaseCADScene\FrgBase_CADScene_TreeItem.cxx">
      <Filter>FrgWidgets\FrgBaseCADModeling\FrgBaseCADScene</Filter>
    </ClCompile>
    <ClCompile Include="FrgWidgets\FrgBaseMenu\FrgMenu_File\FrgMenu_File.cxx">
      <Filter>FrgWidgets\FrgBaseMenu\FrgMenu_File</Filter>
    </ClCompile>
    <ClCompile Include="FrgWidgets\FrgBaseMenu\FrgMenu_Edit\FrgMenu_Edit.cxx">
      <Filter>FrgWidgets\FrgBaseMenu\FrgMenu_Edit</Filter>
    </ClCompile>
    <ClCompile Include="FrgWidgets\FrgBaseMenu\FrgMenu_Models\FrgMenu_Models.cxx">
      <Filter>FrgWidgets\FrgBaseMenu\FrgMenu_Models</Filter>
    </ClCompile>
    <ClCompile Include="FrgWidgets\FrgBaseMenu\FrgMenu_Solution\FrgMenu_Solution.cxx">
      <Filter>FrgWidgets\FrgBaseMenu\FrgMenu_Solution</Filter>
    </ClCompile>
    <ClCompile Include="FrgWidgets\FrgBaseMenu\FrgMenu_Mesh\FrgMenu_Mesh.cxx">
      <Filter>FrgWidgets\FrgBaseMenu\FrgMenu_Mesh</Filter>
    </ClCompile>
    <ClCompile Include="FrgWidgets\FrgBaseMenu\FrgMenu_View\FrgMenu_View.cxx">
      <Filter>FrgWidgets\FrgBaseMenu\FrgMenu_View</Filter>
    </ClCompile>
    <ClCompile Include="FrgWidgets\FrgBaseMenu\FrgMenu_Help\FrgMenu_Help.cxx">
      <Filter>FrgWidgets\FrgBaseMenu\FrgMenu_Help</Filter>
    </ClCompile>
    <ClCompile Include="FrgWidgets\FrgBaseCADModeling\FrgBaseCADPart\FrgBaseCADPartFeatures\FrgBaseCADPartFeatures.cxx">
      <Filter>FrgWidgets\FrgBaseCADModeling\FrgBaseCADPart\FrgBaseCADPartFeatures</Filter>
    </ClCompile>
    <ClCompile Include="FrgWidgets\FrgBase_CAD\FrgBaseCAD_Part\FrgBaseCAD_Part.cxx">
      <Filter>FrgWidgets\FrgBaseCAD\FrgBaseCAD_Part</Filter>
    </ClCompile>
    <ClCompile Include="FrgWidgets\FrgBase_CAD\FrgBaseCAD_Part\FrgBaseCADPart_Features\FrgBaseCADPart_Features.cxx">
      <Filter>FrgWidgets\FrgBaseCAD\FrgBaseCAD_Part\FrgBaseCADPart_Features</Filter>
    </ClCompile>
    <ClCompile Include="ForgLib\Base\Widgets\TreeItem\FrgBase_TreeItem.cxx">
      <Filter>ForgLib\Base\Widgets\TreeItem</Filter>
    </ClCompile>
    <ClCompile Include="ForgLib\Base\Core\Object\FrgBase_Object.cxx">
      <Filter>ForgLib\Base\Core\Object</Filter>
    </ClCompile>
    <ClCompile Include="ForgLib\Base\Widgets\Menu\FrgBase_Menu.cxx">
      <Filter>ForgLib\Base\Widgets\Menu</Filter>
    </ClCompile>
    <ClCompile Include="ForgLib\Base\Widgets\Tree\FrgBase_Tree.cxx">
      <Filter>ForgLib\Base\Widgets\Tree</Filter>
    </ClCompile>
    <ClCompile Include="ForgLib\Base\Widgets\Dialogs\FrgBase_Dlg.cxx">
      <Filter>ForgLib\Base\Widgets\Dialogs</Filter>
    </ClCompile>
    <ClCompile Include="ForgLib\Base\Widgets\MainWindow\FrgBase_MainWindow.cxx">
      <Filter>ForgLib\Base\Widgets\MainWindow</Filter>
    </ClCompile>
    <ClCompile Include="ForgLib\Base\Widgets\Menu\File\FrgBase_MenuFile.cxx">
      <Filter>ForgLib\Base\Widgets\Menu\File</Filter>
    </ClCompile>
    <ClCompile Include="ForgLib\Base\Widgets\Menu\Edit\FrgBase_MenuEdit.cxx">
      <Filter>ForgLib\Base\Widgets\Menu\Edit</Filter>
    </ClCompile>
    <ClCompile Include="ForgLib\Base\Core\Settings\FrgBase_Settings.cxx">
      <Filter>ForgLib\Base\Core\Settings</Filter>
    </ClCompile>
    <ClCompile Include="ForgLib\Base\Core\Application\FrgBase_Application.cxx">
      <Filter>ForgLib\Base\Core\Application</Filter>
    </ClCompile>
    <ClCompile Include="ForgLib\Base\Core\Application\ApplicationCore\FrgBase_ApplicationCore.cxx">
      <Filter>ForgLib\Base\Core\Application\ApplicationCore</Filter>
    </ClCompile>
    <ClCompile Include="ForgLib\Base\Core\UndoStack\FrgBase_UndoStack.cxx">
      <Filter>ForgLib\Base\Core\UndoStack</Filter>
    </ClCompile>
    <ClCompile Include="ForgLib\Base\Widgets\Properties\Panel\FrgBase_PropertiesPanel.cxx">
      <Filter>ForgLib\Base\Widgets\Properties\Panel</Filter>
    </ClCompile>
    <ClCompile Include="ForgLib\Base\Widgets\Properties\Editors\Double\FrgBase_PrptsEditorDouble.cxx">
      <Filter>ForgLib\Base\Widgets\Properties\Editors\Double</Filter>
    </ClCompile>
    <ClCompile Include="ForgLib\Base\Widgets\Properties\Editors\Int\FrgBase_PrptsEditorInt.cxx">
      <Filter>ForgLib\Base\Widgets\Properties\Editors\Int</Filter>
    </ClCompile>
    <ClCompile Include="ForgLib\Base\Widgets\Properties\Delegates\Double\FrgBase_PrptsDelegateDouble.cxx">
      <Filter>ForgLib\Base\Widgets\Properties\Delegates\Double</Filter>
    </ClCompile>
    <ClCompile Include="ForgLib\Base\Widgets\Properties\Delegates\Base\FrgBase_PrptsDelegateBase.cxx">
      <Filter>ForgLib\Base\Widgets\Properties\Delegates\Base</Filter>
    </ClCompile>
    <ClCompile Include="ForgLib\Base\Widgets\Properties\Editors\Base\FrgBase_PrptsEditorBase.cxx">
      <Filter>ForgLib\Base\Widgets\Properties\Editors\Base</Filter>
    </ClCompile>
    <ClCompile Include="ForgLib\Base\Widgets\Properties\Delegates\Int\FrgBase_PrptsDelegateInt.cxx">
      <Filter>ForgLib\Base\Widgets\Properties\Delegates\Int</Filter>
    </ClCompile>
    <ClCompile Include="ForgLib\Base\Widgets\Properties\Variants\Int\FrgBase_PrptsVrntInt.cxx">
      <Filter>ForgLib\Base\Widgets\Properties\Variants\Int</Filter>
    </ClCompile>
    <ClCompile Include="ForgLib\Base\Widgets\Properties\Variants\Double\FrgBase_PrptsVrntDouble.cxx">
      <Filter>ForgLib\Base\Widgets\Properties\Variants\Double</Filter>
    </ClCompile>
    <ClCompile Include="ForgLib\Base\Widgets\Properties\Widgets\Int\FrgBase_PrptsWdgInt.cxx">
      <Filter>ForgLib\Base\Widgets\Properties\Widgets\Int</Filter>
    </ClCompile>
    <ClCompile Include="ForgLib\Base\Widgets\Properties\Variants\String\FrgBase_PrptsVrntString.cxx">
      <Filter>ForgLib\Base\Widgets\Properties\Variants\String</Filter>
    </ClCompile>
    <ClCompile Include="ForgLib\Base\Widgets\Properties\Widgets\Double\FrgBase_PrptsWdgDouble.cxx">
      <Filter>ForgLib\Base\Widgets\Properties\Widgets\Double</Filter>
    </ClCompile>
    <ClCompile Include="ForgLib\Base\Widgets\Properties\Widgets\String\FrgBase_PrptsWdgString.cxx">
      <Filter>ForgLib\Base\Widgets\Properties\Widgets\String</Filter>
    </ClCompile>
    <ClCompile Include="ForgLib\Base\Widgets\Properties\Variants\Bool\FrgBase_PrptsVrntBool.cxx">
      <Filter>ForgLib\Base\Widgets\Properties\Variants\Bool</Filter>
    </ClCompile>
    <ClCompile Include="ForgLib\Base\Widgets\Properties\Widgets\Bool\FrgBase_PrptsWdgBool.cxx">
      <Filter>ForgLib\Base\Widgets\Properties\Widgets\Bool</Filter>
    </ClCompile>
    <ClCompile Include="ForgLib\Base\Widgets\Menu\Help\FrgBase_MenuHelp.cxx">
      <Filter>ForgLib\Base\Widgets\Menu\Help</Filter>
    </ClCompile>
    <ClCompile Include="ForgLib\Base\Widgets\TabWindow\TabBar\FrgBase_TabBar.cxx">
      <Filter>ForgLib\Base\Widgets\TabWindow\TabBar</Filter>
    </ClCompile>
    <ClCompile Include="ForgLib\Base\Widgets\TabWindow\TabWidget\FrgBase_TabWidget.cxx">
      <Filter>ForgLib\Base\Widgets\TabWindow\TabWidget</Filter>
    </ClCompile>
    <ClCompile Include="ForgLib\Base\Widgets\Dialogs\RenameTItem\FrgBase_DlgRename.cxx">
      <Filter>ForgLib\Base\Widgets\Dialogs\RenameTItem</Filter>
    </ClCompile>
    <ClCompile Include="ForgLib\Base\Widgets\Dialogs\DeleteTItem\FrgBase_DlgDelete.cxx">
      <Filter>ForgLib\Base\Widgets\Dialogs\DeleteTItem</Filter>
    </ClCompile>
    <ClCompile Include="ForgLib\Base\Widgets\Properties\Variants\SelectTItems\FrgBase_PrptsVrntSelectTItems.cxx">
      <Filter>ForgLib\Base\Widgets\Properties\Variants\SelectTItems</Filter>
    </ClCompile>
    <ClCompile Include="ForgLib\Base\Widgets\Properties\Widgets\SelectTItems\FrgBase_PrptsWdgSelectTItems.cxx">
      <Filter>ForgLib\Base\Widgets\Properties\Widgets\SelectTItems</Filter>
    </ClCompile>
    <ClCompile Include="ForgLib\Base\Widgets\Properties\Widgets\SelectTItems\Dialog\FrgBase_PrptsWdgSelectTItems_Dlg.cxx">
      <Filter>ForgLib\Base\Widgets\Properties\Widgets\SelectTItems\Dialog</Filter>
    </ClCompile>
    <ClCompile Include="ForgLib\Base\Widgets\Properties\Widgets\SelectTItems\Tree\FrgBase_PrptsWdgSelectTItems_Tree.cxx">
      <Filter>ForgLib\Base\Widgets\Properties\Widgets\SelectTItems\Tree</Filter>
    </ClCompile>
    <ClCompile Include="ForgLib\Base\Widgets\Properties\Variants\Combo\FrgBase_PrptsVrntCombo.cxx">
      <Filter>ForgLib\Base\Widgets\Properties\Variants\Combo</Filter>
    </ClCompile>
    <ClCompile Include="ForgLib\Base\Widgets\Properties\Widgets\Combo\FrgBase_PrptsWdgCombo.cxx">
      <Filter>ForgLib\Base\Widgets\Properties\Widgets\Combo</Filter>
    </ClCompile>
    <ClCompile Include="ForgLib\Base\Widgets\Properties\Variants\Color\FrgBase_PrptsVrntColor.cxx">
      <Filter>ForgLib\Base\Widgets\Properties\Variants\Color</Filter>
    </ClCompile>
    <ClCompile Include="ForgLib\Base\Widgets\Properties\Widgets\Color\FrgBase_PrptsWdgColor.cxx">
      <Filter>ForgLib\Base\Widgets\Properties\Widgets\Color</Filter>
    </ClCompile>
    <ClCompile Include="ForgLib\Base\Widgets\Properties\Variants\Point\Pnt3d\FrgBase_PrptsVrntPnt3d.cxx">
      <Filter>ForgLib\Base\Widgets\Properties\Variants\Point\Pnt3d</Filter>
    </ClCompile>
    <ClCompile Include="ForgLib\Base\Widgets\Properties\Variants\Point\Pnt2d\FrgBase_PrptsVrntPnt2d.cxx">
      <Filter>ForgLib\Base\Widgets\Properties\Variants\Point\Pnt2d</Filter>
    </ClCompile>
    <ClCompile Include="ForgLib\Base\Widgets\Properties\Widgets\Point\Pnt2d\FrgBase_PrptsWdgPnt2d.cxx">
      <Filter>ForgLib\Base\Widgets\Properties\Widgets\Point\Pnt2d</Filter>
    </ClCompile>
    <ClCompile Include="ForgLib\Base\Widgets\Properties\Widgets\Point\Pnt3d\FrgBase_PrptsWdgPnt3d.cxx">
      <Filter>ForgLib\Base\Widgets\Properties\Widgets\Point\Pnt3d</Filter>
    </ClCompile>
  </ItemGroup>
  <ItemGroup>
    <ClInclude Include="FrgBaseGlobals\FrgBaseGlobals.hxx">
      <Filter>FrgBaseGlobals</Filter>
    </ClInclude>
    <ClInclude Include="FrgBaseGlobals\FrgBaseGlobalsBuild.hxx">
      <Filter>FrgBaseGlobals</Filter>
    </ClInclude>
    <ClInclude Include="FrgBaseGlobals\FrgBaseGlobalsTypes.hxx">
      <Filter>FrgBaseGlobals</Filter>
    </ClInclude>
    <ClInclude Include="FrgBaseGlobals\FrgBaseGlobalsThread.hxx">
      <Filter>FrgBaseGlobals</Filter>
    </ClInclude>
    <ClInclude Include="FrgWidgets\FrgBaseThread\FrgBaseThread.hxx">
      <Filter>FrgWidgets\FrgBaseThread</Filter>
    </ClInclude>
    <ClInclude Include="FrgWidgets\FrgBaseMenu\FrgBaseMenu.hxx">
      <Filter>FrgWidgets\FrgBaseMenu</Filter>
    </ClInclude>
    <ClInclude Include="FrgWidgets\FrgBaseVTKEntities\FrgBaseInteractorStyle\FrgBaseInteractorStyle.hxx">
      <Filter>FrgWidgets\FrgBaseVTKEntities\FrgBaseInteractorStyle</Filter>
    </ClInclude>
    <ClInclude Include="FrgWidgets\FrgBaseTreeItemProperties\FrgBaseTreeItemProperties.hxx">
      <Filter>FrgWidgets\FrgBaseTreeItemProperties</Filter>
    </ClInclude>
    <ClInclude Include="FrgWidgets\FrgBaseVTKEntities\FrgBaseVTKAxis\FrgBaseVTKAxis.hxx">
      <Filter>FrgWidgets\FrgBaseVTKEntities\FrgBaseVTKAxis</Filter>
    </ClInclude>
    <ClInclude Include="FrgBaseGlobals\FrgBaseGlobalsICONS.hxx">
      <Filter>FrgBaseGlobals</Filter>
    </ClInclude>
    <ClInclude Include="FrgWidgets\FrgBaseTreeItem\FrgBaseTreeItem.hxx">
      <Filter>FrgWidgets\FrgBaseTreeItem</Filter>
    </ClInclude>
    <ClInclude Include="FrgWidgets\FrgBaseCADModeling\FrgBaseCADGeometry\FrgBaseCADGeometry.hxx">
      <Filter>FrgWidgets\FrgBaseCADModeling\FrgBaseCADGeometry</Filter>
    </ClInclude>
    <ClInclude Include="FrgWidgets\FrgBaseCADModeling\FrgBaseCADGeometry\FrgBaseCADGeometryI.hxx">
      <Filter>FrgWidgets\FrgBaseCADModeling\FrgBaseCADGeometry</Filter>
    </ClInclude>
    <ClInclude Include="FrgWidgets\FrgBaseCADModeling\FrgBaseCADPart\FrgBaseCADPartI.hxx">
      <Filter>FrgWidgets\FrgBaseCADModeling\FrgBaseCADPart</Filter>
    </ClInclude>
    <ClInclude Include="FrgWidgets\FrgBaseCADModeling\FrgBaseCADPart\FrgBaseCADPartFeatures\FrgBaseCADPartFeatures.hxx">
      <Filter>FrgWidgets\FrgBaseCADModeling\FrgBaseCADPart\FrgBaseCADPartFeatures</Filter>
    </ClInclude>
    <ClInclude Include="FrgWidgets\FrgBaseCADModeling\FrgBaseCADPart\FrgBaseCADPartFeatures\FrgBaseCADPartFeaturesI.hxx">
      <Filter>FrgWidgets\FrgBaseCADModeling\FrgBaseCADPart\FrgBaseCADPartFeatures</Filter>
    </ClInclude>
    <ClInclude Include="FrgWidgets\FrgBaseCADModeling\FrgBaseCADScene\FrgBase_CADScene_TreeItem.hxx">
      <Filter>FrgWidgets\FrgBaseCADModeling\FrgBaseCADScene</Filter>
    </ClInclude>
    <ClInclude Include="FrgWidgets\FrgBaseMenu\FrgMenu_File\FrgMenu_File.hxx">
      <Filter>FrgWidgets\FrgBaseMenu\FrgMenu_File</Filter>
    </ClInclude>
    <ClInclude Include="FrgWidgets\FrgBaseMenu\FrgMenu_Globals.hxx">
      <Filter>FrgWidgets\FrgBaseMenu</Filter>
    </ClInclude>
    <ClInclude Include="FrgWidgets\FrgBaseMenu\FrgMenu_Edit\FrgMenu_Edit.hxx">
      <Filter>FrgWidgets\FrgBaseMenu\FrgMenu_Edit</Filter>
    </ClInclude>
    <ClInclude Include="FrgWidgets\FrgBaseMenu\FrgMenu_Models\FrgMenu_Models.hxx">
      <Filter>FrgWidgets\FrgBaseMenu\FrgMenu_Models</Filter>
    </ClInclude>
    <ClInclude Include="FrgWidgets\FrgBaseMenu\FrgMenu_Solution\FrgMenu_Solution.hxx">
      <Filter>FrgWidgets\FrgBaseMenu\FrgMenu_Solution</Filter>
    </ClInclude>
    <ClInclude Include="FrgWidgets\FrgBaseMenu\FrgMenu_Mesh\FrgMenu_Mesh.hxx">
      <Filter>FrgWidgets\FrgBaseMenu\FrgMenu_Mesh</Filter>
    </ClInclude>
    <ClInclude Include="FrgWidgets\FrgBaseMenu\FrgMenu_View\FrgMenu_View.hxx">
      <Filter>FrgWidgets\FrgBaseMenu\FrgMenu_View</Filter>
    </ClInclude>
    <ClInclude Include="FrgWidgets\FrgBaseMenu\FrgMenu_Help\FrgMenu_Help.hxx">
      <Filter>FrgWidgets\FrgBaseMenu\FrgMenu_Help</Filter>
    </ClInclude>
    <ClInclude Include="FrgWidgets\FrgBaseCADModeling\FrgBaseCADPart\FrgBaseCADPart.hxx">
      <Filter>FrgWidgets\FrgBaseCADModeling\FrgBaseCADPart</Filter>
    </ClInclude>
    <ClInclude Include="FrgWidgets\FrgBase_CAD\FrgBaseCAD_Part\FrgBaseCAD_PartI.hxx">
      <Filter>FrgWidgets\FrgBaseCAD\FrgBaseCAD_Part</Filter>
    </ClInclude>
    <ClInclude Include="FrgWidgets\FrgBase_CAD\FrgBaseCAD_Part\FrgBaseCADPart_Features\FrgBaseCADPart_FeaturesI.hxx">
      <Filter>FrgWidgets\FrgBaseCAD\FrgBaseCAD_Part\FrgBaseCADPart_Features</Filter>
    </ClInclude>
    <ClInclude Include="ForgLib\Base\Global\FrgBase_Global.hxx">
      <Filter>ForgLib\Base\Global</Filter>
    </ClInclude>
    <ClInclude Include="ForgLib\Base\Global\FrgBase_Global_Build.hxx">
      <Filter>ForgLib\Base\Global</Filter>
    </ClInclude>
    <ClInclude Include="ForgLib\Base\Global\FrgBase_Global_Icons.hxx">
      <Filter>ForgLib\Base\Global</Filter>
    </ClInclude>
    <ClInclude Include="ForgLib\Base\Global\FrgBase_Global_Thread.hxx">
      <Filter>ForgLib\Base\Global</Filter>
    </ClInclude>
    <ClInclude Include="ForgLib\Base\Global\FrgBase_Global_Type.hxx">
      <Filter>ForgLib\Base\Global</Filter>
    </ClInclude>
    <ClInclude Include="ForgLib\Base\Widgets\Menu\File\FrgBase_MenuFile.hxx">
      <Filter>ForgLib\Base\Widgets\Menu\File</Filter>
    </ClInclude>
    <ClInclude Include="ForgLib\Base\Widgets\Menu\Edit\FrgBase_MenuEdit.hxx">
      <Filter>ForgLib\Base\Widgets\Menu\Edit</Filter>
    </ClInclude>
    <ClInclude Include="ForgLib\Base\Widgets\Menu\Help\FrgBase_MenuHelp.hxx">
      <Filter>ForgLib\Base\Widgets\Menu\Help</Filter>
    </ClInclude>
    <ClInclude Include="ForgLib\Base\Widgets\Menu\Window\FrgBase_MenuWindow.hxx">
      <Filter>ForgLib\Base\Widgets\Menu\Window</Filter>
    </ClInclude>
    <ClInclude Include="ForgLib\Base\Widgets\Menu\Tools\FrgBase_MenuTools.hxx">
      <Filter>ForgLib\Base\Widgets\Menu\Tools</Filter>
    </ClInclude>
    <ClInclude Include="ForgLib\Base\Core\Thread\FrgBase_Thread.hxx">
      <Filter>ForgLib\Base\Core\Thread</Filter>
    </ClInclude>
    <ClInclude Include="ForgLib\Base\Widgets\Dialogs\New\FrgBase_DlgNew.hxx">
      <Filter>ForgLib\Base\Widgets\Dialogs\New</Filter>
    </ClInclude>
    <ClInclude Include="ForgLib\Base\Widgets\Dialogs\Load\FrgBase_DlgLoad.hxx">
      <Filter>ForgLib\Base\Widgets\Dialogs\Load</Filter>
    </ClInclude>
    <ClInclude Include="ForgLib\Base\Widgets\Dialogs\YesNo\FrgBase_DlgYesNo.hxx">
      <Filter>ForgLib\Base\Widgets\Dialogs\YesNo</Filter>
    </ClInclude>
    <ClInclude Include="ForgLib\Base\Widgets\Console\FrgBase_Console.hxx">
      <Filter>ForgLib\Base\Widgets\Console</Filter>
    </ClInclude>
    <ClInclude Include="ForgLib\Base\Core\Object\FrgBase_Object.hxx">
      <Filter>ForgLib\Base\Core\Object</Filter>
    </ClInclude>
    <ClInclude Include="ForgLib\Base\Core\Application\FrgBase_Application.hxx">
      <Filter>ForgLib\Base\Core\Application</Filter>
    </ClInclude>
    <ClInclude Include="ForgLib\Base\Core\Application\ApplicationCore\FrgBase_ApplicationCore.hxx">
      <Filter>ForgLib\Base\Core\Application\ApplicationCore</Filter>
    </ClInclude>
    <ClInclude Include="ForgLib\Base\Widgets\Properties\Variants\OneValue\FrgBase_PrptsVrntOneValueI.hxx">
      <Filter>ForgLib\Base\Widgets\Properties\Variants\OneValue</Filter>
    </ClInclude>
    <ClInclude Include="ForgLib\Base\Widgets\Properties\Widgets\OneValue\FrgBase_PrptsWdgOneValue.hxx">
      <Filter>ForgLib\Base\Widgets\Properties\Widgets\OneValue</Filter>
    </ClInclude>
    <ClInclude Include="ForgLib\Base\Widgets\Properties\Widgets\OneValue\FrgBase_PrptsWdgOneValueI.hxx">
      <Filter>ForgLib\Base\Widgets\Properties\Widgets\OneValue</Filter>
    </ClInclude>
    <ClInclude Include="ForgLib\Base\Widgets\Properties\Delegates\Int\FrgBase_PrptsDelegateInt.hxx">
      <Filter>ForgLib\Base\Widgets\Properties\Delegates\Int</Filter>
    </ClInclude>
    <ClInclude Include="ForgLib\Base\Widgets\Properties\Delegates\Double\FrgBase_PrptsDelegateDouble.hxx">
      <Filter>ForgLib\Base\Widgets\Properties\Delegates\Double</Filter>
    </ClInclude>
    <ClInclude Include="ForgLib\Base\Widgets\Properties\Delegates\Base\FrgBase_PrptsDelegateBase.hxx">
      <Filter>ForgLib\Base\Widgets\Properties\Delegates\Base</Filter>
    </ClInclude>
    <ClInclude Include="ForgLib\Base\Widgets\Properties\Variants\OneValue\FrgBase_PrptsVrntOneValue.hxx">
      <Filter>ForgLib\Base\Widgets\Properties\Variants\OneValue</Filter>
    </ClInclude>
    <ClInclude Include="ForgLib\Base\Widgets\Properties\Widgets\FrgBase_PrptsWdg_Include.hxx">
      <Filter>ForgLib\Base\Widgets\Properties\Widgets</Filter>
    </ClInclude>
    <ClInclude Include="ForgLib\Base\Widgets\Properties\Variants\FrgBase_PrptsVrnt_Include.hxx">
      <Filter>ForgLib\Base\Widgets\Properties\Variants</Filter>
    </ClInclude>
    <ClInclude Include="ForgLib\Base\Widgets\Properties\Panel\FrgBase_PropertiesPanelI.hxx">
      <Filter>ForgLib\Base\Widgets\Properties\Panel</Filter>
    </ClInclude>
  </ItemGroup>
  <ItemGroup>
    <QtMoc Include="FrgWidgets\FrgBaseDlgs\FrgBaseDlgLoadSim.hxx">
      <Filter>FrgWidgets\FrgBaseDlgs</Filter>
    </QtMoc>
    <QtMoc Include="FrgWidgets\FrgBaseDlgs\FrgBaseDlgNewSim.hxx">
      <Filter>FrgWidgets\FrgBaseDlgs</Filter>
    </QtMoc>
    <QtMoc Include="FrgWidgets\FrgBaseMainWindow\FrgBaseMainWindow.hxx">
      <Filter>FrgWidgets\FrgBaseMainWindow</Filter>
    </QtMoc>
    <QtMoc Include="FrgWidgets\FrgBaseTree\FrgBaseTree.hxx">
      <Filter>FrgWidgets\FrgBaseTree</Filter>
    </QtMoc>
    <QtMoc Include="FrgWidgets\FrgBaseTabWidget\FrgBaseTabWidget.hxx">
      <Filter>FrgWidgets\FrgBaseTabWidget</Filter>
    </QtMoc>
    <QtMoc Include="FrgWidgets\FrgBaseVTKEntities\FrgBasePlot2D\FrgBasePlot2D.hxx">
      <Filter>FrgWidgets\FrgBaseVTKEntities\FrgBasePlot2D</Filter>
    </QtMoc>
    <QtMoc Include="FrgWidgets\FrgBaseTabBar\FrgBaseTabBar.hxx">
      <Filter>FrgWidgets\FrgBaseTabBar</Filter>
    </QtMoc>
    <QtMoc Include="FrgWidgets\FrgBaseCADModeling\FrgBaseCADScene\FrgBaseCADScene.hxx">
      <Filter>FrgWidgets\FrgBaseCADModeling\FrgBaseCADScene</Filter>
    </QtMoc>
    <QtMoc Include="FrgWidgets\FrgBase_CAD\FrgBaseCAD_Part\FrgBaseCAD_Part.hxx">
      <Filter>FrgWidgets\FrgBaseCAD\FrgBaseCAD_Part</Filter>
    </QtMoc>
    <QtMoc Include="FrgWidgets\FrgBase_CAD\FrgBaseCAD_Part\FrgBaseCADPart_Features\FrgBaseCADPart_Features.hxx">
      <Filter>FrgWidgets\FrgBaseCAD\FrgBaseCAD_Part\FrgBaseCADPart_Features</Filter>
    </QtMoc>
    <QtMoc Include="ForgLib\Base\Widgets\Menu\FrgBase_Menu.hxx">
      <Filter>ForgLib\Base\Widgets\Menu</Filter>
    </QtMoc>
    <QtMoc Include="ForgLib\Base\Widgets\TreeItem\FrgBase_TreeItem.hxx">
      <Filter>ForgLib\Base\Widgets\TreeItem</Filter>
    </QtMoc>
    <QtMoc Include="ForgLib\Base\Widgets\Tree\FrgBase_Tree.hxx">
      <Filter>ForgLib\Base\Widgets\Tree</Filter>
    </QtMoc>
    <QtMoc Include="ForgLib\Base\Widgets\Dialogs\FrgBase_Dlg.hxx">
      <Filter>ForgLib\Base\Widgets\Dialogs</Filter>
    </QtMoc>
    <QtMoc Include="ForgLib\Base\Widgets\MainWindow\FrgBase_MainWindow.hxx">
      <Filter>ForgLib\Base\Widgets\MainWindow</Filter>
    </QtMoc>
    <QtMoc Include="ForgLib\Base\Core\Settings\FrgBase_Settings.hxx">
      <Filter>ForgLib\Base\Core\Settings</Filter>
    </QtMoc>
    <QtMoc Include="ForgLib\Base\Core\UndoStack\FrgBase_UndoStack.hxx">
      <Filter>ForgLib\Base\Core\UndoStack</Filter>
    </QtMoc>
    <QtMoc Include="ForgLib\Base\Widgets\Properties\Panel\FrgBase_PropertiesPanel.hxx">
      <Filter>ForgLib\Base\Widgets\Properties\Panel</Filter>
    </QtMoc>
    <QtMoc Include="ForgLib\Base\Widgets\Properties\Editors\Base\FrgBase_PrptsEditorBase.hxx">
      <Filter>ForgLib\Base\Widgets\Properties\Editors\Base</Filter>
    </QtMoc>
    <QtMoc Include="ForgLib\Base\Widgets\Properties\Editors\Double\FrgBase_PrptsEditorDouble.hxx">
      <Filter>ForgLib\Base\Widgets\Properties\Editors\Double</Filter>
    </QtMoc>
    <QtMoc Include="ForgLib\Base\Widgets\Properties\Editors\Int\FrgBase_PrptsEditorInt.hxx">
      <Filter>ForgLib\Base\Widgets\Properties\Editors\Int</Filter>
    </QtMoc>
    <QtMoc Include="ForgLib\Base\Widgets\Properties\Widgets\Int\FrgBase_PrptsWdgInt.hxx">
      <Filter>ForgLib\Base\Widgets\Properties\Widgets\Int</Filter>
    </QtMoc>
    <QtMoc Include="ForgLib\Base\Widgets\Properties\Widgets\Double\FrgBase_PrptsWdgDouble.hxx">
      <Filter>ForgLib\Base\Widgets\Properties\Widgets\Double</Filter>
    </QtMoc>
    <QtMoc Include="ForgLib\Base\Widgets\Properties\Widgets\String\FrgBase_PrptsWdgString.hxx">
      <Filter>ForgLib\Base\Widgets\Properties\Widgets\String</Filter>
    </QtMoc>
    <QtMoc Include="ForgLib\Base\Widgets\Properties\Widgets\Bool\FrgBase_PrptsWdgBool.hxx">
      <Filter>ForgLib\Base\Widgets\Properties\Widgets\Bool</Filter>
    </QtMoc>
    <QtMoc Include="ForgLib\Base\Widgets\Properties\Variants\Int\FrgBase_PrptsVrntInt.hxx">
      <Filter>ForgLib\Base\Widgets\Properties\Variants\Int</Filter>
    </QtMoc>
    <QtMoc Include="ForgLib\Base\Widgets\Properties\Variants\Bool\FrgBase_PrptsVrntBool.hxx">
      <Filter>ForgLib\Base\Widgets\Properties\Variants\Bool</Filter>
    </QtMoc>
    <QtMoc Include="ForgLib\Base\Widgets\Properties\Variants\Double\FrgBase_PrptsVrntDouble.hxx">
      <Filter>ForgLib\Base\Widgets\Properties\Variants\Double</Filter>
    </QtMoc>
    <QtMoc Include="ForgLib\Base\Widgets\Properties\Variants\String\FrgBase_PrptsVrntString.hxx">
      <Filter>ForgLib\Base\Widgets\Properties\Variants\String</Filter>
    </QtMoc>
    <QtMoc Include="ForgLib\Base\Widgets\TabWindow\TabBar\FrgBase_TabBar.hxx">
      <Filter>ForgLib\Base\Widgets\TabWindow\TabBar</Filter>
    </QtMoc>
    <QtMoc Include="ForgLib\Base\Widgets\TabWindow\TabWidget\FrgBase_TabWidget.hxx">
      <Filter>ForgLib\Base\Widgets\TabWindow\TabWidget</Filter>
    </QtMoc>
    <QtMoc Include="ForgLib\Base\Widgets\Dialogs\RenameTItem\FrgBase_DlgRename.hxx">
      <Filter>ForgLib\Base\Widgets\Dialogs\RenameTItem</Filter>
    </QtMoc>
    <QtMoc Include="ForgLib\Base\Widgets\Dialogs\DeleteTItem\FrgBase_DlgDelete.hxx">
      <Filter>ForgLib\Base\Widgets\Dialogs\DeleteTItem</Filter>
    </QtMoc>
    <QtMoc Include="ForgLib\Base\Widgets\Properties\Variants\SelectTItems\FrgBase_PrptsVrntSelectTItems.hxx">
      <Filter>ForgLib\Base\Widgets\Properties\Variants\SelectTItems</Filter>
    </QtMoc>
    <QtMoc Include="ForgLib\Base\Widgets\Properties\Widgets\SelectTItems\FrgBase_PrptsWdgSelectTItems.hxx">
      <Filter>ForgLib\Base\Widgets\Properties\Widgets\SelectTItems</Filter>
    </QtMoc>
    <QtMoc Include="ForgLib\Base\Widgets\Properties\Widgets\SelectTItems\Dialog\FrgBase_PrptsWdgSelectTItems_Dlg.hxx">
      <Filter>ForgLib\Base\Widgets\Properties\Widgets\SelectTItems\Dialog</Filter>
    </QtMoc>
    <QtMoc Include="ForgLib\Base\Widgets\Properties\Widgets\SelectTItems\Tree\FrgBase_PrptsWdgSelectTItems_Tree.hxx">
      <Filter>ForgLib\Base\Widgets\Properties\Widgets\SelectTItems\Tree</Filter>
    </QtMoc>
    <QtMoc Include="ForgLib\Base\Widgets\Properties\Variants\Combo\FrgBase_PrptsVrntCombo.hxx">
      <Filter>ForgLib\Base\Widgets\Properties\Variants\Combo</Filter>
    </QtMoc>
    <QtMoc Include="ForgLib\Base\Widgets\Properties\Widgets\Combo\FrgBase_PrptsWdgCombo.hxx">
      <Filter>ForgLib\Base\Widgets\Properties\Widgets\Combo</Filter>
    </QtMoc>
    <QtMoc Include="ForgLib\Base\Widgets\Properties\Variants\Color\FrgBase_PrptsVrntColor.hxx">
      <Filter>ForgLib\Base\Widgets\Properties\Variants\Color</Filter>
    </QtMoc>
    <QtMoc Include="ForgLib\Base\Widgets\Properties\Widgets\Color\FrgBase_PrptsWdgColor.hxx">
      <Filter>ForgLib\Base\Widgets\Properties\Widgets\Color</Filter>
    </QtMoc>
    <QtMoc Include="ForgLib\Base\Widgets\Properties\Variants\Point\Pnt3d\FrgBase_PrptsVrntPnt3d.hxx">
      <Filter>ForgLib\Base\Widgets\Properties\Variants\Point\Pnt3d</Filter>
    </QtMoc>
    <QtMoc Include="ForgLib\Base\Widgets\Properties\Variants\Point\Pnt2d\FrgBase_PrptsVrntPnt2d.hxx">
      <Filter>ForgLib\Base\Widgets\Properties\Variants\Point\Pnt2d</Filter>
    </QtMoc>
    <QtMoc Include="ForgLib\Base\Widgets\Properties\Widgets\Point\Pnt2d\FrgBase_PrptsWdgPnt2d.hxx">
      <Filter>ForgLib\Base\Widgets\Properties\Widgets\Point\Pnt2d</Filter>
    </QtMoc>
    <QtMoc Include="ForgLib\Base\Widgets\Properties\Widgets\Point\Pnt3d\FrgBase_PrptsWdgPnt3d.hxx">
      <Filter>ForgLib\Base\Widgets\Properties\Widgets\Point\Pnt3d</Filter>
    </QtMoc>
  </ItemGroup>
  <ItemGroup>
    <QtRcc Include="Resources\ForgGuiResources.qrc">
      <Filter>Resource Files</Filter>
    </QtRcc>
  </ItemGroup>
</Project>