<?xml version="1.0" encoding="utf-8"?>
<Project ToolsVersion="4.0" xmlns="http://schemas.microsoft.com/developer/msbuild/2003">
  <ItemGroup>
    <Filter Include="Source Files">
      <UniqueIdentifier>{4FC737F1-C7A5-4376-A066-2A32D752A2FF}</UniqueIdentifier>
      <Extensions>cpp;c;cc;cxx;def;odl;idl;hpj;bat;asm;asmx</Extensions>
    </Filter>
    <Filter Include="Header Files">
      <UniqueIdentifier>{93995380-89BD-4b04-88EB-625FBE52EBFB}</UniqueIdentifier>
      <Extensions>h;hh;hpp;hxx;hm;inl;inc;xsd</Extensions>
    </Filter>
    <Filter Include="Resource Files">
      <UniqueIdentifier>{D9D6E242-F8AF-46E4-B9FD-80ECBC20BA3E}</UniqueIdentifier>
      <Extensions>qrc;*</Extensions>
      <ParseFiles>false</ParseFiles>
    </Filter>
    <Filter Include="Resource Files">
      <UniqueIdentifier>{D9D6E242-F8AF-46E4-B9FD-80ECBC20BA3E}</UniqueIdentifier>
      <Extensions>qrc;*</Extensions>
      <ParseFiles>false</ParseFiles>
    </Filter>
    <Filter Include="ForgLib">
      <UniqueIdentifier>{228f58fc-f5e5-403b-9ac1-353e2e914302}</UniqueIdentifier>
    </Filter>
    <Filter Include="ForgLib\Base">
      <UniqueIdentifier>{acec5696-ec60-4a94-bd00-aaa6e99ca3d0}</UniqueIdentifier>
    </Filter>
    <Filter Include="ForgLib\Base\Global">
      <UniqueIdentifier>{558399ec-6eb8-4d25-ae3d-b631e837d34e}</UniqueIdentifier>
    </Filter>
    <Filter Include="ForgLib\Base\Widgets">
      <UniqueIdentifier>{151cdec4-e7ce-482c-8ae3-3d39d4ead94f}</UniqueIdentifier>
    </Filter>
    <Filter Include="ForgLib\Base\Widgets\Tree">
      <UniqueIdentifier>{f5f249d6-7487-4188-9984-f8a9af6f03bf}</UniqueIdentifier>
    </Filter>
    <Filter Include="ForgLib\Base\Widgets\MainWindow">
      <UniqueIdentifier>{a33d8920-532b-4f81-b8b4-67dc3560806c}</UniqueIdentifier>
    </Filter>
    <Filter Include="ForgLib\Base\Widgets\Menu">
      <UniqueIdentifier>{52b463e6-77aa-4772-a7f9-b6bca26672f9}</UniqueIdentifier>
    </Filter>
    <Filter Include="ForgLib\Base\Widgets\Menu\File">
      <UniqueIdentifier>{33ecb358-5072-44a9-9fed-176dce9a9d22}</UniqueIdentifier>
    </Filter>
    <Filter Include="ForgLib\Base\Widgets\Menu\Edit">
      <UniqueIdentifier>{7c1183d9-446a-4e7a-b302-f8b7cbb67d9d}</UniqueIdentifier>
    </Filter>
    <Filter Include="ForgLib\Base\Widgets\Menu\Help">
      <UniqueIdentifier>{b349aa63-a220-4dac-8c26-087ae299d7e2}</UniqueIdentifier>
    </Filter>
    <Filter Include="ForgLib\Base\Widgets\Menu\Window">
      <UniqueIdentifier>{85b314bb-9c77-4eb6-a109-89b3ef19b293}</UniqueIdentifier>
    </Filter>
    <Filter Include="ForgLib\Base\Widgets\Menu\Tools">
      <UniqueIdentifier>{5b221303-a64b-460a-a69d-da8f48bf53f4}</UniqueIdentifier>
    </Filter>
    <Filter Include="ForgLib\Base\Widgets\TabWindow">
      <UniqueIdentifier>{9b01a4e5-587e-4368-89c3-d90f75d44cc5}</UniqueIdentifier>
    </Filter>
    <Filter Include="ForgLib\Base\Widgets\TabWindow\TabBar">
      <UniqueIdentifier>{1a496f10-c42e-4c0f-a8de-23b0a9660004}</UniqueIdentifier>
    </Filter>
    <Filter Include="ForgLib\Base\Widgets\TabWindow\TabWidget">
      <UniqueIdentifier>{0fd88195-272e-43a4-9b5c-2dcb45c733b3}</UniqueIdentifier>
    </Filter>
    <Filter Include="ForgLib\Base\Core">
      <UniqueIdentifier>{a281becb-19d8-4ce6-8783-05f556839d11}</UniqueIdentifier>
    </Filter>
    <Filter Include="ForgLib\Base\Core\Thread">
      <UniqueIdentifier>{2c338c59-fc31-4c8c-92d0-25e9747b167f}</UniqueIdentifier>
    </Filter>
    <Filter Include="ForgLib\Base\Widgets\TreeItem">
      <UniqueIdentifier>{b1160f4d-dad1-4505-80b0-bcf03d0ec5c4}</UniqueIdentifier>
    </Filter>
    <Filter Include="ForgLib\Base\Widgets\Dialogs">
      <UniqueIdentifier>{f1528b03-8f4d-4a74-8df7-30d8f7a54444}</UniqueIdentifier>
    </Filter>
    <Filter Include="ForgLib\Base\Widgets\Dialogs\New">
      <UniqueIdentifier>{0dc55f40-eda7-48b0-afd5-e0cb9376e868}</UniqueIdentifier>
    </Filter>
    <Filter Include="ForgLib\Base\Widgets\Dialogs\Load">
      <UniqueIdentifier>{d25a0070-c2ab-4827-b89f-8d7ae10713ad}</UniqueIdentifier>
    </Filter>
    <Filter Include="ForgLib\Base\Widgets\Dialogs\YesNo">
      <UniqueIdentifier>{72dd2823-76e7-46ab-9405-6556a9ee5454}</UniqueIdentifier>
    </Filter>
    <Filter Include="ForgLib\Base\Widgets\Console">
      <UniqueIdentifier>{5f930cd5-6701-48f2-9737-f66b5b57fb66}</UniqueIdentifier>
    </Filter>
    <Filter Include="ForgLib\Base\Core\Object">
      <UniqueIdentifier>{f9860860-8b76-492d-9436-abdedc01e01b}</UniqueIdentifier>
    </Filter>
    <Filter Include="ForgLib\Base\Widgets\Properties">
      <UniqueIdentifier>{67413585-79df-4a9a-b53f-d1de88ca51a4}</UniqueIdentifier>
    </Filter>
    <Filter Include="ForgLib\Base\Widgets\Dialogs\RenameTItem">
      <UniqueIdentifier>{7b8caaf7-31a0-4943-86ec-4f51e312fb45}</UniqueIdentifier>
    </Filter>
    <Filter Include="ForgLib\Base\Core\Settings">
      <UniqueIdentifier>{ab317871-8624-4b52-af13-fdb728c2b799}</UniqueIdentifier>
    </Filter>
    <Filter Include="ForgLib\Base\Core\Application">
      <UniqueIdentifier>{84e6a285-3997-4f82-a231-8c41e1bd1bfa}</UniqueIdentifier>
    </Filter>
    <Filter Include="ForgLib\Base\Core\Application\ApplicationCore">
      <UniqueIdentifier>{172f9f61-33f5-4091-97cc-e452c463d402}</UniqueIdentifier>
    </Filter>
    <Filter Include="ForgLib\Base\Core\UndoStack">
      <UniqueIdentifier>{15e18609-0fc8-4cb6-9edd-d76060008221}</UniqueIdentifier>
    </Filter>
    <Filter Include="ForgLib\Base\Widgets\Properties\Panel">
      <UniqueIdentifier>{64ce7335-bf76-490d-acca-7fb822e645b2}</UniqueIdentifier>
    </Filter>
    <Filter Include="ForgLib\Base\Widgets\Properties\Delegates">
      <UniqueIdentifier>{b5966c14-6ee9-4cb3-be9a-0b094ae418d0}</UniqueIdentifier>
    </Filter>
    <Filter Include="ForgLib\Base\Widgets\Properties\Delegates\Base">
      <UniqueIdentifier>{957c7f14-fa57-4d4d-b725-12a25d826520}</UniqueIdentifier>
    </Filter>
    <Filter Include="ForgLib\Base\Widgets\Properties\Delegates\Double">
      <UniqueIdentifier>{bb5fad93-bcab-4333-9e07-48e09ea14c2e}</UniqueIdentifier>
    </Filter>
    <Filter Include="ForgLib\Base\Widgets\Properties\Delegates\Int">
      <UniqueIdentifier>{63b3127d-997d-45d6-84a4-068d85f019cb}</UniqueIdentifier>
    </Filter>
    <Filter Include="ForgLib\Base\Widgets\Properties\Editors">
      <UniqueIdentifier>{f5201bf1-5f6f-47bc-a46a-be7de6a73eb4}</UniqueIdentifier>
    </Filter>
    <Filter Include="ForgLib\Base\Widgets\Properties\Editors\Double">
      <UniqueIdentifier>{c7a4ac40-7627-4897-82e2-89b7f4b5f629}</UniqueIdentifier>
    </Filter>
    <Filter Include="ForgLib\Base\Widgets\Properties\Editors\Base">
      <UniqueIdentifier>{0ba4f6fb-614d-499b-800d-731337184941}</UniqueIdentifier>
    </Filter>
    <Filter Include="ForgLib\Base\Widgets\Properties\Editors\Int">
      <UniqueIdentifier>{6092dafb-a77a-4892-80c5-2a55c1ed69b3}</UniqueIdentifier>
    </Filter>
    <Filter Include="ForgLib\Base\Widgets\Properties\Variants">
      <UniqueIdentifier>{6d43bbe1-6b5f-4935-8094-1a8e5ff85c21}</UniqueIdentifier>
    </Filter>
    <Filter Include="ForgLib\Base\Widgets\Properties\Variants\Int">
      <UniqueIdentifier>{c2cf811a-5357-40af-8cc4-f37d99cc22f3}</UniqueIdentifier>
    </Filter>
    <Filter Include="ForgLib\Base\Widgets\Properties\Variants\Double">
      <UniqueIdentifier>{4abdd5a5-edb7-4fc5-aa58-f24b124c5222}</UniqueIdentifier>
    </Filter>
    <Filter Include="ForgLib\Base\Widgets\Properties\Widgets">
      <UniqueIdentifier>{c3c941c1-20f3-4d79-b400-23b9936fe4d9}</UniqueIdentifier>
    </Filter>
    <Filter Include="ForgLib\Base\Widgets\Properties\Widgets\Int">
      <UniqueIdentifier>{d9486575-989b-460b-a933-16ec3218512a}</UniqueIdentifier>
    </Filter>
    <Filter Include="ForgLib\Base\Widgets\Properties\Variants\OneValue">
      <UniqueIdentifier>{b74213b2-d270-475f-a42b-5349d42a8933}</UniqueIdentifier>
    </Filter>
    <Filter Include="ForgLib\Base\Widgets\Properties\Variants\String">
      <UniqueIdentifier>{09dea075-93e6-49a9-afb4-9805720f60b6}</UniqueIdentifier>
    </Filter>
    <Filter Include="ForgLib\Base\Widgets\Properties\Widgets\OneValue">
      <UniqueIdentifier>{647a72d1-c79c-432a-a9df-6605547342b1}</UniqueIdentifier>
    </Filter>
    <Filter Include="ForgLib\Base\Widgets\Properties\Widgets\Double">
      <UniqueIdentifier>{6664d69e-efcd-413a-9bfb-1179dc8bf700}</UniqueIdentifier>
    </Filter>
    <Filter Include="ForgLib\Base\Widgets\Properties\Widgets\String">
      <UniqueIdentifier>{78842293-16e2-4fa3-8291-87d5da257bd7}</UniqueIdentifier>
    </Filter>
    <Filter Include="ForgLib\Base\Widgets\Properties\Variants\Bool">
      <UniqueIdentifier>{ea267ed7-2cf6-4a91-8daa-efb2874fd13d}</UniqueIdentifier>
    </Filter>
    <Filter Include="ForgLib\Base\Widgets\Properties\Widgets\Bool">
      <UniqueIdentifier>{e2a4f0eb-5996-4c06-bb99-5cdf57c26b0a}</UniqueIdentifier>
    </Filter>
    <Filter Include="ForgLib\Base\Widgets\Dialogs\DeleteTItem">
      <UniqueIdentifier>{bf7a9f52-9683-45ff-80ba-f88fe9d09e95}</UniqueIdentifier>
    </Filter>
    <Filter Include="ForgLib\Base\Widgets\Properties\Variants\SelectTItems">
      <UniqueIdentifier>{c41f69f6-ae44-45cf-ac72-bc3005a90387}</UniqueIdentifier>
    </Filter>
    <Filter Include="ForgLib\Base\Widgets\Properties\Widgets\SelectTItems">
      <UniqueIdentifier>{7e3cfc6a-6623-4e11-9d9a-c578a13a2a02}</UniqueIdentifier>
    </Filter>
    <Filter Include="ForgLib\Base\Widgets\Properties\Widgets\SelectTItems\Dialog">
      <UniqueIdentifier>{3fcd6cbb-759e-4666-a946-74acb787a0db}</UniqueIdentifier>
    </Filter>
    <Filter Include="ForgLib\Base\Widgets\Properties\Widgets\SelectTItems\Tree">
      <UniqueIdentifier>{aad399bc-1488-4ab6-8eaf-0f214e87f1fd}</UniqueIdentifier>
    </Filter>
    <Filter Include="ForgLib\Base\Widgets\Properties\Variants\Combo">
      <UniqueIdentifier>{74f190b5-6b19-4ae9-bf51-6b4b0b35e482}</UniqueIdentifier>
    </Filter>
    <Filter Include="ForgLib\Base\Widgets\Properties\Widgets\Combo">
      <UniqueIdentifier>{38bc0957-1e5c-4d90-8e4d-1f80896e7387}</UniqueIdentifier>
    </Filter>
    <Filter Include="ForgLib\Base\Widgets\Properties\Variants\Color">
      <UniqueIdentifier>{f3e33892-3c69-465d-a74f-df77d1b89f56}</UniqueIdentifier>
    </Filter>
    <Filter Include="ForgLib\Base\Widgets\Properties\Widgets\Color">
      <UniqueIdentifier>{3ac7ba0d-e830-491f-8868-79d828bef085}</UniqueIdentifier>
    </Filter>
    <Filter Include="ForgLib\Base\Widgets\Properties\Widgets\Point">
      <UniqueIdentifier>{6f87e3fd-eb95-42c8-ba69-d6e6fb5dfd48}</UniqueIdentifier>
    </Filter>
    <Filter Include="ForgLib\Base\Widgets\Properties\Widgets\Point\Pnt2d">
      <UniqueIdentifier>{3d6c4dbe-a701-447d-9a3e-f4af790ac1fa}</UniqueIdentifier>
    </Filter>
    <Filter Include="ForgLib\Base\Widgets\Properties\Widgets\Point\Pnt3d">
      <UniqueIdentifier>{a5b35da0-29ce-4953-90d2-a000c9994549}</UniqueIdentifier>
    </Filter>
    <Filter Include="ForgLib\Base\Widgets\Properties\Variants\Point">
      <UniqueIdentifier>{ffbe1b53-1898-4132-b23e-94661bf9789a}</UniqueIdentifier>
    </Filter>
    <Filter Include="ForgLib\Base\Widgets\Properties\Variants\Point\Pnt3d">
      <UniqueIdentifier>{a3f6d52c-7de1-4f03-84db-f5ca88250acf}</UniqueIdentifier>
    </Filter>
    <Filter Include="ForgLib\Base\Widgets\Properties\Variants\Point\Pnt2d">
      <UniqueIdentifier>{70695416-97ac-46fe-8569-6b6a4f227781}</UniqueIdentifier>
    </Filter>
    <Filter Include="ForgLib\Base\Core\Data Types">
      <UniqueIdentifier>{61e653f6-c36b-4e3b-8b43-225819428bed}</UniqueIdentifier>
    </Filter>
    <Filter Include="ForgLib\Base\Core\Data Types\Point">
      <UniqueIdentifier>{bea2d289-36bd-4af9-b89f-e2024a600d7b}</UniqueIdentifier>
    </Filter>
    <Filter Include="ForgLib\Base\Core\Data Types\Point\Pnt2d">
      <UniqueIdentifier>{4789bd36-a2d2-4252-98d5-f59333d1e173}</UniqueIdentifier>
    </Filter>
    <Filter Include="ForgLib\Base\Core\Data Types\Point\Pnt3d">
      <UniqueIdentifier>{99577b1c-6691-43e3-acfc-032e9b35248b}</UniqueIdentifier>
    </Filter>
    <Filter Include="ForgLib\Base\Widgets\Properties\Widgets\Color\Label">
      <UniqueIdentifier>{bc675ba5-8da5-4acc-86aa-e384d53abe57}</UniqueIdentifier>
    </Filter>
    <Filter Include="ForgLib\Base\Widgets\Properties\Variants\SelectTItem">
      <UniqueIdentifier>{913280ee-9b20-44e4-9f2c-3dbea2ac2036}</UniqueIdentifier>
    </Filter>
    <Filter Include="ForgLib\Base\Widgets\Properties\Widgets\SelectTItem">
      <UniqueIdentifier>{2a6beced-ed5c-4350-8222-e3b2dc6b1618}</UniqueIdentifier>
    </Filter>
    <Filter Include="ForgLib\Base\Widgets\Properties\Widgets\SelectTItem\Dialog">
      <UniqueIdentifier>{03b95de8-0d14-463c-9691-2424fa13b28e}</UniqueIdentifier>
    </Filter>
    <Filter Include="ForgLib\Base\Widgets\Properties\Widgets\SelectTItem\Dialog\Base">
      <UniqueIdentifier>{79371a53-5068-427b-8fc2-5b504410d294}</UniqueIdentifier>
    </Filter>
    <Filter Include="ForgLib\Base\Widgets\Properties\Widgets\SelectTItem\Tree">
      <UniqueIdentifier>{412c1c46-94c2-49dd-aac1-fe8038e74ec1}</UniqueIdentifier>
    </Filter>
    <Filter Include="ForgLib\Base\Widgets\Properties\Widgets\SelectTItem\Base">
      <UniqueIdentifier>{c9d8903b-d595-40c3-aa4d-31ca47487494}</UniqueIdentifier>
    </Filter>
    <Filter Include="ForgLib\Base\Widgets\Properties\Variants\SelectTItem\Base">
      <UniqueIdentifier>{2a43c94b-4dca-4795-a9af-3ec0895b9106}</UniqueIdentifier>
    </Filter>
    <Filter Include="ForgLib\Base\Widgets\ProgressBar">
      <UniqueIdentifier>{9786e5c6-d35f-4118-83e3-95791bdeb053}</UniqueIdentifier>
    </Filter>
    <Filter Include="ForgLib\Base\Core\Serialization">
      <UniqueIdentifier>{d1e257c1-2281-489c-beb5-a19273797caf}</UniqueIdentifier>
    </Filter>
    <Filter Include="ForgLib\Base\Core\Serialization\Global">
      <UniqueIdentifier>{9a29780c-051e-48de-ba74-289d51948b6c}</UniqueIdentifier>
    </Filter>
    <Filter Include="ForgLib\Base\Core\Serialization\Specialization">
      <UniqueIdentifier>{666eb998-4351-4fcf-9448-b7176fcf6a13}</UniqueIdentifier>
    </Filter>
    <Filter Include="ForgLib\Base\Core\Serialization\Specialization\QString">
      <UniqueIdentifier>{5a4f81f8-7ef8-4ebf-8623-fc33465b8de1}</UniqueIdentifier>
    </Filter>
    <Filter Include="ForgLib\Base\Core\Serialization\Specialization\QColor">
      <UniqueIdentifier>{d79b33be-cc8c-4221-b97f-cef5bf6a5b95}</UniqueIdentifier>
    </Filter>
    <Filter Include="ForgLib\Base\Core\Serialization\Specialization\QTreeWidgetItem">
      <UniqueIdentifier>{7b5a31ee-f255-41dc-a1d4-dc00cb7ae8ee}</UniqueIdentifier>
    </Filter>
    <Filter Include="ForgLib\Base\Core\Serialization\Specialization\QIcon">
      <UniqueIdentifier>{95bbad3d-5770-4890-9b9a-8ec1e51cd03a}</UniqueIdentifier>
    </Filter>
    <Filter Include="ForgLib\Base\Core\Serialization\Specialization\QAction">
      <UniqueIdentifier>{324a13a2-7f5c-418d-b034-b47e4ef5cefd}</UniqueIdentifier>
    </Filter>
    <Filter Include="ForgLib\Base\Core\Serialization\Specialization\QMenu">
      <UniqueIdentifier>{0654b08b-d463-4250-ba50-daf3db650d74}</UniqueIdentifier>
    </Filter>
    <Filter Include="ForgLib\Base\Core\Serialization\Specialization\QTableWidget">
      <UniqueIdentifier>{0767e5fc-6c3c-4e4a-a9cf-ba1d9b4da0c6}</UniqueIdentifier>
    </Filter>
    <Filter Include="ForgLib\Base\Core\Serialization\Specialization\Tuple">
      <UniqueIdentifier>{0f687fb2-70fc-43d4-91e7-df490e7feb9b}</UniqueIdentifier>
    </Filter>
    <Filter Include="ForgLib\Base\Widgets\Properties\Variants\StringDouble">
      <UniqueIdentifier>{ba6d502c-ecde-4c24-97aa-1a00f269e09d}</UniqueIdentifier>
    </Filter>
    <Filter Include="ForgLib\Base\Widgets\Properties\Widgets\StringDouble">
      <UniqueIdentifier>{ad213aca-5e15-4731-8ed6-2b63c6ce1c17}</UniqueIdentifier>
    </Filter>
    <Filter Include="ForgLib\Base\Core\Serialization\Specialization\FrgVariant">
      <UniqueIdentifier>{3249042c-d613-4bad-bb8a-aa20774b176b}</UniqueIdentifier>
    </Filter>
    <Filter Include="ForgLib\Base\Core\Serialization\Specialization\QStringList">
      <UniqueIdentifier>{15ebbd36-9861-42bb-ae70-a4bf29303505}</UniqueIdentifier>
    </Filter>
    <Filter Include="ForgLib\Base\Widgets\Tools">
      <UniqueIdentifier>{2374f219-fdc3-4008-a097-997aecb86ea0}</UniqueIdentifier>
    </Filter>
    <Filter Include="ForgLib\Base\Widgets\Tools\Parameters">
      <UniqueIdentifier>{ca84db24-7d58-4016-8674-119390ba1385}</UniqueIdentifier>
    </Filter>
    <Filter Include="ForgLib\Base\Widgets\Tools\Parameters\Parameter">
      <UniqueIdentifier>{ac1e219c-b97a-43b6-800c-980b9352877f}</UniqueIdentifier>
    </Filter>
    <Filter Include="ForgLib\Base\Widgets\Tools\Parameters\Parameter\Vector">
      <UniqueIdentifier>{ab532eaf-aa01-4164-adaa-8de81383db1e}</UniqueIdentifier>
    </Filter>
    <Filter Include="ForgLib\Base\Widgets\Tools\Parameters\Parameter\Scalar">
      <UniqueIdentifier>{ad142ca7-1902-4559-8cb1-2ae64b5c4afc}</UniqueIdentifier>
    </Filter>
    <Filter Include="ForgLib\Base\Widgets\Properties\Variants\Field">
      <UniqueIdentifier>{ac612abf-16fe-41fd-b7e0-56499b5fcaa2}</UniqueIdentifier>
    </Filter>
    <Filter Include="ForgLib\Base\Widgets\Properties\Variants\Field\Scalar">
      <UniqueIdentifier>{9827a279-0b48-494b-98c4-ef60c0fba0f7}</UniqueIdentifier>
    </Filter>
    <Filter Include="ForgLib\Base\Widgets\Properties\Variants\Field\Vector">
      <UniqueIdentifier>{bb910ea4-21aa-4586-94f9-6d5b551b8abc}</UniqueIdentifier>
    </Filter>
    <Filter Include="ForgLib\Base\Widgets\Properties\Widgets\Field">
      <UniqueIdentifier>{5860d999-fdfb-446c-a715-ead0b552ca50}</UniqueIdentifier>
    </Filter>
    <Filter Include="ForgLib\Base\Widgets\Properties\Widgets\Field\Scalar">
      <UniqueIdentifier>{c2199b4f-0f9c-4960-955b-113e5579586b}</UniqueIdentifier>
    </Filter>
    <Filter Include="ForgLib\Base\Widgets\Properties\Widgets\Field\Vector">
      <UniqueIdentifier>{9fd5fa6b-b448-4c3f-8fa8-3ad40e673b9d}</UniqueIdentifier>
    </Filter>
    <Filter Include="ForgLib\Base\Widgets\Properties\Widgets\Field\Dialog">
      <UniqueIdentifier>{ed854db2-d06d-457b-ad71-e7686d24a0e6}</UniqueIdentifier>
    </Filter>
    <Filter Include="ForgLib\Base\Widgets\Properties\Variants\SelectPath">
      <UniqueIdentifier>{f45b8c56-02e4-4356-b09c-9ff24742731d}</UniqueIdentifier>
    </Filter>
    <Filter Include="ForgLib\Base\Widgets\Properties\Widgets\SelectPath">
      <UniqueIdentifier>{1526610d-0cf4-4510-bdf7-38f0f5d07926}</UniqueIdentifier>
    </Filter>
    <Filter Include="ForgLib\Base\Widgets\Styles">
      <UniqueIdentifier>{7eb1a204-375b-4ba8-ae77-9b838df8fdbe}</UniqueIdentifier>
    </Filter>
    <Filter Include="ForgLib\Base\Widgets\MainWindow\FramelessWindow">
      <UniqueIdentifier>{42d882f5-2ff6-476b-aea5-d1e99b97e232}</UniqueIdentifier>
    </Filter>
    <Filter Include="ForgLib\Base\Widgets\MainWindow\WindowDragger">
      <UniqueIdentifier>{3653e69a-652f-4724-9641-289348d49997}</UniqueIdentifier>
    </Filter>
    <Filter Include="ForgLib\Base\Widgets\Styles\MenuItemStyle">
      <UniqueIdentifier>{7164434b-621e-4588-b0a1-3f49ddc3267e}</UniqueIdentifier>
    </Filter>
    <Filter Include="ForgLib\Base\Widgets\Styles\MainStyle">
      <UniqueIdentifier>{0a905784-7a27-42d5-a841-276916b3b2ca}</UniqueIdentifier>
    </Filter>
    <Filter Include="ForgLib\Base\Core\Solvers">
      <UniqueIdentifier>{4035e53c-e0e2-4722-88d2-e34ace0a088f}</UniqueIdentifier>
    </Filter>
    <Filter Include="ForgLib\Base\Core\Solvers\FullMtx">
      <UniqueIdentifier>{7b3622a4-560e-487d-bf35-61799703dfe8}</UniqueIdentifier>
    </Filter>
    <Filter Include="ForgLib\Base\Widgets\Properties\Variants\SelectTItemFromTItem">
      <UniqueIdentifier>{fbfed4bd-b11d-4752-832e-83287cc86272}</UniqueIdentifier>
    </Filter>
    <Filter Include="ForgLib\Base\Widgets\Properties\Variants\SelectTItemFromTItem\Base">
      <UniqueIdentifier>{3cc0e011-2c8c-4eb1-857c-4c62c01023df}</UniqueIdentifier>
    </Filter>
    <Filter Include="ForgLib\Base\Widgets\Properties\Widgets\SelectTItemFromTItem">
      <UniqueIdentifier>{1be60122-7f9d-4f6f-b3d3-befe583d819d}</UniqueIdentifier>
    </Filter>
    <Filter Include="ForgLib\Base\Widgets\Properties\Widgets\SelectTItemFromTItem\Base">
      <UniqueIdentifier>{eb7c0340-c8eb-4f65-acea-090388260013}</UniqueIdentifier>
    </Filter>
    <Filter Include="ForgLib\Base\Widgets\Properties\Widgets\SelectTItemFromTItem\Dialog">
      <UniqueIdentifier>{f4de8afc-ac1a-4e30-a244-751a06982952}</UniqueIdentifier>
    </Filter>
    <Filter Include="ForgLib\Base\Widgets\Properties\Widgets\SelectTItemFromTItem\Tree">
      <UniqueIdentifier>{03715b7a-b843-4acc-a16e-2b45e16818a0}</UniqueIdentifier>
    </Filter>
    <Filter Include="ForgLib\Base\Widgets\Properties\Widgets\SelectTItemFromTItem\Dialog\Base">
      <UniqueIdentifier>{1dfdbf9b-13db-471f-aebd-bccd1d2e9754}</UniqueIdentifier>
    </Filter>
    <Filter Include="ForgLib\Base\Widgets\TreeItem\Tools">
      <UniqueIdentifier>{53dce951-0d3d-4930-adae-8ff3718ab3d4}</UniqueIdentifier>
    </Filter>
    <Filter Include="ThirdParties">
      <UniqueIdentifier>{a1a28dc3-f331-4ca6-b6f1-22d8886425e5}</UniqueIdentifier>
    </Filter>
    <Filter Include="ThirdParties\AdvancedDockingSystem">
      <UniqueIdentifier>{27aa1ce2-4240-4837-ac1a-37cca1386b13}</UniqueIdentifier>
    </Filter>
    <Filter Include="ThirdParties\AdvancedDockingSystem\ads">
      <UniqueIdentifier>{1e4e7ca2-b54b-4fa9-9494-596a2d0232e9}</UniqueIdentifier>
    </Filter>
    <Filter Include="ThirdParties\CodeEditor">
      <UniqueIdentifier>{11cbee22-fc4b-4b70-8f64-83bded930a5f}</UniqueIdentifier>
    </Filter>
    <Filter Include="ThirdParties\CodeEditor\include">
      <UniqueIdentifier>{b3e33b11-d677-422c-9417-a935513d6ceb}</UniqueIdentifier>
    </Filter>
    <Filter Include="ThirdParties\CodeEditor\src">
      <UniqueIdentifier>{0b4506a5-a88e-47ea-931e-844cc00beac4}</UniqueIdentifier>
    </Filter>
    <Filter Include="ThirdParties\CodeEditor\include\internal">
      <UniqueIdentifier>{6794ef1a-9ea8-4082-a6d7-e4afe3232ceb}</UniqueIdentifier>
    </Filter>
    <Filter Include="ForgLib\Base\Widgets\Properties\Variants\TextEdit">
      <UniqueIdentifier>{c4ccf54b-cfdd-400a-90c8-64641c9adfbd}</UniqueIdentifier>
    </Filter>
    <Filter Include="ForgLib\Base\Widgets\Properties\Widgets\TextEdit">
      <UniqueIdentifier>{419ba47a-0492-4457-8996-c6a2392124cb}</UniqueIdentifier>
    </Filter>
    <Filter Include="ForgLib\Base\Core\Data Types\Field">
      <UniqueIdentifier>{6ef4ff9a-2e83-4344-9eb7-fcf0de72b55d}</UniqueIdentifier>
    </Filter>
    <Filter Include="ForgLib\Base\Core\Data Types\Field\Scalar">
      <UniqueIdentifier>{25077246-5b5c-47e8-af03-d6ed4a4bbf44}</UniqueIdentifier>
    </Filter>
    <Filter Include="ForgLib\Base\Core\Data Types\Field\Parser">
      <UniqueIdentifier>{88aef407-e76b-4c70-ac25-3e2a9eb04faf}</UniqueIdentifier>
    </Filter>
    <Filter Include="ForgLib\Base\Core\Data Types\SymbolTable">
      <UniqueIdentifier>{226428fc-fdfa-401a-a098-86919941746a}</UniqueIdentifier>
    </Filter>
    <Filter Include="ForgLib\Base\Core\Data Types\SymbolTable\Registry">
      <UniqueIdentifier>{324eba7b-4d6a-4f4f-b191-ebfc7035bef8}</UniqueIdentifier>
    </Filter>
    <Filter Include="ForgLib\Base\Core\Data Types\Field\Entity">
      <UniqueIdentifier>{0d11ac85-10cb-448e-aae4-dee3aa247397}</UniqueIdentifier>
    </Filter>
    <Filter Include="ForgLib\Base\Core\Data Types\Field\Vector">
      <UniqueIdentifier>{cbbf1bb6-13a5-4a9c-a533-cc026ed767dc}</UniqueIdentifier>
    </Filter>
    <Filter Include="ForgLib\Base\Core\Data Types\Field\Vector\Entity">
      <UniqueIdentifier>{efa12bd3-0938-42b7-9ea9-5221729e8e8e}</UniqueIdentifier>
    </Filter>
    <Filter Include="ForgLib\Base\Core\Data Types\Field\Tools">
      <UniqueIdentifier>{6f296980-1eff-4d9f-b46d-69d87c5cfa8b}</UniqueIdentifier>
    </Filter>
    <Filter Include="ForgLib\Base\Widgets\Icon">
      <UniqueIdentifier>{d61cb1b9-8d24-4374-b831-eb8dd88c3707}</UniqueIdentifier>
    </Filter>
    <Filter Include="ForgLib\Base\Widgets\Menu\Action">
      <UniqueIdentifier>{7c8c0404-2114-433a-a9cb-bcdc8f5c8888}</UniqueIdentifier>
    </Filter>
    <Filter Include="ForgLib\Base\Core\Data Types\SymbolTable\Registries">
      <UniqueIdentifier>{609ed5f4-70d3-470f-98c0-53212d905a98}</UniqueIdentifier>
    </Filter>
    <Filter Include="ForgLib\Base\Widgets\Tools\Field">
      <UniqueIdentifier>{170c38e0-c923-4e24-99b9-50ab02c1b6a8}</UniqueIdentifier>
    </Filter>
    <Filter Include="ForgLib\Base\Widgets\Tools\Widgets">
      <UniqueIdentifier>{4da08d86-e1ea-4a66-8f41-238a3c2715f8}</UniqueIdentifier>
    </Filter>
    <Filter Include="ForgLib\Base\Widgets\Tools\Field\TextEdit">
      <UniqueIdentifier>{a31169f5-2839-465f-b60a-60aa029fd682}</UniqueIdentifier>
    </Filter>
    <Filter Include="ForgLib\Base\Widgets\Tools\Field\Tree">
      <UniqueIdentifier>{48e40943-a158-4e83-a8b4-6dbd742d408e}</UniqueIdentifier>
    </Filter>
    <Filter Include="ForgLib\Base\Widgets\Tools\Field\TreeItem">
      <UniqueIdentifier>{44b5e1ff-86b3-42e3-a2c5-af8fd1912281}</UniqueIdentifier>
    </Filter>
    <Filter Include="ForgLib\Base\Widgets\Tools\Field\Dialog">
      <UniqueIdentifier>{07257308-67db-44d8-a642-43bc764b3d75}</UniqueIdentifier>
    </Filter>
    <Filter Include="ForgLib\Base\Widgets\Tools\Field\Functions">
      <UniqueIdentifier>{e50cb746-394a-4da9-aa07-f62ce521f1fe}</UniqueIdentifier>
    </Filter>
    <Filter Include="ForgLib\Base\Script">
      <UniqueIdentifier>{c9a1fda1-7352-4a26-b6b5-c011abfddc7d}</UniqueIdentifier>
    </Filter>
  </ItemGroup>
  <ItemGroup>
    <ClCompile Include="ForgLib\Base\Widgets\TreeItem\FrgBase_TreeItem.cxx">
      <Filter>ForgLib\Base\Widgets\TreeItem</Filter>
    </ClCompile>
    <ClCompile Include="ForgLib\Base\Core\Object\FrgBase_Object.cxx">
      <Filter>ForgLib\Base\Core\Object</Filter>
    </ClCompile>
    <ClCompile Include="ForgLib\Base\Widgets\Menu\FrgBase_Menu.cxx">
      <Filter>ForgLib\Base\Widgets\Menu</Filter>
    </ClCompile>
    <ClCompile Include="ForgLib\Base\Widgets\Tree\FrgBase_Tree.cxx">
      <Filter>ForgLib\Base\Widgets\Tree</Filter>
    </ClCompile>
    <ClCompile Include="ForgLib\Base\Widgets\Dialogs\FrgBase_Dlg.cxx">
      <Filter>ForgLib\Base\Widgets\Dialogs</Filter>
    </ClCompile>
    <ClCompile Include="ForgLib\Base\Widgets\MainWindow\FrgBase_MainWindow.cxx">
      <Filter>ForgLib\Base\Widgets\MainWindow</Filter>
    </ClCompile>
    <ClCompile Include="ForgLib\Base\Widgets\Menu\File\FrgBase_MenuFile.cxx">
      <Filter>ForgLib\Base\Widgets\Menu\File</Filter>
    </ClCompile>
    <ClCompile Include="ForgLib\Base\Widgets\Menu\Edit\FrgBase_MenuEdit.cxx">
      <Filter>ForgLib\Base\Widgets\Menu\Edit</Filter>
    </ClCompile>
    <ClCompile Include="ForgLib\Base\Core\Settings\FrgBase_Settings.cxx">
      <Filter>ForgLib\Base\Core\Settings</Filter>
    </ClCompile>
    <ClCompile Include="ForgLib\Base\Core\Application\FrgBase_Application.cxx">
      <Filter>ForgLib\Base\Core\Application</Filter>
    </ClCompile>
    <ClCompile Include="ForgLib\Base\Core\Application\ApplicationCore\FrgBase_ApplicationCore.cxx">
      <Filter>ForgLib\Base\Core\Application\ApplicationCore</Filter>
    </ClCompile>
    <ClCompile Include="ForgLib\Base\Core\UndoStack\FrgBase_UndoStack.cxx">
      <Filter>ForgLib\Base\Core\UndoStack</Filter>
    </ClCompile>
    <ClCompile Include="ForgLib\Base\Widgets\Properties\Panel\FrgBase_PropertiesPanel.cxx">
      <Filter>ForgLib\Base\Widgets\Properties\Panel</Filter>
    </ClCompile>
    <ClCompile Include="ForgLib\Base\Widgets\Properties\Editors\Double\FrgBase_PrptsEditorDouble.cxx">
      <Filter>ForgLib\Base\Widgets\Properties\Editors\Double</Filter>
    </ClCompile>
    <ClCompile Include="ForgLib\Base\Widgets\Properties\Editors\Int\FrgBase_PrptsEditorInt.cxx">
      <Filter>ForgLib\Base\Widgets\Properties\Editors\Int</Filter>
    </ClCompile>
    <ClCompile Include="ForgLib\Base\Widgets\Properties\Delegates\Double\FrgBase_PrptsDelegateDouble.cxx">
      <Filter>ForgLib\Base\Widgets\Properties\Delegates\Double</Filter>
    </ClCompile>
    <ClCompile Include="ForgLib\Base\Widgets\Properties\Delegates\Base\FrgBase_PrptsDelegateBase.cxx">
      <Filter>ForgLib\Base\Widgets\Properties\Delegates\Base</Filter>
    </ClCompile>
    <ClCompile Include="ForgLib\Base\Widgets\Properties\Editors\Base\FrgBase_PrptsEditorBase.cxx">
      <Filter>ForgLib\Base\Widgets\Properties\Editors\Base</Filter>
    </ClCompile>
    <ClCompile Include="ForgLib\Base\Widgets\Properties\Delegates\Int\FrgBase_PrptsDelegateInt.cxx">
      <Filter>ForgLib\Base\Widgets\Properties\Delegates\Int</Filter>
    </ClCompile>
    <ClCompile Include="ForgLib\Base\Widgets\Properties\Variants\Int\FrgBase_PrptsVrntInt.cxx">
      <Filter>ForgLib\Base\Widgets\Properties\Variants\Int</Filter>
    </ClCompile>
    <ClCompile Include="ForgLib\Base\Widgets\Properties\Variants\Double\FrgBase_PrptsVrntDouble.cxx">
      <Filter>ForgLib\Base\Widgets\Properties\Variants\Double</Filter>
    </ClCompile>
    <ClCompile Include="ForgLib\Base\Widgets\Properties\Widgets\Int\FrgBase_PrptsWdgInt.cxx">
      <Filter>ForgLib\Base\Widgets\Properties\Widgets\Int</Filter>
    </ClCompile>
    <ClCompile Include="ForgLib\Base\Widgets\Properties\Variants\String\FrgBase_PrptsVrntString.cxx">
      <Filter>ForgLib\Base\Widgets\Properties\Variants\String</Filter>
    </ClCompile>
    <ClCompile Include="ForgLib\Base\Widgets\Properties\Widgets\Double\FrgBase_PrptsWdgDouble.cxx">
      <Filter>ForgLib\Base\Widgets\Properties\Widgets\Double</Filter>
    </ClCompile>
    <ClCompile Include="ForgLib\Base\Widgets\Properties\Widgets\String\FrgBase_PrptsWdgString.cxx">
      <Filter>ForgLib\Base\Widgets\Properties\Widgets\String</Filter>
    </ClCompile>
    <ClCompile Include="ForgLib\Base\Widgets\Properties\Variants\Bool\FrgBase_PrptsVrntBool.cxx">
      <Filter>ForgLib\Base\Widgets\Properties\Variants\Bool</Filter>
    </ClCompile>
    <ClCompile Include="ForgLib\Base\Widgets\Properties\Widgets\Bool\FrgBase_PrptsWdgBool.cxx">
      <Filter>ForgLib\Base\Widgets\Properties\Widgets\Bool</Filter>
    </ClCompile>
    <ClCompile Include="ForgLib\Base\Widgets\Menu\Help\FrgBase_MenuHelp.cxx">
      <Filter>ForgLib\Base\Widgets\Menu\Help</Filter>
    </ClCompile>
    <ClCompile Include="ForgLib\Base\Widgets\TabWindow\TabBar\FrgBase_TabBar.cxx">
      <Filter>ForgLib\Base\Widgets\TabWindow\TabBar</Filter>
    </ClCompile>
    <ClCompile Include="ForgLib\Base\Widgets\TabWindow\TabWidget\FrgBase_TabWidget.cxx">
      <Filter>ForgLib\Base\Widgets\TabWindow\TabWidget</Filter>
    </ClCompile>
    <ClCompile Include="ForgLib\Base\Widgets\Dialogs\RenameTItem\FrgBase_DlgRename.cxx">
      <Filter>ForgLib\Base\Widgets\Dialogs\RenameTItem</Filter>
    </ClCompile>
    <ClCompile Include="ForgLib\Base\Widgets\Dialogs\DeleteTItem\FrgBase_DlgDelete.cxx">
      <Filter>ForgLib\Base\Widgets\Dialogs\DeleteTItem</Filter>
    </ClCompile>
    <ClCompile Include="ForgLib\Base\Widgets\Properties\Variants\SelectTItems\FrgBase_PrptsVrntSelectTItems.cxx">
      <Filter>ForgLib\Base\Widgets\Properties\Variants\SelectTItems</Filter>
    </ClCompile>
    <ClCompile Include="ForgLib\Base\Widgets\Properties\Widgets\SelectTItems\FrgBase_PrptsWdgSelectTItems.cxx">
      <Filter>ForgLib\Base\Widgets\Properties\Widgets\SelectTItems</Filter>
    </ClCompile>
    <ClCompile Include="ForgLib\Base\Widgets\Properties\Widgets\SelectTItems\Dialog\FrgBase_PrptsWdgSelectTItems_Dlg.cxx">
      <Filter>ForgLib\Base\Widgets\Properties\Widgets\SelectTItems\Dialog</Filter>
    </ClCompile>
    <ClCompile Include="ForgLib\Base\Widgets\Properties\Widgets\SelectTItems\Tree\FrgBase_PrptsWdgSelectTItems_Tree.cxx">
      <Filter>ForgLib\Base\Widgets\Properties\Widgets\SelectTItems\Tree</Filter>
    </ClCompile>
    <ClCompile Include="ForgLib\Base\Widgets\Properties\Variants\Combo\FrgBase_PrptsVrntCombo.cxx">
      <Filter>ForgLib\Base\Widgets\Properties\Variants\Combo</Filter>
    </ClCompile>
    <ClCompile Include="ForgLib\Base\Widgets\Properties\Widgets\Combo\FrgBase_PrptsWdgCombo.cxx">
      <Filter>ForgLib\Base\Widgets\Properties\Widgets\Combo</Filter>
    </ClCompile>
    <ClCompile Include="ForgLib\Base\Widgets\Properties\Variants\Color\FrgBase_PrptsVrntColor.cxx">
      <Filter>ForgLib\Base\Widgets\Properties\Variants\Color</Filter>
    </ClCompile>
    <ClCompile Include="ForgLib\Base\Widgets\Properties\Widgets\Color\FrgBase_PrptsWdgColor.cxx">
      <Filter>ForgLib\Base\Widgets\Properties\Widgets\Color</Filter>
    </ClCompile>
    <ClCompile Include="ForgLib\Base\Widgets\Properties\Variants\Point\Pnt3d\FrgBase_PrptsVrntPnt3d.cxx">
      <Filter>ForgLib\Base\Widgets\Properties\Variants\Point\Pnt3d</Filter>
    </ClCompile>
    <ClCompile Include="ForgLib\Base\Widgets\Properties\Variants\Point\Pnt2d\FrgBase_PrptsVrntPnt2d.cxx">
      <Filter>ForgLib\Base\Widgets\Properties\Variants\Point\Pnt2d</Filter>
    </ClCompile>
    <ClCompile Include="ForgLib\Base\Widgets\Properties\Widgets\Point\Pnt2d\FrgBase_PrptsWdgPnt2d.cxx">
      <Filter>ForgLib\Base\Widgets\Properties\Widgets\Point\Pnt2d</Filter>
    </ClCompile>
    <ClCompile Include="ForgLib\Base\Widgets\Properties\Widgets\Point\Pnt3d\FrgBase_PrptsWdgPnt3d.cxx">
      <Filter>ForgLib\Base\Widgets\Properties\Widgets\Point\Pnt3d</Filter>
    </ClCompile>
    <ClCompile Include="ForgLib\Base\Core\Data Types\Point\Pnt2d\FrgBase_Pnt2d.cxx">
      <Filter>ForgLib\Base\Core\Data Types\Point\Pnt2d</Filter>
    </ClCompile>
    <ClCompile Include="ForgLib\Base\Core\Data Types\Point\Pnt3d\FrgBase_Pnt3d.cxx">
      <Filter>ForgLib\Base\Core\Data Types\Point\Pnt3d</Filter>
    </ClCompile>
    <ClCompile Include="ForgLib\Base\Widgets\Properties\Widgets\Color\Label\FrgBase_PrptsVrntWdgColor_Label.cxx">
      <Filter>ForgLib\Base\Widgets\Properties\Widgets\Color\Label</Filter>
    </ClCompile>
    <ClCompile Include="ForgLib\Base\Widgets\Properties\Variants\SelectTItem\FrgBase_PrptsVrntSelectTItem.cxx">
      <Filter>ForgLib\Base\Widgets\Properties\Variants\SelectTItem</Filter>
    </ClCompile>
    <ClCompile Include="ForgLib\Base\Widgets\Properties\Widgets\SelectTItem\FrgBase_PrptsWdgSelectTItem.cxx">
      <Filter>ForgLib\Base\Widgets\Properties\Widgets\SelectTItem</Filter>
    </ClCompile>
    <ClCompile Include="ForgLib\Base\Widgets\Properties\Widgets\SelectTItem\Dialog\Base\FrgBase_PrptsWdgSelectTItem_Dlg_Base.cxx">
      <Filter>ForgLib\Base\Widgets\Properties\Widgets\SelectTItem\Dialog\Base</Filter>
    </ClCompile>
    <ClCompile Include="ForgLib\Base\Widgets\Properties\Widgets\SelectTItem\Dialog\FrgBase_PrptsWdgSelectTItem_Dlg.cxx">
      <Filter>ForgLib\Base\Widgets\Properties\Widgets\SelectTItem\Dialog</Filter>
    </ClCompile>
    <ClCompile Include="ForgLib\Base\Widgets\Properties\Widgets\SelectTItem\Tree\FrgBase_PrptsWdgSelectTItem_Tree.cxx">
      <Filter>ForgLib\Base\Widgets\Properties\Widgets\SelectTItem\Tree</Filter>
    </ClCompile>
    <ClCompile Include="ForgLib\Base\Widgets\Properties\Widgets\SelectTItem\Base\FrgBase_PrptsWdgSelectTItem_Base.cxx">
      <Filter>ForgLib\Base\Widgets\Properties\Widgets\SelectTItem\Base</Filter>
    </ClCompile>
    <ClCompile Include="ForgLib\Base\Widgets\Properties\Variants\SelectTItem\Base\FrgBase_PrptsVrntSelectTItem_Base.cxx">
      <Filter>ForgLib\Base\Widgets\Properties\Variants\SelectTItem\Base</Filter>
    </ClCompile>
    <ClCompile Include="ForgLib\Base\Core\Thread\FrgBase_Thread.cxx">
      <Filter>ForgLib\Base\Core\Thread</Filter>
    </ClCompile>
    <ClCompile Include="ForgLib\Base\Widgets\ProgressBar\FrgBase_ProgressBar.cxx">
      <Filter>ForgLib\Base\Widgets\ProgressBar</Filter>
    </ClCompile>
    <ClCompile Include="ForgLib\Base\Core\Serialization\Specialization\QTableWidget\FrgBase_SerialSpec_QTableWidget.cxx">
      <Filter>ForgLib\Base\Core\Serialization\Specialization\QTableWidget</Filter>
    </ClCompile>
    <ClCompile Include="ForgLib\Base\Core\Serialization\Specialization\QMenu\FrgBase_SerialSpec_QMenu.cxx">
      <Filter>ForgLib\Base\Core\Serialization\Specialization\QMenu</Filter>
    </ClCompile>
    <ClCompile Include="ForgLib\Base\Core\Serialization\Specialization\QAction\FrgBase_SerialSpec_QAction.cxx">
      <Filter>ForgLib\Base\Core\Serialization\Specialization\QAction</Filter>
    </ClCompile>
    <ClCompile Include="ForgLib\Base\Core\Serialization\Specialization\QColor\FrgBase_SerialSpec_QColor.cxx">
      <Filter>ForgLib\Base\Core\Serialization\Specialization\QColor</Filter>
    </ClCompile>
    <ClCompile Include="ForgLib\Base\Core\Serialization\Specialization\QString\FrgBase_SerialSpec_QString.cxx">
      <Filter>ForgLib\Base\Core\Serialization\Specialization\QString</Filter>
    </ClCompile>
    <ClCompile Include="ForgLib\Base\Core\Serialization\Specialization\QIcon\FrgBase_SerialSpec_QIcon.cxx">
      <Filter>ForgLib\Base\Core\Serialization\Specialization\QIcon</Filter>
    </ClCompile>
    <ClCompile Include="ForgLib\Base\Core\Serialization\Specialization\QTreeWidgetItem\FrgBase_SerialSpec_QTreeWidgetItem.cxx">
      <Filter>ForgLib\Base\Core\Serialization\Specialization\QTreeWidgetItem</Filter>
    </ClCompile>
    <ClCompile Include="ForgLib\Base\Core\Serialization\Specialization\Tuple\FrgBase_SerialSpec_Tuple.cxx">
      <Filter>ForgLib\Base\Core\Serialization\Specialization\Tuple</Filter>
    </ClCompile>
    <ClCompile Include="ForgLib\Base\Widgets\Properties\Variants\StringDouble\FrgBase_PrptsVrntStringDouble.cxx">
      <Filter>ForgLib\Base\Widgets\Properties\Variants\StringDouble</Filter>
    </ClCompile>
    <ClCompile Include="ForgLib\Base\Widgets\Properties\Widgets\StringDouble\FrgBase_PrptsWdgStringDouble.cxx">
      <Filter>ForgLib\Base\Widgets\Properties\Widgets\StringDouble</Filter>
    </ClCompile>
    <ClCompile Include="ForgLib\Base\Widgets\Properties\Variants\OneValue\FrgBase_PrptsVrntOneValue.cxx">
      <Filter>ForgLib\Base\Widgets\Properties\Variants\OneValue</Filter>
    </ClCompile>
    <ClCompile Include="ForgLib\Base\Core\Serialization\Specialization\QStringList\FrgBase_SerialSpec_QStringList.cxx">
      <Filter>ForgLib\Base\Core\Serialization\Specialization\QStringList</Filter>
    </ClCompile>
    <ClCompile Include="ForgLib\Base\Core\Data Types\Point\FrgBase_Pnt.cxx">
      <Filter>ForgLib\Base\Core\Data Types\Point</Filter>
    </ClCompile>
    <ClCompile Include="ForgLib\Base\Widgets\Tools\FrgBase_Tools.cxx">
      <Filter>ForgLib\Base\Widgets\Tools</Filter>
    </ClCompile>
    <ClCompile Include="ForgLib\Base\Widgets\Tools\Parameters\FrgBase_ToolsParameters_TItem.cxx">
      <Filter>ForgLib\Base\Widgets\Tools\Parameters</Filter>
    </ClCompile>
    <ClCompile Include="ForgLib\Base\Widgets\Tools\Parameters\Parameter\FrgBase_ToolsParameter_TItem.cxx">
      <Filter>ForgLib\Base\Widgets\Tools\Parameters\Parameter</Filter>
    </ClCompile>
    <ClCompile Include="ForgLib\Base\Widgets\Tools\Parameters\Parameter\Scalar\FrgBase_ToolsParameterScalar_TItem.cxx">
      <Filter>ForgLib\Base\Widgets\Tools\Parameters\Parameter\Scalar</Filter>
    </ClCompile>
    <ClCompile Include="ForgLib\Base\Widgets\Properties\Variants\Field\Scalar\FrgBase_PrptsVrntFieldScalar.cxx">
      <Filter>ForgLib\Base\Widgets\Properties\Variants\Field\Scalar</Filter>
    </ClCompile>
    <ClCompile Include="ForgLib\Base\Widgets\Properties\Variants\Field\Vector\FrgBase_PrptsVrntFieldVector.cxx">
      <Filter>ForgLib\Base\Widgets\Properties\Variants\Field\Vector</Filter>
    </ClCompile>
    <ClCompile Include="ForgLib\Base\Widgets\Properties\Widgets\Field\Scalar\FrgBase_PrptsWdgFieldScalar.cxx">
      <Filter>ForgLib\Base\Widgets\Properties\Widgets\Field\Scalar</Filter>
    </ClCompile>
    <ClCompile Include="ForgLib\Base\Widgets\Properties\Widgets\Field\Vector\FrgBase_PrptsWdgFieldVector.cxx">
      <Filter>ForgLib\Base\Widgets\Properties\Widgets\Field\Vector</Filter>
    </ClCompile>
    <ClCompile Include="ForgLib\Base\Widgets\Properties\Widgets\Field\Dialog\FrgBase_PrptsWdgFieldDialog.cxx">
      <Filter>ForgLib\Base\Widgets\Properties\Widgets\Field\Dialog</Filter>
    </ClCompile>
    <ClCompile Include="ForgLib\Base\Widgets\Properties\Widgets\Field\FrgBase_PrptsWdgField.cxx">
      <Filter>ForgLib\Base\Widgets\Properties\Widgets\Field</Filter>
    </ClCompile>
    <ClCompile Include="ForgLib\Base\Widgets\Tools\Parameters\Parameter\Vector\FrgBase_ToolsParameterVector_TItem.cxx">
      <Filter>ForgLib\Base\Widgets\Tools\Parameters\Parameter\Vector</Filter>
    </ClCompile>
    <ClCompile Include="ForgLib\Base\Script\FrgBase_Script.cxx">
      <Filter>ForgLib\Base\Script</Filter>
    </ClCompile>
    <ClCompile Include="ForgLib\Base\Widgets\Properties\Variants\SelectPath\FrgBase_PrptsVrntSelectPath.cxx">
      <Filter>ForgLib\Base\Widgets\Properties\Variants\SelectPath</Filter>
    </ClCompile>
    <ClCompile Include="ForgLib\Base\Widgets\Properties\Widgets\SelectPath\FrgBase_PrptsWdgSelectPath.cxx">
      <Filter>ForgLib\Base\Widgets\Properties\Widgets\SelectPath</Filter>
    </ClCompile>
    <ClCompile Include="ForgLib\Base\Widgets\MainWindow\FramelessWindow\FrgBase_FramelessWindow.cxx">
      <Filter>ForgLib\Base\Widgets\MainWindow\FramelessWindow</Filter>
    </ClCompile>
    <ClCompile Include="ForgLib\Base\Widgets\MainWindow\WindowDragger\FrgBase_WindowDragger.cxx">
      <Filter>ForgLib\Base\Widgets\MainWindow\WindowDragger</Filter>
    </ClCompile>
    <ClCompile Include="ForgLib\Base\Widgets\Styles\MenuItemStyle\FrgBase_StylesMenuItemStyle.cxx">
      <Filter>ForgLib\Base\Widgets\Styles\MenuItemStyle</Filter>
    </ClCompile>
    <ClCompile Include="ForgLib\Base\Widgets\Styles\MainStyle\FrgBase_MainStyle.cxx">
      <Filter>ForgLib\Base\Widgets\Styles\MainStyle</Filter>
    </ClCompile>
    <ClCompile Include="ForgLib\Base\Widgets\Properties\Variants\SelectTItemFromTItem\Base\FrgBase_PrptsVrntSelectTItemFromTItem_Base.cxx">
      <Filter>ForgLib\Base\Widgets\Properties\Variants\SelectTItemFromTItem\Base</Filter>
    </ClCompile>
    <ClCompile Include="ForgLib\Base\Widgets\Properties\Widgets\SelectTItemFromTItem\Base\FrgBase_PrptsWdgSelectTItemFromTItem_Base.cxx">
      <Filter>ForgLib\Base\Widgets\Properties\Widgets\SelectTItemFromTItem\Base</Filter>
    </ClCompile>
    <ClCompile Include="ForgLib\Base\Widgets\Properties\Widgets\SelectTItemFromTItem\Dialog\Base\FrgBase_PrptsWdgSelectTItemFromTItem_Dlg_Base.cxx">
      <Filter>ForgLib\Base\Widgets\Properties\Widgets\SelectTItemFromTItem\Dialog\Base</Filter>
    </ClCompile>
    <ClCompile Include="ForgLib\Base\Widgets\Properties\Widgets\SelectTItemFromTItem\Tree\FrgBase_PrptsWdgSelectTItemFromTItem_Tree.cxx">
      <Filter>ForgLib\Base\Widgets\Properties\Widgets\SelectTItemFromTItem\Tree</Filter>
    </ClCompile>
    <ClCompile Include="ForgLib\Base\Widgets\TreeItem\Tools\FrgBase_TreeItemTools.cxx">
      <Filter>ForgLib\Base\Widgets\TreeItem\Tools</Filter>
    </ClCompile>
    <ClCompile Include="ThirdParties\AdvancedDockingSystem\API.cpp">
      <Filter>ThirdParties\AdvancedDockingSystem</Filter>
    </ClCompile>
    <ClCompile Include="ThirdParties\AdvancedDockingSystem\ContainerWidget.cpp">
      <Filter>ThirdParties\AdvancedDockingSystem</Filter>
    </ClCompile>
    <ClCompile Include="ThirdParties\AdvancedDockingSystem\DropOverlay.cpp">
      <Filter>ThirdParties\AdvancedDockingSystem</Filter>
    </ClCompile>
    <ClCompile Include="ThirdParties\AdvancedDockingSystem\FloatingWidget.cpp">
      <Filter>ThirdParties\AdvancedDockingSystem</Filter>
    </ClCompile>
    <ClCompile Include="ThirdParties\AdvancedDockingSystem\icontitlewidget.cpp">
      <Filter>ThirdParties\AdvancedDockingSystem</Filter>
    </ClCompile>
    <ClCompile Include="ThirdParties\AdvancedDockingSystem\Internal.cpp">
      <Filter>ThirdParties\AdvancedDockingSystem</Filter>
    </ClCompile>
    <ClCompile Include="ThirdParties\AdvancedDockingSystem\SectionContent.cpp">
      <Filter>ThirdParties\AdvancedDockingSystem</Filter>
    </ClCompile>
    <ClCompile Include="ThirdParties\AdvancedDockingSystem\SectionContentWidget.cpp">
      <Filter>ThirdParties\AdvancedDockingSystem</Filter>
    </ClCompile>
    <ClCompile Include="ThirdParties\AdvancedDockingSystem\SectionTitleWidget.cpp">
      <Filter>ThirdParties\AdvancedDockingSystem</Filter>
    </ClCompile>
    <ClCompile Include="ThirdParties\AdvancedDockingSystem\SectionWidget.cpp">
      <Filter>ThirdParties\AdvancedDockingSystem</Filter>
    </ClCompile>
    <ClCompile Include="ThirdParties\AdvancedDockingSystem\Serialization.cpp">
      <Filter>ThirdParties\AdvancedDockingSystem</Filter>
    </ClCompile>
    <ClCompile Include="ThirdParties\CodeEditor\src\QCodeEditor.cpp">
      <Filter>ThirdParties\CodeEditor\src</Filter>
    </ClCompile>
    <ClCompile Include="ThirdParties\CodeEditor\src\QCXXHighlighter.cpp">
      <Filter>ThirdParties\CodeEditor\src</Filter>
    </ClCompile>
    <ClCompile Include="ThirdParties\CodeEditor\src\QExprtkCompleter.cpp">
      <Filter>ThirdParties\CodeEditor\src</Filter>
    </ClCompile>
    <ClCompile Include="ThirdParties\CodeEditor\src\QFramedTextAttribute.cpp">
      <Filter>ThirdParties\CodeEditor\src</Filter>
    </ClCompile>
    <ClCompile Include="ThirdParties\CodeEditor\src\QGLSLCompleter.cpp">
      <Filter>ThirdParties\CodeEditor\src</Filter>
    </ClCompile>
    <ClCompile Include="ThirdParties\CodeEditor\src\QGLSLHighlighter.cpp">
      <Filter>ThirdParties\CodeEditor\src</Filter>
    </ClCompile>
    <ClCompile Include="ThirdParties\CodeEditor\src\QJSONHighlighter.cpp">
      <Filter>ThirdParties\CodeEditor\src</Filter>
    </ClCompile>
    <ClCompile Include="ThirdParties\CodeEditor\src\QLanguage.cpp">
      <Filter>ThirdParties\CodeEditor\src</Filter>
    </ClCompile>
    <ClCompile Include="ThirdParties\CodeEditor\src\QLineNumberArea.cpp">
      <Filter>ThirdParties\CodeEditor\src</Filter>
    </ClCompile>
    <ClCompile Include="ThirdParties\CodeEditor\src\QLuaCompleter.cpp">
      <Filter>ThirdParties\CodeEditor\src</Filter>
    </ClCompile>
    <ClCompile Include="ThirdParties\CodeEditor\src\QLuaHighlighter.cpp">
      <Filter>ThirdParties\CodeEditor\src</Filter>
    </ClCompile>
    <ClCompile Include="ThirdParties\CodeEditor\src\QPythonCompleter.cpp">
      <Filter>ThirdParties\CodeEditor\src</Filter>
    </ClCompile>
    <ClCompile Include="ThirdParties\CodeEditor\src\QPythonHighlighter.cpp">
      <Filter>ThirdParties\CodeEditor\src</Filter>
    </ClCompile>
    <ClCompile Include="ThirdParties\CodeEditor\src\QStyleSyntaxHighlighter.cpp">
      <Filter>ThirdParties\CodeEditor\src</Filter>
    </ClCompile>
    <ClCompile Include="ThirdParties\CodeEditor\src\QSyntaxStyle.cpp">
      <Filter>ThirdParties\CodeEditor\src</Filter>
    </ClCompile>
    <ClCompile Include="ThirdParties\CodeEditor\src\QXMLHighlighter.cpp">
      <Filter>ThirdParties\CodeEditor\src</Filter>
    </ClCompile>
    <ClCompile Include="ForgLib\Base\Widgets\Properties\Variants\TextEdit\FrgBase_PrptsVrntTextEdit.cxx">
      <Filter>ForgLib\Base\Widgets\Properties\Variants\TextEdit</Filter>
    </ClCompile>
    <ClCompile Include="ForgLib\Base\Widgets\Properties\Widgets\TextEdit\FrgBase_PrptsWdgTextEdit.cxx">
      <Filter>ForgLib\Base\Widgets\Properties\Widgets\TextEdit</Filter>
    </ClCompile>
    <ClCompile Include="ForgLib\Base\Core\Data Types\SymbolTable\FrgBase_SymbolTable.cxx">
      <Filter>ForgLib\Base\Core\Data Types\SymbolTable</Filter>
    </ClCompile>
    <ClCompile Include="ForgLib\Base\Core\Data Types\Field\Scalar\FrgBase_ScalarField.cxx">
      <Filter>ForgLib\Base\Core\Data Types\Field\Scalar</Filter>
    </ClCompile>
    <ClCompile Include="ForgLib\Base\Core\Data Types\Field\Parser\FrgBase_FieldParser.cxx">
      <Filter>ForgLib\Base\Core\Data Types\Field\Parser</Filter>
    </ClCompile>
    <ClCompile Include="ForgLib\Base\Core\Data Types\Field\FrgBase_Field.cxx">
      <Filter>ForgLib\Base\Core\Data Types\Field</Filter>
    </ClCompile>
    <ClCompile Include="ForgLib\Base\Core\Data Types\SymbolTable\Registry\FrgBase_SymbolTableRegistry.cxx">
      <Filter>ForgLib\Base\Core\Data Types\SymbolTable\Registry</Filter>
    </ClCompile>
    <ClCompile Include="ForgLib\Base\Core\Data Types\Field\Entity\FrgBase_Field_Entity.cxx">
      <Filter>ForgLib\Base\Core\Data Types\Field\Entity</Filter>
    </ClCompile>
    <ClCompile Include="ForgLib\Base\Core\Data Types\Field\Vector\FrgBase_VectorField.cxx">
      <Filter>ForgLib\Base\Core\Data Types\Field\Vector</Filter>
    </ClCompile>
    <ClCompile Include="ForgLib\Base\Core\Data Types\Field\Vector\Entity\FrgBase_VectorField_Entity.cxx">
      <Filter>ForgLib\Base\Core\Data Types\Field\Vector\Entity</Filter>
    </ClCompile>
    <ClCompile Include="ForgLib\Base\Core\Data Types\Field\Tools\FrgBase_FieldTools.cxx">
      <Filter>ForgLib\Base\Core\Data Types\Field\Tools</Filter>
    </ClCompile>
    <ClCompile Include="ForgLib\Base\Widgets\Icon\FrgBase_Icon.cxx">
      <Filter>ForgLib\Base\Widgets\Icon</Filter>
    </ClCompile>
    <ClCompile Include="ForgLib\Base\Widgets\Menu\Action\FrgBase_MenuAction.cxx">
      <Filter>ForgLib\Base\Widgets\Menu\Action</Filter>
    </ClCompile>
    <ClCompile Include="ForgLib\Base\Core\Data Types\SymbolTable\Registries\FrgBase_SymbolTableRegistries.cxx">
      <Filter>ForgLib\Base\Core\Data Types\SymbolTable\Registries</Filter>
    </ClCompile>
    <ClCompile Include="ForgLib\Base\Widgets\Tools\Widgets\FrgBase_ToolsWidgets.cxx">
      <Filter>ForgLib\Base\Widgets\Tools\Widgets</Filter>
    </ClCompile>
    <ClCompile Include="ForgLib\Base\Widgets\Tools\Field\TextEdit\FrgBase_FieldTextEdit.cxx">
      <Filter>ForgLib\Base\Widgets\Tools\Field\TextEdit</Filter>
    </ClCompile>
    <ClCompile Include="ForgLib\Base\Widgets\Tools\Field\Tree\FrgBase_FieldTreeWidget.cxx">
      <Filter>ForgLib\Base\Widgets\Tools\Field\Tree</Filter>
    </ClCompile>
    <ClCompile Include="ForgLib\Base\Widgets\Tools\Field\TreeItem\FrgBase_FieldTreeItemWidget.cxx">
      <Filter>ForgLib\Base\Widgets\Tools\Field\TreeItem</Filter>
    </ClCompile>
    <ClCompile Include="ForgLib\Base\Widgets\Tools\Field\Dialog\FrgBase_FieldDialog.cxx">
      <Filter>ForgLib\Base\Widgets\Tools\Field\Dialog</Filter>
    </ClCompile>
    <ClCompile Include="ForgLib\Base\Widgets\Tools\Field\Functions\FrgBase_FieldFunctionsTreeWidget.cxx">
      <Filter>ForgLib\Base\Widgets\Tools\Field\Functions</Filter>
    </ClCompile>
  </ItemGroup>
  <ItemGroup>
    <ClInclude Include="ForgLib\Base\Global\FrgBase_Global.hxx">
      <Filter>ForgLib\Base\Global</Filter>
    </ClInclude>
    <ClInclude Include="ForgLib\Base\Global\FrgBase_Global_Build.hxx">
      <Filter>ForgLib\Base\Global</Filter>
    </ClInclude>
    <ClInclude Include="ForgLib\Base\Global\FrgBase_Global_Icons.hxx">
      <Filter>ForgLib\Base\Global</Filter>
    </ClInclude>
    <ClInclude Include="ForgLib\Base\Global\FrgBase_Global_Thread.hxx">
      <Filter>ForgLib\Base\Global</Filter>
    </ClInclude>
    <ClInclude Include="ForgLib\Base\Global\FrgBase_Global_Type.hxx">
      <Filter>ForgLib\Base\Global</Filter>
    </ClInclude>
    <ClInclude Include="ForgLib\Base\Widgets\Menu\File\FrgBase_MenuFile.hxx">
      <Filter>ForgLib\Base\Widgets\Menu\File</Filter>
    </ClInclude>
    <ClInclude Include="ForgLib\Base\Widgets\Menu\Edit\FrgBase_MenuEdit.hxx">
      <Filter>ForgLib\Base\Widgets\Menu\Edit</Filter>
    </ClInclude>
    <ClInclude Include="ForgLib\Base\Widgets\Menu\Help\FrgBase_MenuHelp.hxx">
      <Filter>ForgLib\Base\Widgets\Menu\Help</Filter>
    </ClInclude>
    <ClInclude Include="ForgLib\Base\Widgets\Menu\Window\FrgBase_MenuWindow.hxx">
      <Filter>ForgLib\Base\Widgets\Menu\Window</Filter>
    </ClInclude>
    <ClInclude Include="ForgLib\Base\Widgets\Menu\Tools\FrgBase_MenuTools.hxx">
      <Filter>ForgLib\Base\Widgets\Menu\Tools</Filter>
    </ClInclude>
    <ClInclude Include="ForgLib\Base\Widgets\Dialogs\New\FrgBase_DlgNew.hxx">
      <Filter>ForgLib\Base\Widgets\Dialogs\New</Filter>
    </ClInclude>
    <ClInclude Include="ForgLib\Base\Widgets\Dialogs\Load\FrgBase_DlgLoad.hxx">
      <Filter>ForgLib\Base\Widgets\Dialogs\Load</Filter>
    </ClInclude>
    <ClInclude Include="ForgLib\Base\Widgets\Dialogs\YesNo\FrgBase_DlgYesNo.hxx">
      <Filter>ForgLib\Base\Widgets\Dialogs\YesNo</Filter>
    </ClInclude>
    <ClInclude Include="ForgLib\Base\Widgets\Console\FrgBase_Console.hxx">
      <Filter>ForgLib\Base\Widgets\Console</Filter>
    </ClInclude>
    <ClInclude Include="ForgLib\Base\Core\Object\FrgBase_Object.hxx">
      <Filter>ForgLib\Base\Core\Object</Filter>
    </ClInclude>
    <ClInclude Include="ForgLib\Base\Core\Application\ApplicationCore\FrgBase_ApplicationCore.hxx">
      <Filter>ForgLib\Base\Core\Application\ApplicationCore</Filter>
    </ClInclude>
    <ClInclude Include="ForgLib\Base\Widgets\Properties\Variants\OneValue\FrgBase_PrptsVrntOneValueI.hxx">
      <Filter>ForgLib\Base\Widgets\Properties\Variants\OneValue</Filter>
    </ClInclude>
    <ClInclude Include="ForgLib\Base\Widgets\Properties\Widgets\OneValue\FrgBase_PrptsWdgOneValueI.hxx">
      <Filter>ForgLib\Base\Widgets\Properties\Widgets\OneValue</Filter>
    </ClInclude>
    <ClInclude Include="ForgLib\Base\Widgets\Properties\Delegates\Int\FrgBase_PrptsDelegateInt.hxx">
      <Filter>ForgLib\Base\Widgets\Properties\Delegates\Int</Filter>
    </ClInclude>
    <ClInclude Include="ForgLib\Base\Widgets\Properties\Delegates\Double\FrgBase_PrptsDelegateDouble.hxx">
      <Filter>ForgLib\Base\Widgets\Properties\Delegates\Double</Filter>
    </ClInclude>
    <ClInclude Include="ForgLib\Base\Widgets\Properties\Delegates\Base\FrgBase_PrptsDelegateBase.hxx">
      <Filter>ForgLib\Base\Widgets\Properties\Delegates\Base</Filter>
    </ClInclude>
    <ClInclude Include="ForgLib\Base\Widgets\Properties\Variants\OneValue\FrgBase_PrptsVrntOneValue.hxx">
      <Filter>ForgLib\Base\Widgets\Properties\Variants\OneValue</Filter>
    </ClInclude>
    <ClInclude Include="ForgLib\Base\Widgets\Properties\Widgets\FrgBase_PrptsWdg_Include.hxx">
      <Filter>ForgLib\Base\Widgets\Properties\Widgets</Filter>
    </ClInclude>
    <ClInclude Include="ForgLib\Base\Widgets\Properties\Variants\FrgBase_PrptsVrnt_Include.hxx">
      <Filter>ForgLib\Base\Widgets\Properties\Variants</Filter>
    </ClInclude>
    <ClInclude Include="ForgLib\Base\Widgets\Properties\Panel\FrgBase_PropertiesPanelI.hxx">
      <Filter>ForgLib\Base\Widgets\Properties\Panel</Filter>
    </ClInclude>
    <ClInclude Include="ForgLib\Base\Core\Data Types\Point\Pnt2d\FrgBase_Pnt2d.hxx">
      <Filter>ForgLib\Base\Core\Data Types\Point\Pnt2d</Filter>
    </ClInclude>
    <ClInclude Include="ForgLib\Base\Core\Data Types\Point\Pnt3d\FrgBase_Pnt3d.hxx">
      <Filter>ForgLib\Base\Core\Data Types\Point\Pnt3d</Filter>
    </ClInclude>
    <ClInclude Include="ForgLib\Base\Widgets\Properties\Widgets\SelectTItem\Dialog\FrgBase_PrptsWdgSelectTItem_Dlg.hxx">
      <Filter>ForgLib\Base\Widgets\Properties\Widgets\SelectTItem\Dialog</Filter>
    </ClInclude>
    <ClInclude Include="ForgLib\Base\Widgets\Properties\Widgets\SelectTItem\Dialog\FrgBase_PrptsWdgSelectTItem_DlgI.hxx">
      <Filter>ForgLib\Base\Widgets\Properties\Widgets\SelectTItem\Dialog</Filter>
    </ClInclude>
    <ClInclude Include="ForgLib\Base\Widgets\Properties\Widgets\SelectTItem\FrgBase_PrptsWdgSelectTItemI.hxx">
      <Filter>ForgLib\Base\Widgets\Properties\Widgets\SelectTItem</Filter>
    </ClInclude>
    <ClInclude Include="ForgLib\Base\Widgets\Properties\Widgets\SelectTItem\FrgBase_PrptsWdgSelectTItem.hxx">
      <Filter>ForgLib\Base\Widgets\Properties\Widgets\SelectTItem</Filter>
    </ClInclude>
    <ClInclude Include="ForgLib\Base\Widgets\Properties\Variants\SelectTItem\FrgBase_PrptsVrntSelectTItem.hxx">
      <Filter>ForgLib\Base\Widgets\Properties\Variants\SelectTItem</Filter>
    </ClInclude>
    <ClInclude Include="ForgLib\Base\Widgets\Properties\Variants\SelectTItem\FrgBase_PrptsVrntSelectTItemI.hxx">
      <Filter>ForgLib\Base\Widgets\Properties\Variants\SelectTItem</Filter>
    </ClInclude>
    <ClInclude Include="ForgLib\Base\Core\Serialization\Global\FrgBase_Serialization_Global.hxx">
      <Filter>ForgLib\Base\Core\Serialization\Global</Filter>
    </ClInclude>
    <ClInclude Include="ForgLib\Base\Core\Serialization\Specialization\QString\FrgBase_SerialSpec_QString.hxx">
      <Filter>ForgLib\Base\Core\Serialization\Specialization\QString</Filter>
    </ClInclude>
    <ClInclude Include="ForgLib\Base\Core\Serialization\Specialization\QColor\FrgBase_SerialSpec_QColor.hxx">
      <Filter>ForgLib\Base\Core\Serialization\Specialization\QColor</Filter>
    </ClInclude>
    <ClInclude Include="ForgLib\Base\Core\Serialization\Specialization\QTreeWidgetItem\FrgBase_SerialSpec_QTreeWidgetItem.hxx">
      <Filter>ForgLib\Base\Core\Serialization\Specialization\QTreeWidgetItem</Filter>
    </ClInclude>
    <ClInclude Include="ForgLib\Base\Core\Serialization\Specialization\QIcon\FrgBase_SerialSpec_QIcon.hxx">
      <Filter>ForgLib\Base\Core\Serialization\Specialization\QIcon</Filter>
    </ClInclude>
    <ClInclude Include="ForgLib\Base\Core\Serialization\Specialization\QAction\FrgBase_SerialSpec_QAction.hxx">
      <Filter>ForgLib\Base\Core\Serialization\Specialization\QAction</Filter>
    </ClInclude>
    <ClInclude Include="ForgLib\Base\Core\Serialization\Specialization\QMenu\FrgBase_SerialSpec_QMenu.hxx">
      <Filter>ForgLib\Base\Core\Serialization\Specialization\QMenu</Filter>
    </ClInclude>
    <ClInclude Include="ForgLib\Base\Core\Serialization\Specialization\QTableWidget\FrgBase_SerialSpec_QTableWidget.hxx">
      <Filter>ForgLib\Base\Core\Serialization\Specialization\QTableWidget</Filter>
    </ClInclude>
    <ClInclude Include="ForgLib\Base\Core\Serialization\Global\FrgBase_Serialization_IO.hxx">
      <Filter>ForgLib\Base\Core\Serialization\Global</Filter>
    </ClInclude>
    <ClInclude Include="ForgLib\Base\Core\Serialization\Specialization\Tuple\FrgBase_SerialSpec_Tuple.hxx">
      <Filter>ForgLib\Base\Core\Serialization\Specialization\Tuple</Filter>
    </ClInclude>
    <ClInclude Include="ForgLib\Base\Core\Serialization\Specialization\FrgVariant\FrgBase_SerialSpec_FrgVariant.hxx">
      <Filter>ForgLib\Base\Core\Serialization\Specialization\FrgVariant</Filter>
    </ClInclude>
    <ClInclude Include="ForgLib\Base\Core\Serialization\Specialization\QStringList\FrgBase_SerialSpec_QStringList.hxx">
      <Filter>ForgLib\Base\Core\Serialization\Specialization\QStringList</Filter>
    </ClInclude>
    <ClInclude Include="ForgLib\Base\Core\Data Types\Point\Pnt2d\FrgBase_Pnt2dI.hxx">
      <Filter>ForgLib\Base\Core\Data Types\Point\Pnt2d</Filter>
    </ClInclude>
    <ClInclude Include="ForgLib\Base\Core\Data Types\Point\Pnt3d\FrgBase_Pnt3dI.hxx">
      <Filter>ForgLib\Base\Core\Data Types\Point\Pnt3d</Filter>
    </ClInclude>
    <ClInclude Include="ForgLib\Base\Core\Data Types\Point\FrgBase_Pnt.hxx">
      <Filter>ForgLib\Base\Core\Data Types\Point</Filter>
    </ClInclude>
    <ClInclude Include="ForgLib\Base\Core\Data Types\Point\FrgBase_PntI.hxx">
      <Filter>ForgLib\Base\Core\Data Types\Point</Filter>
    </ClInclude>
    <ClInclude Include="ForgLib\Base\Core\Solvers\FullMtx\FrgBase_AbsMtx.hxx">
      <Filter>ForgLib\Base\Core\Solvers\FullMtx</Filter>
    </ClInclude>
    <ClInclude Include="ForgLib\Base\Core\Solvers\FullMtx\FrgBase_FullMtx.hxx">
      <Filter>ForgLib\Base\Core\Solvers\FullMtx</Filter>
    </ClInclude>
    <ClInclude Include="ForgLib\Base\Core\Solvers\FullMtx\FrgBase_Vcr.hxx">
      <Filter>ForgLib\Base\Core\Solvers\FullMtx</Filter>
    </ClInclude>
    <ClInclude Include="ForgLib\Base\Widgets\TreeItem\FrgBase_TreeItemI.hxx">
      <Filter>ForgLib\Base\Widgets\TreeItem</Filter>
    </ClInclude>
    <ClInclude Include="ForgLib\Base\Widgets\Properties\Variants\SelectTItemFromTItem\FrgBase_PrptsVrntSelectTItemFromTItem.hxx">
      <Filter>ForgLib\Base\Widgets\Properties\Variants\SelectTItemFromTItem</Filter>
    </ClInclude>
    <ClInclude Include="ForgLib\Base\Widgets\Properties\Variants\SelectTItemFromTItem\FrgBase_PrptsVrntSelectTItemFromTItemI.hxx">
      <Filter>ForgLib\Base\Widgets\Properties\Variants\SelectTItemFromTItem</Filter>
    </ClInclude>
    <ClInclude Include="ForgLib\Base\Widgets\Properties\Widgets\SelectTItemFromTItem\FrgBase_PrptsWdgSelectTItemFromTItem.hxx">
      <Filter>ForgLib\Base\Widgets\Properties\Widgets\SelectTItemFromTItem</Filter>
    </ClInclude>
    <ClInclude Include="ForgLib\Base\Widgets\Properties\Widgets\SelectTItemFromTItem\Dialog\FrgBase_PrptsWdgSelectTItemFromTItem_Dlg.hxx">
      <Filter>ForgLib\Base\Widgets\Properties\Widgets\SelectTItemFromTItem\Dialog</Filter>
    </ClInclude>
    <ClInclude Include="ForgLib\Base\Widgets\Properties\Widgets\SelectTItemFromTItem\Dialog\FrgBase_PrptsWdgSelectTItemFromTItem_DlgI.hxx">
      <Filter>ForgLib\Base\Widgets\Properties\Widgets\SelectTItemFromTItem\Dialog</Filter>
    </ClInclude>
    <ClInclude Include="ForgLib\Base\Widgets\Properties\Widgets\SelectTItemFromTItem\FrgBase_PrptsWdgSelectTItemFromTItemI.hxx">
      <Filter>ForgLib\Base\Widgets\Properties\Widgets\SelectTItemFromTItem</Filter>
    </ClInclude>
    <ClInclude Include="ForgLib\Base\Widgets\TreeItem\Tools\FrgBase_TreeItemTools.hxx">
      <Filter>ForgLib\Base\Widgets\TreeItem\Tools</Filter>
    </ClInclude>
    <ClInclude Include="ThirdParties\AdvancedDockingSystem\ads\API.h">
      <Filter>ThirdParties\AdvancedDockingSystem\ads</Filter>
    </ClInclude>
    <ClInclude Include="ThirdParties\AdvancedDockingSystem\ads\Internal.h">
      <Filter>ThirdParties\AdvancedDockingSystem\ads</Filter>
    </ClInclude>
    <ClInclude Include="ThirdParties\AdvancedDockingSystem\ads\SectionContent.h">
      <Filter>ThirdParties\AdvancedDockingSystem\ads</Filter>
    </ClInclude>
    <ClInclude Include="ThirdParties\AdvancedDockingSystem\ads\Serialization.h">
      <Filter>ThirdParties\AdvancedDockingSystem\ads</Filter>
    </ClInclude>
    <ClInclude Include="ThirdParties\CodeEditor\include\internal\QHighlightBlockRule.hpp">
      <Filter>ThirdParties\CodeEditor\include\internal</Filter>
    </ClInclude>
    <ClInclude Include="ThirdParties\CodeEditor\include\internal\QHighlightRule.hpp">
      <Filter>ThirdParties\CodeEditor\include\internal</Filter>
    </ClInclude>
    <ClInclude Include="ThirdParties\CodeEditor\include\internal\QStyleSyntaxHighlighter.hpp">
      <Filter>ThirdParties\CodeEditor\include\internal</Filter>
    </ClInclude>
    <ClInclude Include="ForgLib\Base\Core\Data Types\Field\FrgBase_Field.hxx">
      <Filter>ForgLib\Base\Core\Data Types\Field</Filter>
    </ClInclude>
    <ClInclude Include="ForgLib\Base\Core\Data Types\SymbolTable\FrgBase_SymbolTable.hxx">
      <Filter>ForgLib\Base\Core\Data Types\SymbolTable</Filter>
    </ClInclude>
    <ClInclude Include="ForgLib\Base\Core\Data Types\Field\Scalar\FrgBase_ScalarField.hxx">
      <Filter>ForgLib\Base\Core\Data Types\Field\Scalar</Filter>
    </ClInclude>
    <ClInclude Include="ForgLib\Base\Core\Data Types\Field\FrgBase_FieldI.hxx">
      <Filter>ForgLib\Base\Core\Data Types\Field</Filter>
    </ClInclude>
    <ClInclude Include="ForgLib\Base\Core\Data Types\Field\Parser\FrgBase_FieldParser.hxx">
      <Filter>ForgLib\Base\Core\Data Types\Field\Parser</Filter>
    </ClInclude>
    <ClInclude Include="ForgLib\Base\Core\Data Types\Field\Parser\FrgBase_FieldParserI.hxx">
      <Filter>ForgLib\Base\Core\Data Types\Field\Parser</Filter>
    </ClInclude>
    <ClInclude Include="ForgLib\Base\Core\Data Types\SymbolTable\Registry\FrgBase_SymbolTableRegistry.hxx">
      <Filter>ForgLib\Base\Core\Data Types\SymbolTable\Registry</Filter>
    </ClInclude>
    <ClInclude Include="ForgLib\Base\Core\Data Types\Field\Entity\FrgBase_Field_Entity.hxx">
      <Filter>ForgLib\Base\Core\Data Types\Field\Entity</Filter>
    </ClInclude>
    <ClInclude Include="ForgLib\Base\Core\Data Types\Field\Vector\FrgBase_VectorField.hxx">
      <Filter>ForgLib\Base\Core\Data Types\Field\Vector</Filter>
    </ClInclude>
    <ClInclude Include="ForgLib\Base\Core\Data Types\Field\Vector\FrgBase_VectorFieldI.hxx">
      <Filter>ForgLib\Base\Core\Data Types\Field\Vector</Filter>
    </ClInclude>
    <ClInclude Include="ForgLib\Base\Core\Data Types\SymbolTable\FrgBase_SymbolTableI.hxx">
      <Filter>ForgLib\Base\Core\Data Types\SymbolTable</Filter>
    </ClInclude>
    <ClInclude Include="ForgLib\Base\Core\Data Types\Field\Vector\Entity\FrgBase_VectorField_Entity.hxx">
      <Filter>ForgLib\Base\Core\Data Types\Field\Vector\Entity</Filter>
    </ClInclude>
    <ClInclude Include="ForgLib\Base\Core\Data Types\Field\Tools\FrgBase_FieldTools.hxx">
      <Filter>ForgLib\Base\Core\Data Types\Field\Tools</Filter>
    </ClInclude>
    <ClInclude Include="ForgLib\Base\Widgets\Icon\FrgBase_Icon.hxx">
      <Filter>ForgLib\Base\Widgets\Icon</Filter>
    </ClInclude>
    <ClInclude Include="ForgLib\Base\Core\Data Types\SymbolTable\Registries\FrgBase_SymbolTableRegistries.hxx">
      <Filter>ForgLib\Base\Core\Data Types\SymbolTable\Registries</Filter>
    </ClInclude>
    <ClInclude Include="ForgLib\Base\Widgets\Tools\Widgets\FrgBase_ToolsWidgets.hxx">
      <Filter>ForgLib\Base\Widgets\Tools\Widgets</Filter>
    </ClInclude>
    <ClInclude Include="ForgLib\Base\Widgets\Tools\Field\TreeItem\FrgBase_FieldTreeItemWidget.hxx">
      <Filter>ForgLib\Base\Widgets\Tools\Field\TreeItem</Filter>
    </ClInclude>
    <ClInclude Include="ForgLib\Base\Script\FrgBase_Script.hxx">
      <Filter>ForgLib\Base\Script</Filter>
    </ClInclude>
    <ClInclude Include="ForgLib\Base\Widgets\Tools\FrgBase_Tools.hxx">
      <Filter>ForgLib\Base\Widgets\Tools</Filter>
    </ClInclude>
  </ItemGroup>
  <ItemGroup>
    <QtMoc Include="ForgLib\Base\Widgets\Menu\FrgBase_Menu.hxx">
      <Filter>ForgLib\Base\Widgets\Menu</Filter>
    </QtMoc>
    <QtMoc Include="ForgLib\Base\Widgets\TreeItem\FrgBase_TreeItem.hxx">
      <Filter>ForgLib\Base\Widgets\TreeItem</Filter>
    </QtMoc>
    <QtMoc Include="ForgLib\Base\Widgets\Tree\FrgBase_Tree.hxx">
      <Filter>ForgLib\Base\Widgets\Tree</Filter>
    </QtMoc>
    <QtMoc Include="ForgLib\Base\Widgets\Dialogs\FrgBase_Dlg.hxx">
      <Filter>ForgLib\Base\Widgets\Dialogs</Filter>
    </QtMoc>
    <QtMoc Include="ForgLib\Base\Widgets\MainWindow\FrgBase_MainWindow.hxx">
      <Filter>ForgLib\Base\Widgets\MainWindow</Filter>
    </QtMoc>
    <QtMoc Include="ForgLib\Base\Core\Settings\FrgBase_Settings.hxx">
      <Filter>ForgLib\Base\Core\Settings</Filter>
    </QtMoc>
    <QtMoc Include="ForgLib\Base\Core\UndoStack\FrgBase_UndoStack.hxx">
      <Filter>ForgLib\Base\Core\UndoStack</Filter>
    </QtMoc>
    <QtMoc Include="ForgLib\Base\Widgets\Properties\Panel\FrgBase_PropertiesPanel.hxx">
      <Filter>ForgLib\Base\Widgets\Properties\Panel</Filter>
    </QtMoc>
    <QtMoc Include="ForgLib\Base\Widgets\Properties\Editors\Base\FrgBase_PrptsEditorBase.hxx">
      <Filter>ForgLib\Base\Widgets\Properties\Editors\Base</Filter>
    </QtMoc>
    <QtMoc Include="ForgLib\Base\Widgets\Properties\Editors\Double\FrgBase_PrptsEditorDouble.hxx">
      <Filter>ForgLib\Base\Widgets\Properties\Editors\Double</Filter>
    </QtMoc>
    <QtMoc Include="ForgLib\Base\Widgets\Properties\Editors\Int\FrgBase_PrptsEditorInt.hxx">
      <Filter>ForgLib\Base\Widgets\Properties\Editors\Int</Filter>
    </QtMoc>
    <QtMoc Include="ForgLib\Base\Widgets\Properties\Widgets\Int\FrgBase_PrptsWdgInt.hxx">
      <Filter>ForgLib\Base\Widgets\Properties\Widgets\Int</Filter>
    </QtMoc>
    <QtMoc Include="ForgLib\Base\Widgets\Properties\Widgets\Double\FrgBase_PrptsWdgDouble.hxx">
      <Filter>ForgLib\Base\Widgets\Properties\Widgets\Double</Filter>
    </QtMoc>
    <QtMoc Include="ForgLib\Base\Widgets\Properties\Widgets\String\FrgBase_PrptsWdgString.hxx">
      <Filter>ForgLib\Base\Widgets\Properties\Widgets\String</Filter>
    </QtMoc>
    <QtMoc Include="ForgLib\Base\Widgets\Properties\Widgets\Bool\FrgBase_PrptsWdgBool.hxx">
      <Filter>ForgLib\Base\Widgets\Properties\Widgets\Bool</Filter>
    </QtMoc>
    <QtMoc Include="ForgLib\Base\Widgets\Properties\Variants\Int\FrgBase_PrptsVrntInt.hxx">
      <Filter>ForgLib\Base\Widgets\Properties\Variants\Int</Filter>
    </QtMoc>
    <QtMoc Include="ForgLib\Base\Widgets\Properties\Variants\Bool\FrgBase_PrptsVrntBool.hxx">
      <Filter>ForgLib\Base\Widgets\Properties\Variants\Bool</Filter>
    </QtMoc>
    <QtMoc Include="ForgLib\Base\Widgets\Properties\Variants\Double\FrgBase_PrptsVrntDouble.hxx">
      <Filter>ForgLib\Base\Widgets\Properties\Variants\Double</Filter>
    </QtMoc>
    <QtMoc Include="ForgLib\Base\Widgets\Properties\Variants\String\FrgBase_PrptsVrntString.hxx">
      <Filter>ForgLib\Base\Widgets\Properties\Variants\String</Filter>
    </QtMoc>
    <QtMoc Include="ForgLib\Base\Widgets\TabWindow\TabBar\FrgBase_TabBar.hxx">
      <Filter>ForgLib\Base\Widgets\TabWindow\TabBar</Filter>
    </QtMoc>
    <QtMoc Include="ForgLib\Base\Widgets\TabWindow\TabWidget\FrgBase_TabWidget.hxx">
      <Filter>ForgLib\Base\Widgets\TabWindow\TabWidget</Filter>
    </QtMoc>
    <QtMoc Include="ForgLib\Base\Widgets\Dialogs\RenameTItem\FrgBase_DlgRename.hxx">
      <Filter>ForgLib\Base\Widgets\Dialogs\RenameTItem</Filter>
    </QtMoc>
    <QtMoc Include="ForgLib\Base\Widgets\Dialogs\DeleteTItem\FrgBase_DlgDelete.hxx">
      <Filter>ForgLib\Base\Widgets\Dialogs\DeleteTItem</Filter>
    </QtMoc>
    <QtMoc Include="ForgLib\Base\Widgets\Properties\Variants\SelectTItems\FrgBase_PrptsVrntSelectTItems.hxx">
      <Filter>ForgLib\Base\Widgets\Properties\Variants\SelectTItems</Filter>
    </QtMoc>
    <QtMoc Include="ForgLib\Base\Widgets\Properties\Widgets\SelectTItems\FrgBase_PrptsWdgSelectTItems.hxx">
      <Filter>ForgLib\Base\Widgets\Properties\Widgets\SelectTItems</Filter>
    </QtMoc>
    <QtMoc Include="ForgLib\Base\Widgets\Properties\Widgets\SelectTItems\Dialog\FrgBase_PrptsWdgSelectTItems_Dlg.hxx">
      <Filter>ForgLib\Base\Widgets\Properties\Widgets\SelectTItems\Dialog</Filter>
    </QtMoc>
    <QtMoc Include="ForgLib\Base\Widgets\Properties\Widgets\SelectTItems\Tree\FrgBase_PrptsWdgSelectTItems_Tree.hxx">
      <Filter>ForgLib\Base\Widgets\Properties\Widgets\SelectTItems\Tree</Filter>
    </QtMoc>
    <QtMoc Include="ForgLib\Base\Widgets\Properties\Variants\Combo\FrgBase_PrptsVrntCombo.hxx">
      <Filter>ForgLib\Base\Widgets\Properties\Variants\Combo</Filter>
    </QtMoc>
    <QtMoc Include="ForgLib\Base\Widgets\Properties\Widgets\Combo\FrgBase_PrptsWdgCombo.hxx">
      <Filter>ForgLib\Base\Widgets\Properties\Widgets\Combo</Filter>
    </QtMoc>
    <QtMoc Include="ForgLib\Base\Widgets\Properties\Variants\Color\FrgBase_PrptsVrntColor.hxx">
      <Filter>ForgLib\Base\Widgets\Properties\Variants\Color</Filter>
    </QtMoc>
    <QtMoc Include="ForgLib\Base\Widgets\Properties\Widgets\Color\FrgBase_PrptsWdgColor.hxx">
      <Filter>ForgLib\Base\Widgets\Properties\Widgets\Color</Filter>
    </QtMoc>
    <QtMoc Include="ForgLib\Base\Widgets\Properties\Variants\Point\Pnt3d\FrgBase_PrptsVrntPnt3d.hxx">
      <Filter>ForgLib\Base\Widgets\Properties\Variants\Point\Pnt3d</Filter>
    </QtMoc>
    <QtMoc Include="ForgLib\Base\Widgets\Properties\Variants\Point\Pnt2d\FrgBase_PrptsVrntPnt2d.hxx">
      <Filter>ForgLib\Base\Widgets\Properties\Variants\Point\Pnt2d</Filter>
    </QtMoc>
    <QtMoc Include="ForgLib\Base\Widgets\Properties\Widgets\Point\Pnt2d\FrgBase_PrptsWdgPnt2d.hxx">
      <Filter>ForgLib\Base\Widgets\Properties\Widgets\Point\Pnt2d</Filter>
    </QtMoc>
    <QtMoc Include="ForgLib\Base\Widgets\Properties\Widgets\Point\Pnt3d\FrgBase_PrptsWdgPnt3d.hxx">
      <Filter>ForgLib\Base\Widgets\Properties\Widgets\Point\Pnt3d</Filter>
    </QtMoc>
    <QtMoc Include="ForgLib\Base\Widgets\Properties\Widgets\Color\Label\FrgBase_PrptsVrntWdgColor_Label.hxx">
      <Filter>ForgLib\Base\Widgets\Properties\Widgets\Color\Label</Filter>
    </QtMoc>
    <QtMoc Include="ForgLib\Base\Widgets\Properties\Widgets\SelectTItem\Dialog\Base\FrgBase_PrptsWdgSelectTItem_Dlg_Base.hxx">
      <Filter>ForgLib\Base\Widgets\Properties\Widgets\SelectTItem\Dialog\Base</Filter>
    </QtMoc>
    <QtMoc Include="ForgLib\Base\Widgets\Properties\Widgets\SelectTItem\Tree\FrgBase_PrptsWdgSelectTItem_Tree.hxx">
      <Filter>ForgLib\Base\Widgets\Properties\Widgets\SelectTItem\Tree</Filter>
    </QtMoc>
    <QtMoc Include="ForgLib\Base\Widgets\Properties\Widgets\SelectTItem\Base\FrgBase_PrptsWdgSelectTItem_Base.hxx">
      <Filter>ForgLib\Base\Widgets\Properties\Widgets\SelectTItem\Base</Filter>
    </QtMoc>
    <QtMoc Include="ForgLib\Base\Widgets\Properties\Variants\SelectTItem\Base\FrgBase_PrptsVrntSelectTItem_Base.hxx">
      <Filter>ForgLib\Base\Widgets\Properties\Variants\SelectTItem\Base</Filter>
    </QtMoc>
    <QtMoc Include="ForgLib\Base\Widgets\ProgressBar\FrgBase_ProgressBar.hxx">
      <Filter>ForgLib\Base\Widgets\ProgressBar</Filter>
    </QtMoc>
    <QtMoc Include="ForgLib\Base\Core\Thread\FrgBase_Thread.hxx">
      <Filter>ForgLib\Base\Core\Thread</Filter>
    </QtMoc>
    <QtMoc Include="ForgLib\Base\Widgets\Properties\Variants\StringDouble\FrgBase_PrptsVrntStringDouble.hxx">
      <Filter>ForgLib\Base\Widgets\Properties\Variants\StringDouble</Filter>
    </QtMoc>
    <QtMoc Include="ForgLib\Base\Widgets\Properties\Widgets\StringDouble\FrgBase_PrptsWdgStringDouble.hxx">
      <Filter>ForgLib\Base\Widgets\Properties\Widgets\StringDouble</Filter>
    </QtMoc>
    <QtMoc Include="ForgLib\Base\Widgets\Tools\Parameters\FrgBase_ToolsParameters_TItem.hxx">
      <Filter>ForgLib\Base\Widgets\Tools\Parameters</Filter>
    </QtMoc>
    <QtMoc Include="ForgLib\Base\Widgets\Tools\Parameters\Parameter\FrgBase_ToolsParameter_TItem.hxx">
      <Filter>ForgLib\Base\Widgets\Tools\Parameters\Parameter</Filter>
    </QtMoc>
    <QtMoc Include="ForgLib\Base\Widgets\Tools\Parameters\Parameter\Scalar\FrgBase_ToolsParameterScalar_TItem.hxx">
      <Filter>ForgLib\Base\Widgets\Tools\Parameters\Parameter\Scalar</Filter>
    </QtMoc>
    <QtMoc Include="ForgLib\Base\Widgets\Properties\Variants\Field\Scalar\FrgBase_PrptsVrntFieldScalar.hxx">
      <Filter>ForgLib\Base\Widgets\Properties\Variants\Field\Scalar</Filter>
    </QtMoc>
    <QtMoc Include="ForgLib\Base\Widgets\Properties\Variants\Field\Vector\FrgBase_PrptsVrntFieldVector.hxx">
      <Filter>ForgLib\Base\Widgets\Properties\Variants\Field\Vector</Filter>
    </QtMoc>
    <QtMoc Include="ForgLib\Base\Widgets\Properties\Widgets\Field\Scalar\FrgBase_PrptsWdgFieldScalar.hxx">
      <Filter>ForgLib\Base\Widgets\Properties\Widgets\Field\Scalar</Filter>
    </QtMoc>
    <QtMoc Include="ForgLib\Base\Widgets\Properties\Widgets\Field\Dialog\FrgBase_PrptsWdgFieldDialog.hxx">
      <Filter>ForgLib\Base\Widgets\Properties\Widgets\Field\Dialog</Filter>
    </QtMoc>
    <QtMoc Include="ForgLib\Base\Widgets\Properties\Widgets\Field\FrgBase_PrptsWdgField.hxx">
      <Filter>ForgLib\Base\Widgets\Properties\Widgets\Field</Filter>
    </QtMoc>
    <QtMoc Include="ForgLib\Base\Widgets\Properties\Widgets\Field\Vector\FrgBase_PrptsWdgFieldVector.hxx">
      <Filter>ForgLib\Base\Widgets\Properties\Widgets\Field\Vector</Filter>
    </QtMoc>
    <QtMoc Include="ForgLib\Base\Widgets\Tools\Parameters\Parameter\Vector\FrgBase_ToolsParameterVector_TItem.hxx">
      <Filter>ForgLib\Base\Widgets\Tools\Parameters\Parameter\Vector</Filter>
    </QtMoc>
    <QtMoc Include="ForgLib\Base\Widgets\Properties\Variants\SelectPath\FrgBase_PrptsVrntSelectPath.hxx">
      <Filter>ForgLib\Base\Widgets\Properties\Variants\SelectPath</Filter>
    </QtMoc>
    <QtMoc Include="ForgLib\Base\Widgets\Properties\Widgets\SelectPath\FrgBase_PrptsWdgSelectPath.hxx">
      <Filter>ForgLib\Base\Widgets\Properties\Widgets\SelectPath</Filter>
    </QtMoc>
    <QtMoc Include="ForgLib\Base\Widgets\MainWindow\FramelessWindow\FrgBase_FramelessWindow.hxx">
      <Filter>ForgLib\Base\Widgets\MainWindow\FramelessWindow</Filter>
    </QtMoc>
    <QtMoc Include="ForgLib\Base\Widgets\MainWindow\WindowDragger\FrgBase_WindowDragger.hxx">
      <Filter>ForgLib\Base\Widgets\MainWindow\WindowDragger</Filter>
    </QtMoc>
    <QtMoc Include="ForgLib\Base\Widgets\Styles\MenuItemStyle\FrgBase_StylesMenuItemStyle.hxx">
      <Filter>ForgLib\Base\Widgets\Styles\MenuItemStyle</Filter>
    </QtMoc>
    <QtMoc Include="ForgLib\Base\Widgets\Styles\MainStyle\FrgBase_MainStyle.hxx">
      <Filter>ForgLib\Base\Widgets\Styles\MainStyle</Filter>
    </QtMoc>
    <QtMoc Include="ForgLib\Base\Widgets\Properties\Widgets\OneValue\FrgBase_PrptsWdgOneValue.hxx">
      <Filter>ForgLib\Base\Widgets\Properties\Widgets\OneValue</Filter>
    </QtMoc>
    <QtMoc Include="ForgLib\Base\Widgets\Properties\Variants\SelectTItemFromTItem\Base\FrgBase_PrptsVrntSelectTItemFromTItem_Base.hxx">
      <Filter>ForgLib\Base\Widgets\Properties\Variants\SelectTItemFromTItem\Base</Filter>
    </QtMoc>
    <QtMoc Include="ForgLib\Base\Widgets\Properties\Widgets\SelectTItemFromTItem\Base\FrgBase_PrptsWdgSelectTItemFromTItem_Base.hxx">
      <Filter>ForgLib\Base\Widgets\Properties\Widgets\SelectTItemFromTItem\Base</Filter>
    </QtMoc>
    <QtMoc Include="ForgLib\Base\Widgets\Properties\Widgets\SelectTItemFromTItem\Dialog\Base\FrgBase_PrptsWdgSelectTItemFromTItem_Dlg_Base.hxx">
      <Filter>ForgLib\Base\Widgets\Properties\Widgets\SelectTItemFromTItem\Dialog\Base</Filter>
    </QtMoc>
    <QtMoc Include="ForgLib\Base\Widgets\Properties\Widgets\SelectTItemFromTItem\Tree\FrgBase_PrptsWdgSelectTItemFromTItem_Tree.hxx">
      <Filter>ForgLib\Base\Widgets\Properties\Widgets\SelectTItemFromTItem\Tree</Filter>
    </QtMoc>
    <QtMoc Include="ThirdParties\AdvancedDockingSystem\ads\ContainerWidget.h">
      <Filter>ThirdParties\AdvancedDockingSystem\ads</Filter>
    </QtMoc>
    <QtMoc Include="ThirdParties\AdvancedDockingSystem\ads\DropOverlay.h">
      <Filter>ThirdParties\AdvancedDockingSystem\ads</Filter>
    </QtMoc>
    <QtMoc Include="ThirdParties\AdvancedDockingSystem\ads\FloatingWidget.h">
      <Filter>ThirdParties\AdvancedDockingSystem\ads</Filter>
    </QtMoc>
    <QtMoc Include="ThirdParties\AdvancedDockingSystem\ads\icontitlewidget.h">
      <Filter>ThirdParties\AdvancedDockingSystem\ads</Filter>
    </QtMoc>
    <QtMoc Include="ThirdParties\AdvancedDockingSystem\ads\SectionContentWidget.h">
      <Filter>ThirdParties\AdvancedDockingSystem\ads</Filter>
    </QtMoc>
    <QtMoc Include="ThirdParties\AdvancedDockingSystem\ads\SectionTitleWidget.h">
      <Filter>ThirdParties\AdvancedDockingSystem\ads</Filter>
    </QtMoc>
    <QtMoc Include="ThirdParties\AdvancedDockingSystem\ads\SectionWidget.h">
      <Filter>ThirdParties\AdvancedDockingSystem\ads</Filter>
    </QtMoc>
    <QtMoc Include="ThirdParties\CodeEditor\include\internal\QCodeEditor.hpp">
      <Filter>ThirdParties\CodeEditor\include\internal</Filter>
    </QtMoc>
    <QtMoc Include="ThirdParties\CodeEditor\include\internal\QCXXHighlighter.hpp">
      <Filter>ThirdParties\CodeEditor\include\internal</Filter>
    </QtMoc>
    <QtMoc Include="ThirdParties\CodeEditor\include\internal\QExprtkCompleter.hpp">
      <Filter>ThirdParties\CodeEditor\include\internal</Filter>
    </QtMoc>
    <QtMoc Include="ThirdParties\CodeEditor\include\internal\QFramedTextAttribute.hpp">
      <Filter>ThirdParties\CodeEditor\include\internal</Filter>
    </QtMoc>
    <QtMoc Include="ThirdParties\CodeEditor\include\internal\QGLSLCompleter.hpp">
      <Filter>ThirdParties\CodeEditor\include\internal</Filter>
    </QtMoc>
    <QtMoc Include="ThirdParties\CodeEditor\include\internal\QGLSLHighlighter.hpp">
      <Filter>ThirdParties\CodeEditor\include\internal</Filter>
    </QtMoc>
    <QtMoc Include="ThirdParties\CodeEditor\include\internal\QJSONHighlighter.hpp">
      <Filter>ThirdParties\CodeEditor\include\internal</Filter>
    </QtMoc>
    <QtMoc Include="ThirdParties\CodeEditor\include\internal\QLanguage.hpp">
      <Filter>ThirdParties\CodeEditor\include\internal</Filter>
    </QtMoc>
    <QtMoc Include="ThirdParties\CodeEditor\include\internal\QLineNumberArea.hpp">
      <Filter>ThirdParties\CodeEditor\include\internal</Filter>
    </QtMoc>
    <QtMoc Include="ThirdParties\CodeEditor\include\internal\QLuaCompleter.hpp">
      <Filter>ThirdParties\CodeEditor\include\internal</Filter>
    </QtMoc>
    <QtMoc Include="ThirdParties\CodeEditor\include\internal\QLuaHighlighter.hpp">
      <Filter>ThirdParties\CodeEditor\include\internal</Filter>
    </QtMoc>
    <QtMoc Include="ThirdParties\CodeEditor\include\internal\QPythonCompleter.hpp">
      <Filter>ThirdParties\CodeEditor\include\internal</Filter>
    </QtMoc>
    <QtMoc Include="ThirdParties\CodeEditor\include\internal\QPythonHighlighter.hpp">
      <Filter>ThirdParties\CodeEditor\include\internal</Filter>
    </QtMoc>
    <QtMoc Include="ThirdParties\CodeEditor\include\internal\QSyntaxStyle.hpp">
      <Filter>ThirdParties\CodeEditor\include\internal</Filter>
    </QtMoc>
    <QtMoc Include="ThirdParties\CodeEditor\include\internal\QXMLHighlighter.hpp">
      <Filter>ThirdParties\CodeEditor\include\internal</Filter>
    </QtMoc>
    <QtMoc Include="ForgLib\Base\Widgets\Properties\Variants\TextEdit\FrgBase_PrptsVrntTextEdit.hxx">
      <Filter>ForgLib\Base\Widgets\Properties\Variants\TextEdit</Filter>
    </QtMoc>
    <QtMoc Include="ForgLib\Base\Widgets\Properties\Widgets\TextEdit\FrgBase_PrptsWdgTextEdit.hxx">
      <Filter>ForgLib\Base\Widgets\Properties\Widgets\TextEdit</Filter>
    </QtMoc>
    <QtMoc Include="ForgLib\Base\Core\Application\FrgBase_Application.hxx">
      <Filter>ForgLib\Base\Core\Application</Filter>
    </QtMoc>
    <QtMoc Include="ForgLib\Base\Widgets\Menu\Action\FrgBase_MenuAction.hxx">
      <Filter>ForgLib\Base\Widgets\Menu\Action</Filter>
    </QtMoc>
    <QtMoc Include="ForgLib\Base\Widgets\Tools\Field\TextEdit\FrgBase_FieldTextEdit.hxx">
      <Filter>ForgLib\Base\Widgets\Tools\Field\TextEdit</Filter>
    </QtMoc>
    <QtMoc Include="ForgLib\Base\Widgets\Tools\Field\Tree\FrgBase_FieldTreeWidget.hxx">
      <Filter>ForgLib\Base\Widgets\Tools\Field\Tree</Filter>
    </QtMoc>
    <QtMoc Include="ForgLib\Base\Widgets\Tools\Field\Dialog\FrgBase_FieldDialog.hxx">
      <Filter>ForgLib\Base\Widgets\Tools\Field\Dialog</Filter>
    </QtMoc>
    <QtMoc Include="ForgLib\Base\Widgets\Tools\Field\Functions\FrgBase_FieldFunctionsTreeWidget.hxx">
      <Filter>ForgLib\Base\Widgets\Tools\Field\Functions</Filter>
    </QtMoc>
  </ItemGroup>
  <ItemGroup>
    <QtRcc Include="Resources\ForgGuiResources.qrc">
      <Filter>Resource Files</Filter>
    </QtRcc>
  </ItemGroup>
  <ItemGroup>
    <None Include="ThirdParties\CodeEditor\include\QCodeEditor">
      <Filter>ThirdParties\CodeEditor\include</Filter>
    </None>
    <None Include="ThirdParties\CodeEditor\include\QCXXHighlighter">
      <Filter>ThirdParties\CodeEditor\include</Filter>
    </None>
    <None Include="ThirdParties\CodeEditor\include\QExprtkCompleter">
      <Filter>ThirdParties\CodeEditor\include</Filter>
    </None>
    <None Include="ThirdParties\CodeEditor\include\QFramedTextAttribute">
      <Filter>ThirdParties\CodeEditor\include</Filter>
    </None>
    <None Include="ThirdParties\CodeEditor\include\QGLSLCompleter">
      <Filter>ThirdParties\CodeEditor\include</Filter>
    </None>
    <None Include="ThirdParties\CodeEditor\include\QGLSLHighlighter">
      <Filter>ThirdParties\CodeEditor\include</Filter>
    </None>
    <None Include="ThirdParties\CodeEditor\include\QHighlightBlockRule">
      <Filter>ThirdParties\CodeEditor\include</Filter>
    </None>
    <None Include="ThirdParties\CodeEditor\include\QHighlightRule">
      <Filter>ThirdParties\CodeEditor\include</Filter>
    </None>
    <None Include="ThirdParties\CodeEditor\include\QJSONHighlighter">
      <Filter>ThirdParties\CodeEditor\include</Filter>
    </None>
    <None Include="ThirdParties\CodeEditor\include\QLanguage">
      <Filter>ThirdParties\CodeEditor\include</Filter>
    </None>
    <None Include="ThirdParties\CodeEditor\include\QLineNumberArea">
      <Filter>ThirdParties\CodeEditor\include</Filter>
    </None>
    <None Include="ThirdParties\CodeEditor\include\QLuaCompleter">
      <Filter>ThirdParties\CodeEditor\include</Filter>
    </None>
    <None Include="ThirdParties\CodeEditor\include\QLuaHighlighter">
      <Filter>ThirdParties\CodeEditor\include</Filter>
    </None>
    <None Include="ThirdParties\CodeEditor\include\QPythonCompleter">
      <Filter>ThirdParties\CodeEditor\include</Filter>
    </None>
    <None Include="ThirdParties\CodeEditor\include\QPythonHighlighter">
      <Filter>ThirdParties\CodeEditor\include</Filter>
    </None>
    <None Include="ThirdParties\CodeEditor\include\QStyleSyntaxHighlighter">
      <Filter>ThirdParties\CodeEditor\include</Filter>
    </None>
    <None Include="ThirdParties\CodeEditor\include\QSyntaxStyle">
      <Filter>ThirdParties\CodeEditor\include</Filter>
    </None>
    <None Include="ThirdParties\CodeEditor\include\QXMLHighlighter">
      <Filter>ThirdParties\CodeEditor\include</Filter>
    </None>
  </ItemGroup>
</Project>